
Microsoft Visual Studio Solution File, Format Version 12.00
# Visual Studio Version 17
VisualStudioVersion = 17.0.31903.59
MinimumVisualStudioVersion = 10.0.40219.1
Project("{FAE04EC0-301F-11D3-BF4B-00C04F79EFBC}") = "Synergos.Core", "Synergos.Core\Synergos.Core.csproj", "{3F91A5A1-6D01-4AF9-BA75-2E605215A147}"
EndProject
Project("{FAE04EC0-301F-11D3-BF4B-00C04F79EFBC}") = "Synergos.Shared", "Synergos.Shared\Synergos.Shared.csproj", "{E360F06D-3FA8-4A97-8702-93A403FCCCE7}"
EndProject
Project("{FAE04EC0-301F-11D3-BF4B-00C04F79EFBC}") = "Synergos.Api.Audit", "Synergos.Api.Audit\Synergos.Api.Audit.csproj", "{B773316C-DF25-4DF7-98B0-9C7C12E3C190}"
EndProject
Project("{FAE04EC0-301F-11D3-BF4B-00C04F79EFBC}") = "Synergos.Api.Booking", "Synergos.Api.Booking\Synergos.Api.Booking.csproj", "{F2C01F6F-E3DB-4658-BF12-7A2C261AB90C}"
EndProject
Project("{FAE04EC0-301F-11D3-BF4B-00C04F79EFBC}") = "Synergos.Api.Cart", "Synergos.Api.Cart\Synergos.Api.Cart.csproj", "{6EBF6B64-B958-4AC6-B7AC-B29ABF8DF069}"
EndProject
Project("{FAE04EC0-301F-11D3-BF4B-00C04F79EFBC}") = "Synergos.Api.Catalog", "Synergos.Api.Catalog\Synergos.Api.Catalog.csproj", "{D411595D-DD85-4F66-A99D-DDE53C7E71DC}"
EndProject
Project("{FAE04EC0-301F-11D3-BF4B-00C04F79EFBC}") = "Synergos.Api.Consent", "Synergos.Api.Consent\Synergos.Api.Consent.csproj", "{159F2571-7A36-4422-80F5-30A3CC4D2E31}"
EndProject
Project("{FAE04EC0-301F-11D3-BF4B-00C04F79EFBC}") = "Synergos.Api.Documents", "Synergos.Api.Documents\Synergos.Api.Documents.csproj", "{C76ECFAB-E61E-4D20-9D87-C4C1BA3D5369}"
EndProject
Project("{FAE04EC0-301F-11D3-BF4B-00C04F79EFBC}") = "Synergos.Api.Engagement", "Synergos.Api.Engagement\Synergos.Api.Engagement.csproj", "{209D5D3F-4E8E-4291-8220-2AB4D1D2A148}"
EndProject
Project("{FAE04EC0-301F-11D3-BF4B-00C04F79EFBC}") = "Synergos.Api.Fulfillment", "Synergos.Api.Fulfillment\Synergos.Api.Fulfillment.csproj", "{15FAEBC6-2FF8-46AA-9383-028E5CC45050}"
EndProject
Project("{FAE04EC0-301F-11D3-BF4B-00C04F79EFBC}") = "Synergos.Api.Geo", "Synergos.Api.Geo\Synergos.Api.Geo.csproj", "{0F77F72C-DC08-44DF-95D2-336BA1000AA8}"
EndProject
Project("{FAE04EC0-301F-11D3-BF4B-00C04F79EFBC}") = "Synergos.Api.Identity", "Synergos.Api.Identity\Synergos.Api.Identity.csproj", "{6CFD42FC-74F3-4A0A-A8A7-79FCA07B1181}"
EndProject
Project("{FAE04EC0-301F-11D3-BF4B-00C04F79EFBC}") = "Synergos.Api.Inventory", "Synergos.Api.Inventory\Synergos.Api.Inventory.csproj", "{F46AFDAC-606D-4672-8F88-EFE992743D05}"
EndProject
Project("{FAE04EC0-301F-11D3-BF4B-00C04F79EFBC}") = "Synergos.Api.Messaging", "Synergos.Api.Messaging\Synergos.Api.Messaging.csproj", "{8F20F6ED-2062-4E9C-8E0C-ECBD21B1FF72}"
EndProject
Project("{FAE04EC0-301F-11D3-BF4B-00C04F79EFBC}") = "Synergos.Api.Moderation", "Synergos.Api.Moderation\Synergos.Api.Moderation.csproj", "{A96F7393-64D2-4151-83D5-33E555AF797B}"
EndProject
Project("{FAE04EC0-301F-11D3-BF4B-00C04F79EFBC}") = "Synergos.Api.Notifications", "Synergos.Api.Notifications\Synergos.Api.Notifications.csproj", "{C25B666D-1271-452B-9200-A69B75FA7640}"
EndProject
Project("{FAE04EC0-301F-11D3-BF4B-00C04F79EFBC}") = "Synergos.Api.Orders", "Synergos.Api.Orders\Synergos.Api.Orders.csproj", "{3A853557-A610-4D7F-8B28-6DBA077C250A}"
EndProject
Project("{FAE04EC0-301F-11D3-BF4B-00C04F79EFBC}") = "Synergos.Api.Payments", "Synergos.Api.Payments\Synergos.Api.Payments.csproj", "{D101E420-8A9E-47B4-B25C-548126BA8B7F}"
EndProject
Project("{FAE04EC0-301F-11D3-BF4B-00C04F79EFBC}") = "Synergos.Api.Pricing", "Synergos.Api.Pricing\Synergos.Api.Pricing.csproj", "{F9723179-B243-4DB3-BAB4-7CA8FE3CA11C}"
EndProject
Project("{FAE04EC0-301F-11D3-BF4B-00C04F79EFBC}") = "Synergos.Api.Sessions", "Synergos.Api.Sessions\Synergos.Api.Sessions.csproj", "{B2512918-8746-44CE-9DA3-DA2057A7825A}"
EndProject
Project("{FAE04EC0-301F-11D3-BF4B-00C04F79EFBC}") = "Synergos.Api.Signing", "Synergos.Api.Signing\Synergos.Api.Signing.csproj", "{CF7B97C5-B302-4A70-B330-523B80B9A016}"
EndProject
Project("{FAE04EC0-301F-11D3-BF4B-00C04F79EFBC}") = "Synergos.Api.Workflow", "Synergos.Api.Workflow\Synergos.Api.Workflow.csproj", "{A4ED2A89-DC9B-40F0-AD58-DE8664EC22C5}"
EndProject
Global
	GlobalSection(SolutionConfigurationPlatforms) = preSolution
		Debug|Any CPU = Debug|Any CPU
		Debug|x64 = Debug|x64
		Debug|x86 = Debug|x86
		Release|Any CPU = Release|Any CPU
		Release|x64 = Release|x64
		Release|x86 = Release|x86
	EndGlobalSection
	GlobalSection(ProjectConfigurationPlatforms) = postSolution
		{3F91A5A1-6D01-4AF9-BA75-2E605215A147}.Debug|Any CPU.ActiveCfg = Debug|Any CPU
		{3F91A5A1-6D01-4AF9-BA75-2E605215A147}.Debug|Any CPU.Build.0 = Debug|Any CPU
		{3F91A5A1-6D01-4AF9-BA75-2E605215A147}.Debug|x64.ActiveCfg = Debug|Any CPU
		{3F91A5A1-6D01-4AF9-BA75-2E605215A147}.Debug|x64.Build.0 = Debug|Any CPU
		{3F91A5A1-6D01-4AF9-BA75-2E605215A147}.Debug|x86.ActiveCfg = Debug|Any CPU
		{3F91A5A1-6D01-4AF9-BA75-2E605215A147}.Debug|x86.Build.0 = Debug|Any CPU
		{3F91A5A1-6D01-4AF9-BA75-2E605215A147}.Release|Any CPU.ActiveCfg = Release|Any CPU
		{3F91A5A1-6D01-4AF9-BA75-2E605215A147}.Release|Any CPU.Build.0 = Release|Any CPU
		{3F91A5A1-6D01-4AF9-BA75-2E605215A147}.Release|x64.ActiveCfg = Release|Any CPU
		{3F91A5A1-6D01-4AF9-BA75-2E605215A147}.Release|x64.Build.0 = Release|Any CPU
		{3F91A5A1-6D01-4AF9-BA75-2E605215A147}.Release|x86.ActiveCfg = Release|Any CPU
		{3F91A5A1-6D01-4AF9-BA75-2E605215A147}.Release|x86.Build.0 = Release|Any CPU
		{E360F06D-3FA8-4A97-8702-93A403FCCCE7}.Debug|Any CPU.ActiveCfg = Debug|Any CPU
		{E360F06D-3FA8-4A97-8702-93A403FCCCE7}.Debug|Any CPU.Build.0 = Debug|Any CPU
		{E360F06D-3FA8-4A97-8702-93A403FCCCE7}.Debug|x64.ActiveCfg = Debug|Any CPU
		{E360F06D-3FA8-4A97-8702-93A403FCCCE7}.Debug|x64.Build.0 = Debug|Any CPU
		{E360F06D-3FA8-4A97-8702-93A403FCCCE7}.Debug|x86.ActiveCfg = Debug|Any CPU
		{E360F06D-3FA8-4A97-8702-93A403FCCCE7}.Debug|x86.Build.0 = Debug|Any CPU
		{E360F06D-3FA8-4A97-8702-93A403FCCCE7}.Release|Any CPU.ActiveCfg = Release|Any CPU
		{E360F06D-3FA8-4A97-8702-93A403FCCCE7}.Release|Any CPU.Build.0 = Release|Any CPU
		{E360F06D-3FA8-4A97-8702-93A403FCCCE7}.Release|x64.ActiveCfg = Release|Any CPU
		{E360F06D-3FA8-4A97-8702-93A403FCCCE7}.Release|x64.Build.0 = Release|Any CPU
		{E360F06D-3FA8-4A97-8702-93A403FCCCE7}.Release|x86.ActiveCfg = Release|Any CPU
		{E360F06D-3FA8-4A97-8702-93A403FCCCE7}.Release|x86.Build.0 = Release|Any CPU
		{B773316C-DF25-4DF7-98B0-9C7C12E3C190}.Debug|Any CPU.ActiveCfg = Debug|Any CPU
		{B773316C-DF25-4DF7-98B0-9C7C12E3C190}.Debug|Any CPU.Build.0 = Debug|Any CPU
		{B773316C-DF25-4DF7-98B0-9C7C12E3C190}.Debug|x64.ActiveCfg = Debug|Any CPU
		{B773316C-DF25-4DF7-98B0-9C7C12E3C190}.Debug|x64.Build.0 = Debug|Any CPU
		{B773316C-DF25-4DF7-98B0-9C7C12E3C190}.Debug|x86.ActiveCfg = Debug|Any CPU
		{B773316C-DF25-4DF7-98B0-9C7C12E3C190}.Debug|x86.Build.0 = Debug|Any CPU
		{B773316C-DF25-4DF7-98B0-9C7C12E3C190}.Release|Any CPU.ActiveCfg = Release|Any CPU
		{B773316C-DF25-4DF7-98B0-9C7C12E3C190}.Release|Any CPU.Build.0 = Release|Any CPU
		{B773316C-DF25-4DF7-98B0-9C7C12E3C190}.Release|x64.ActiveCfg = Release|Any CPU
		{B773316C-DF25-4DF7-98B0-9C7C12E3C190}.Release|x64.Build.0 = Release|Any CPU
		{B773316C-DF25-4DF7-98B0-9C7C12E3C190}.Release|x86.ActiveCfg = Release|Any CPU
		{B773316C-DF25-4DF7-98B0-9C7C12E3C190}.Release|x86.Build.0 = Release|Any CPU
		{F2C01F6F-E3DB-4658-BF12-7A2C261AB90C}.Debug|Any CPU.ActiveCfg = Debug|Any CPU
		{F2C01F6F-E3DB-4658-BF12-7A2C261AB90C}.Debug|Any CPU.Build.0 = Debug|Any CPU
		{F2C01F6F-E3DB-4658-BF12-7A2C261AB90C}.Debug|x64.ActiveCfg = Debug|Any CPU
		{F2C01F6F-E3DB-4658-BF12-7A2C261AB90C}.Debug|x64.Build.0 = Debug|Any CPU
		{F2C01F6F-E3DB-4658-BF12-7A2C261AB90C}.Debug|x86.ActiveCfg = Debug|Any CPU
		{F2C01F6F-E3DB-4658-BF12-7A2C261AB90C}.Debug|x86.Build.0 = Debug|Any CPU
		{F2C01F6F-E3DB-4658-BF12-7A2C261AB90C}.Release|Any CPU.ActiveCfg = Release|Any CPU
		{F2C01F6F-E3DB-4658-BF12-7A2C261AB90C}.Release|Any CPU.Build.0 = Release|Any CPU
		{F2C01F6F-E3DB-4658-BF12-7A2C261AB90C}.Release|x64.ActiveCfg = Release|Any CPU
		{F2C01F6F-E3DB-4658-BF12-7A2C261AB90C}.Release|x64.Build.0 = Release|Any CPU
		{F2C01F6F-E3DB-4658-BF12-7A2C261AB90C}.Release|x86.ActiveCfg = Release|Any CPU
		{F2C01F6F-E3DB-4658-BF12-7A2C261AB90C}.Release|x86.Build.0 = Release|Any CPU
		{6EBF6B64-B958-4AC6-B7AC-B29ABF8DF069}.Debug|Any CPU.ActiveCfg = Debug|Any CPU
		{6EBF6B64-B958-4AC6-B7AC-B29ABF8DF069}.Debug|Any CPU.Build.0 = Debug|Any CPU
		{6EBF6B64-B958-4AC6-B7AC-B29ABF8DF069}.Debug|x64.ActiveCfg = Debug|Any CPU
		{6EBF6B64-B958-4AC6-B7AC-B29ABF8DF069}.Debug|x64.Build.0 = Debug|Any CPU
		{6EBF6B64-B958-4AC6-B7AC-B29ABF8DF069}.Debug|x86.ActiveCfg = Debug|Any CPU
		{6EBF6B64-B958-4AC6-B7AC-B29ABF8DF069}.Debug|x86.Build.0 = Debug|Any CPU
		{6EBF6B64-B958-4AC6-B7AC-B29ABF8DF069}.Release|Any CPU.ActiveCfg = Release|Any CPU
		{6EBF6B64-B958-4AC6-B7AC-B29ABF8DF069}.Release|Any CPU.Build.0 = Release|Any CPU
		{6EBF6B64-B958-4AC6-B7AC-B29ABF8DF069}.Release|x64.ActiveCfg = Release|Any CPU
		{6EBF6B64-B958-4AC6-B7AC-B29ABF8DF069}.Release|x64.Build.0 = Release|Any CPU
		{6EBF6B64-B958-4AC6-B7AC-B29ABF8DF069}.Release|x86.ActiveCfg = Release|Any CPU
		{6EBF6B64-B958-4AC6-B7AC-B29ABF8DF069}.Release|x86.Build.0 = Release|Any CPU
		{D411595D-DD85-4F66-A99D-DDE53C7E71DC}.Debug|Any CPU.ActiveCfg = Debug|Any CPU
		{D411595D-DD85-4F66-A99D-DDE53C7E71DC}.Debug|Any CPU.Build.0 = Debug|Any CPU
		{D411595D-DD85-4F66-A99D-DDE53C7E71DC}.Debug|x64.ActiveCfg = Debug|Any CPU
		{D411595D-DD85-4F66-A99D-DDE53C7E71DC}.Debug|x64.Build.0 = Debug|Any CPU
		{D411595D-DD85-4F66-A99D-DDE53C7E71DC}.Debug|x86.ActiveCfg = Debug|Any CPU
		{D411595D-DD85-4F66-A99D-DDE53C7E71DC}.Debug|x86.Build.0 = Debug|Any CPU
		{D411595D-DD85-4F66-A99D-DDE53C7E71DC}.Release|Any CPU.ActiveCfg = Release|Any CPU
		{D411595D-DD85-4F66-A99D-DDE53C7E71DC}.Release|Any CPU.Build.0 = Release|Any CPU
		{D411595D-DD85-4F66-A99D-DDE53C7E71DC}.Release|x64.ActiveCfg = Release|Any CPU
		{D411595D-DD85-4F66-A99D-DDE53C7E71DC}.Release|x64.Build.0 = Release|Any CPU
		{D411595D-DD85-4F66-A99D-DDE53C7E71DC}.Release|x86.ActiveCfg = Release|Any CPU
		{D411595D-DD85-4F66-A99D-DDE53C7E71DC}.Release|x86.Build.0 = Release|Any CPU
		{159F2571-7A36-4422-80F5-30A3CC4D2E31}.Debug|Any CPU.ActiveCfg = Debug|Any CPU
		{159F2571-7A36-4422-80F5-30A3CC4D2E31}.Debug|Any CPU.Build.0 = Debug|Any CPU
		{159F2571-7A36-4422-80F5-30A3CC4D2E31}.Debug|x64.ActiveCfg = Debug|Any CPU
		{159F2571-7A36-4422-80F5-30A3CC4D2E31}.Debug|x64.Build.0 = Debug|Any CPU
		{159F2571-7A36-4422-80F5-30A3CC4D2E31}.Debug|x86.ActiveCfg = Debug|Any CPU
		{159F2571-7A36-4422-80F5-30A3CC4D2E31}.Debug|x86.Build.0 = Debug|Any CPU
		{159F2571-7A36-4422-80F5-30A3CC4D2E31}.Release|Any CPU.ActiveCfg = Release|Any CPU
		{159F2571-7A36-4422-80F5-30A3CC4D2E31}.Release|Any CPU.Build.0 = Release|Any CPU
		{159F2571-7A36-4422-80F5-30A3CC4D2E31}.Release|x64.ActiveCfg = Release|Any CPU
		{159F2571-7A36-4422-80F5-30A3CC4D2E31}.Release|x64.Build.0 = Release|Any CPU
		{159F2571-7A36-4422-80F5-30A3CC4D2E31}.Release|x86.ActiveCfg = Release|Any CPU
		{159F2571-7A36-4422-80F5-30A3CC4D2E31}.Release|x86.Build.0 = Release|Any CPU
		{C76ECFAB-E61E-4D20-9D87-C4C1BA3D5369}.Debug|Any CPU.ActiveCfg = Debug|Any CPU
		{C76ECFAB-E61E-4D20-9D87-C4C1BA3D5369}.Debug|Any CPU.Build.0 = Debug|Any CPU
		{C76ECFAB-E61E-4D20-9D87-C4C1BA3D5369}.Debug|x64.ActiveCfg = Debug|Any CPU
		{C76ECFAB-E61E-4D20-9D87-C4C1BA3D5369}.Debug|x64.Build.0 = Debug|Any CPU
		{C76ECFAB-E61E-4D20-9D87-C4C1BA3D5369}.Debug|x86.ActiveCfg = Debug|Any CPU
		{C76ECFAB-E61E-4D20-9D87-C4C1BA3D5369}.Debug|x86.Build.0 = Debug|Any CPU
		{C76ECFAB-E61E-4D20-9D87-C4C1BA3D5369}.Release|Any CPU.ActiveCfg = Release|Any CPU
		{C76ECFAB-E61E-4D20-9D87-C4C1BA3D5369}.Release|Any CPU.Build.0 = Release|Any CPU
		{C76ECFAB-E61E-4D20-9D87-C4C1BA3D5369}.Release|x64.ActiveCfg = Release|Any CPU
		{C76ECFAB-E61E-4D20-9D87-C4C1BA3D5369}.Release|x64.Build.0 = Release|Any CPU
		{C76ECFAB-E61E-4D20-9D87-C4C1BA3D5369}.Release|x86.ActiveCfg = Release|Any CPU
		{C76ECFAB-E61E-4D20-9D87-C4C1BA3D5369}.Release|x86.Build.0 = Release|Any CPU
		{209D5D3F-4E8E-4291-8220-2AB4D1D2A148}.Debug|Any CPU.ActiveCfg = Debug|Any CPU
		{209D5D3F-4E8E-4291-8220-2AB4D1D2A148}.Debug|Any CPU.Build.0 = Debug|Any CPU
		{209D5D3F-4E8E-4291-8220-2AB4D1D2A148}.Debug|x64.ActiveCfg = Debug|Any CPU
		{209D5D3F-4E8E-4291-8220-2AB4D1D2A148}.Debug|x64.Build.0 = Debug|Any CPU
		{209D5D3F-4E8E-4291-8220-2AB4D1D2A148}.Debug|x86.ActiveCfg = Debug|Any CPU
		{209D5D3F-4E8E-4291-8220-2AB4D1D2A148}.Debug|x86.Build.0 = Debug|Any CPU
		{209D5D3F-4E8E-4291-8220-2AB4D1D2A148}.Release|Any CPU.ActiveCfg = Release|Any CPU
		{209D5D3F-4E8E-4291-8220-2AB4D1D2A148}.Release|Any CPU.Build.0 = Release|Any CPU
		{209D5D3F-4E8E-4291-8220-2AB4D1D2A148}.Release|x64.ActiveCfg = Release|Any CPU
		{209D5D3F-4E8E-4291-8220-2AB4D1D2A148}.Release|x64.Build.0 = Release|Any CPU
		{209D5D3F-4E8E-4291-8220-2AB4D1D2A148}.Release|x86.ActiveCfg = Release|Any CPU
		{209D5D3F-4E8E-4291-8220-2AB4D1D2A148}.Release|x86.Build.0 = Release|Any CPU
		{15FAEBC6-2FF8-46AA-9383-028E5CC45050}.Debug|Any CPU.ActiveCfg = Debug|Any CPU
		{15FAEBC6-2FF8-46AA-9383-028E5CC45050}.Debug|Any CPU.Build.0 = Debug|Any CPU
		{15FAEBC6-2FF8-46AA-9383-028E5CC45050}.Debug|x64.ActiveCfg = Debug|Any CPU
		{15FAEBC6-2FF8-46AA-9383-028E5CC45050}.Debug|x64.Build.0 = Debug|Any CPU
		{15FAEBC6-2FF8-46AA-9383-028E5CC45050}.Debug|x86.ActiveCfg = Debug|Any CPU
		{15FAEBC6-2FF8-46AA-9383-028E5CC45050}.Debug|x86.Build.0 = Debug|Any CPU
		{15FAEBC6-2FF8-46AA-9383-028E5CC45050}.Release|Any CPU.ActiveCfg = Release|Any CPU
		{15FAEBC6-2FF8-46AA-9383-028E5CC45050}.Release|Any CPU.Build.0 = Release|Any CPU
		{15FAEBC6-2FF8-46AA-9383-028E5CC45050}.Release|x64.ActiveCfg = Release|Any CPU
		{15FAEBC6-2FF8-46AA-9383-028E5CC45050}.Release|x64.Build.0 = Release|Any CPU
		{15FAEBC6-2FF8-46AA-9383-028E5CC45050}.Release|x86.ActiveCfg = Release|Any CPU
		{15FAEBC6-2FF8-46AA-9383-028E5CC45050}.Release|x86.Build.0 = Release|Any CPU
		{0F77F72C-DC08-44DF-95D2-336BA1000AA8}.Debug|Any CPU.ActiveCfg = Debug|Any CPU
		{0F77F72C-DC08-44DF-95D2-336BA1000AA8}.Debug|Any CPU.Build.0 = Debug|Any CPU
		{0F77F72C-DC08-44DF-95D2-336BA1000AA8}.Debug|x64.ActiveCfg = Debug|Any CPU
		{0F77F72C-DC08-44DF-95D2-336BA1000AA8}.Debug|x64.Build.0 = Debug|Any CPU
		{0F77F72C-DC08-44DF-95D2-336BA1000AA8}.Debug|x86.ActiveCfg = Debug|Any CPU
		{0F77F72C-DC08-44DF-95D2-336BA1000AA8}.Debug|x86.Build.0 = Debug|Any CPU
		{0F77F72C-DC08-44DF-95D2-336BA1000AA8}.Release|Any CPU.ActiveCfg = Release|Any CPU
		{0F77F72C-DC08-44DF-95D2-336BA1000AA8}.Release|Any CPU.Build.0 = Release|Any CPU
		{0F77F72C-DC08-44DF-95D2-336BA1000AA8}.Release|x64.ActiveCfg = Release|Any CPU
		{0F77F72C-DC08-44DF-95D2-336BA1000AA8}.Release|x64.Build.0 = Release|Any CPU
		{0F77F72C-DC08-44DF-95D2-336BA1000AA8}.Release|x86.ActiveCfg = Release|Any CPU
		{0F77F72C-DC08-44DF-95D2-336BA1000AA8}.Release|x86.Build.0 = Release|Any CPU
		{6CFD42FC-74F3-4A0A-A8A7-79FCA07B1181}.Debug|Any CPU.ActiveCfg = Debug|Any CPU
		{6CFD42FC-74F3-4A0A-A8A7-79FCA07B1181}.Debug|Any CPU.Build.0 = Debug|Any CPU
		{6CFD42FC-74F3-4A0A-A8A7-79FCA07B1181}.Debug|x64.ActiveCfg = Debug|Any CPU
		{6CFD42FC-74F3-4A0A-A8A7-79FCA07B1181}.Debug|x64.Build.0 = Debug|Any CPU
		{6CFD42FC-74F3-4A0A-A8A7-79FCA07B1181}.Debug|x86.ActiveCfg = Debug|Any CPU
		{6CFD42FC-74F3-4A0A-A8A7-79FCA07B1181}.Debug|x86.Build.0 = Debug|Any CPU
		{6CFD42FC-74F3-4A0A-A8A7-79FCA07B1181}.Release|Any CPU.ActiveCfg = Release|Any CPU
		{6CFD42FC-74F3-4A0A-A8A7-79FCA07B1181}.Release|Any CPU.Build.0 = Release|Any CPU
		{6CFD42FC-74F3-4A0A-A8A7-79FCA07B1181}.Release|x64.ActiveCfg = Release|Any CPU
		{6CFD42FC-74F3-4A0A-A8A7-79FCA07B1181}.Release|x64.Build.0 = Release|Any CPU
		{6CFD42FC-74F3-4A0A-A8A7-79FCA07B1181}.Release|x86.ActiveCfg = Release|Any CPU
		{6CFD42FC-74F3-4A0A-A8A7-79FCA07B1181}.Release|x86.Build.0 = Release|Any CPU
		{F46AFDAC-606D-4672-8F88-EFE992743D05}.Debug|Any CPU.ActiveCfg = Debug|Any CPU
		{F46AFDAC-606D-4672-8F88-EFE992743D05}.Debug|Any CPU.Build.0 = Debug|Any CPU
		{F46AFDAC-606D-4672-8F88-EFE992743D05}.Debug|x64.ActiveCfg = Debug|Any CPU
		{F46AFDAC-606D-4672-8F88-EFE992743D05}.Debug|x64.Build.0 = Debug|Any CPU
		{F46AFDAC-606D-4672-8F88-EFE992743D05}.Debug|x86.ActiveCfg = Debug|Any CPU
		{F46AFDAC-606D-4672-8F88-EFE992743D05}.Debug|x86.Build.0 = Debug|Any CPU
		{F46AFDAC-606D-4672-8F88-EFE992743D05}.Release|Any CPU.ActiveCfg = Release|Any CPU
		{F46AFDAC-606D-4672-8F88-EFE992743D05}.Release|Any CPU.Build.0 = Release|Any CPU
		{F46AFDAC-606D-4672-8F88-EFE992743D05}.Release|x64.ActiveCfg = Release|Any CPU
		{F46AFDAC-606D-4672-8F88-EFE992743D05}.Release|x64.Build.0 = Release|Any CPU
		{F46AFDAC-606D-4672-8F88-EFE992743D05}.Release|x86.ActiveCfg = Release|Any CPU
		{F46AFDAC-606D-4672-8F88-EFE992743D05}.Release|x86.Build.0 = Release|Any CPU
		{8F20F6ED-2062-4E9C-8E0C-ECBD21B1FF72}.Debug|Any CPU.ActiveCfg = Debug|Any CPU
		{8F20F6ED-2062-4E9C-8E0C-ECBD21B1FF72}.Debug|Any CPU.Build.0 = Debug|Any CPU
		{8F20F6ED-2062-4E9C-8E0C-ECBD21B1FF72}.Debug|x64.ActiveCfg = Debug|Any CPU
		{8F20F6ED-2062-4E9C-8E0C-ECBD21B1FF72}.Debug|x64.Build.0 = Debug|Any CPU
		{8F20F6ED-2062-4E9C-8E0C-ECBD21B1FF72}.Debug|x86.ActiveCfg = Debug|Any CPU
		{8F20F6ED-2062-4E9C-8E0C-ECBD21B1FF72}.Debug|x86.Build.0 = Debug|Any CPU
		{8F20F6ED-2062-4E9C-8E0C-ECBD21B1FF72}.Release|Any CPU.ActiveCfg = Release|Any CPU
		{8F20F6ED-2062-4E9C-8E0C-ECBD21B1FF72}.Release|Any CPU.Build.0 = Release|Any CPU
		{8F20F6ED-2062-4E9C-8E0C-ECBD21B1FF72}.Release|x64.ActiveCfg = Release|Any CPU
		{8F20F6ED-2062-4E9C-8E0C-ECBD21B1FF72}.Release|x64.Build.0 = Release|Any CPU
		{8F20F6ED-2062-4E9C-8E0C-ECBD21B1FF72}.Release|x86.ActiveCfg = Release|Any CPU
		{8F20F6ED-2062-4E9C-8E0C-ECBD21B1FF72}.Release|x86.Build.0 = Release|Any CPU
		{A96F7393-64D2-4151-83D5-33E555AF797B}.Debug|Any CPU.ActiveCfg = Debug|Any CPU
		{A96F7393-64D2-4151-83D5-33E555AF797B}.Debug|Any CPU.Build.0 = Debug|Any CPU
		{A96F7393-64D2-4151-83D5-33E555AF797B}.Debug|x64.ActiveCfg = Debug|Any CPU
		{A96F7393-64D2-4151-83D5-33E555AF797B}.Debug|x64.Build.0 = Debug|Any CPU
		{A96F7393-64D2-4151-83D5-33E555AF797B}.Debug|x86.ActiveCfg = Debug|Any CPU
		{A96F7393-64D2-4151-83D5-33E555AF797B}.Debug|x86.Build.0 = Debug|Any CPU
		{A96F7393-64D2-4151-83D5-33E555AF797B}.Release|Any CPU.ActiveCfg = Release|Any CPU
		{A96F7393-64D2-4151-83D5-33E555AF797B}.Release|Any CPU.Build.0 = Release|Any CPU
		{A96F7393-64D2-4151-83D5-33E555AF797B}.Release|x64.ActiveCfg = Release|Any CPU
		{A96F7393-64D2-4151-83D5-33E555AF797B}.Release|x64.Build.0 = Release|Any CPU
		{A96F7393-64D2-4151-83D5-33E555AF797B}.Release|x86.ActiveCfg = Release|Any CPU
		{A96F7393-64D2-4151-83D5-33E555AF797B}.Release|x86.Build.0 = Release|Any CPU
		{C25B666D-1271-452B-9200-A69B75FA7640}.Debug|Any CPU.ActiveCfg = Debug|Any CPU
		{C25B666D-1271-452B-9200-A69B75FA7640}.Debug|Any CPU.Build.0 = Debug|Any CPU
		{C25B666D-1271-452B-9200-A69B75FA7640}.Debug|x64.ActiveCfg = Debug|Any CPU
		{C25B666D-1271-452B-9200-A69B75FA7640}.Debug|x64.Build.0 = Debug|Any CPU
		{C25B666D-1271-452B-9200-A69B75FA7640}.Debug|x86.ActiveCfg = Debug|Any CPU
		{C25B666D-1271-452B-9200-A69B75FA7640}.Debug|x86.Build.0 = Debug|Any CPU
		{C25B666D-1271-452B-9200-A69B75FA7640}.Release|Any CPU.ActiveCfg = Release|Any CPU
		{C25B666D-1271-452B-9200-A69B75FA7640}.Release|Any CPU.Build.0 = Release|Any CPU
		{C25B666D-1271-452B-9200-A69B75FA7640}.Release|x64.ActiveCfg = Release|Any CPU
		{C25B666D-1271-452B-9200-A69B75FA7640}.Release|x64.Build.0 = Release|Any CPU
		{C25B666D-1271-452B-9200-A69B75FA7640}.Release|x86.ActiveCfg = Release|Any CPU
		{C25B666D-1271-452B-9200-A69B75FA7640}.Release|x86.Build.0 = Release|Any CPU
		{3A853557-A610-4D7F-8B28-6DBA077C250A}.Debug|Any CPU.ActiveCfg = Debug|Any CPU
		{3A853557-A610-4D7F-8B28-6DBA077C250A}.Debug|Any CPU.Build.0 = Debug|Any CPU
		{3A853557-A610-4D7F-8B28-6DBA077C250A}.Debug|x64.ActiveCfg = Debug|Any CPU
		{3A853557-A610-4D7F-8B28-6DBA077C250A}.Debug|x64.Build.0 = Debug|Any CPU
		{3A853557-A610-4D7F-8B28-6DBA077C250A}.Debug|x86.ActiveCfg = Debug|Any CPU
		{3A853557-A610-4D7F-8B28-6DBA077C250A}.Debug|x86.Build.0 = Debug|Any CPU
		{3A853557-A610-4D7F-8B28-6DBA077C250A}.Release|Any CPU.ActiveCfg = Release|Any CPU
		{3A853557-A610-4D7F-8B28-6DBA077C250A}.Release|Any CPU.Build.0 = Release|Any CPU
		{3A853557-A610-4D7F-8B28-6DBA077C250A}.Release|x64.ActiveCfg = Release|Any CPU
		{3A853557-A610-4D7F-8B28-6DBA077C250A}.Release|x64.Build.0 = Release|Any CPU
		{3A853557-A610-4D7F-8B28-6DBA077C250A}.Release|x86.ActiveCfg = Release|Any CPU
		{3A853557-A610-4D7F-8B28-6DBA077C250A}.Release|x86.Build.0 = Release|Any CPU
		{D101E420-8A9E-47B4-B25C-548126BA8B7F}.Debug|Any CPU.ActiveCfg = Debug|Any CPU
		{D101E420-8A9E-47B4-B25C-548126BA8B7F}.Debug|Any CPU.Build.0 = Debug|Any CPU
		{D101E420-8A9E-47B4-B25C-548126BA8B7F}.Debug|x64.ActiveCfg = Debug|Any CPU
		{D101E420-8A9E-47B4-B25C-548126BA8B7F}.Debug|x64.Build.0 = Debug|Any CPU
		{D101E420-8A9E-47B4-B25C-548126BA8B7F}.Debug|x86.ActiveCfg = Debug|Any CPU
		{D101E420-8A9E-47B4-B25C-548126BA8B7F}.Debug|x86.Build.0 = Debug|Any CPU
		{D101E420-8A9E-47B4-B25C-548126BA8B7F}.Release|Any CPU.ActiveCfg = Release|Any CPU
		{D101E420-8A9E-47B4-B25C-548126BA8B7F}.Release|Any CPU.Build.0 = Release|Any CPU
		{D101E420-8A9E-47B4-B25C-548126BA8B7F}.Release|x64.ActiveCfg = Release|Any CPU
		{D101E420-8A9E-47B4-B25C-548126BA8B7F}.Release|x64.Build.0 = Release|Any CPU
		{D101E420-8A9E-47B4-B25C-548126BA8B7F}.Release|x86.ActiveCfg = Release|Any CPU
		{D101E420-8A9E-47B4-B25C-548126BA8B7F}.Release|x86.Build.0 = Release|Any CPU
		{F9723179-B243-4DB3-BAB4-7CA8FE3CA11C}.Debug|Any CPU.ActiveCfg = Debug|Any CPU
		{F9723179-B243-4DB3-BAB4-7CA8FE3CA11C}.Debug|Any CPU.Build.0 = Debug|Any CPU
		{F9723179-B243-4DB3-BAB4-7CA8FE3CA11C}.Debug|x64.ActiveCfg = Debug|Any CPU
		{F9723179-B243-4DB3-BAB4-7CA8FE3CA11C}.Debug|x64.Build.0 = Debug|Any CPU
		{F9723179-B243-4DB3-BAB4-7CA8FE3CA11C}.Debug|x86.ActiveCfg = Debug|Any CPU
		{F9723179-B243-4DB3-BAB4-7CA8FE3CA11C}.Debug|x86.Build.0 = Debug|Any CPU
		{F9723179-B243-4DB3-BAB4-7CA8FE3CA11C}.Release|Any CPU.ActiveCfg = Release|Any CPU
		{F9723179-B243-4DB3-BAB4-7CA8FE3CA11C}.Release|Any CPU.Build.0 = Release|Any CPU
		{F9723179-B243-4DB3-BAB4-7CA8FE3CA11C}.Release|x64.ActiveCfg = Release|Any CPU
		{F9723179-B243-4DB3-BAB4-7CA8FE3CA11C}.Release|x64.Build.0 = Release|Any CPU
		{F9723179-B243-4DB3-BAB4-7CA8FE3CA11C}.Release|x86.ActiveCfg = Release|Any CPU
		{F9723179-B243-4DB3-BAB4-7CA8FE3CA11C}.Release|x86.Build.0 = Release|Any CPU
		{B2512918-8746-44CE-9DA3-DA2057A7825A}.Debug|Any CPU.ActiveCfg = Debug|Any CPU
		{B2512918-8746-44CE-9DA3-DA2057A7825A}.Debug|Any CPU.Build.0 = Debug|Any CPU
		{B2512918-8746-44CE-9DA3-DA2057A7825A}.Debug|x64.ActiveCfg = Debug|Any CPU
		{B2512918-8746-44CE-9DA3-DA2057A7825A}.Debug|x64.Build.0 = Debug|Any CPU
		{B2512918-8746-44CE-9DA3-DA2057A7825A}.Debug|x86.ActiveCfg = Debug|Any CPU
		{B2512918-8746-44CE-9DA3-DA2057A7825A}.Debug|x86.Build.0 = Debug|Any CPU
		{B2512918-8746-44CE-9DA3-DA2057A7825A}.Release|Any CPU.ActiveCfg = Release|Any CPU
		{B2512918-8746-44CE-9DA3-DA2057A7825A}.Release|Any CPU.Build.0 = Release|Any CPU
		{B2512918-8746-44CE-9DA3-DA2057A7825A}.Release|x64.ActiveCfg = Release|Any CPU
		{B2512918-8746-44CE-9DA3-DA2057A7825A}.Release|x64.Build.0 = Release|Any CPU
		{B2512918-8746-44CE-9DA3-DA2057A7825A}.Release|x86.ActiveCfg = Release|Any CPU
		{B2512918-8746-44CE-9DA3-DA2057A7825A}.Release|x86.Build.0 = Release|Any CPU
		{CF7B97C5-B302-4A70-B330-523B80B9A016}.Debug|Any CPU.ActiveCfg = Debug|Any CPU
		{CF7B97C5-B302-4A70-B330-523B80B9A016}.Debug|Any CPU.Build.0 = Debug|Any CPU
		{CF7B97C5-B302-4A70-B330-523B80B9A016}.Debug|x64.ActiveCfg = Debug|Any CPU
		{CF7B97C5-B302-4A70-B330-523B80B9A016}.Debug|x64.Build.0 = Debug|Any CPU
		{CF7B97C5-B302-4A70-B330-523B80B9A016}.Debug|x86.ActiveCfg = Debug|Any CPU
		{CF7B97C5-B302-4A70-B330-523B80B9A016}.Debug|x86.Build.0 = Debug|Any CPU
		{CF7B97C5-B302-4A70-B330-523B80B9A016}.Release|Any CPU.ActiveCfg = Release|Any CPU
		{CF7B97C5-B302-4A70-B330-523B80B9A016}.Release|Any CPU.Build.0 = Release|Any CPU
		{CF7B97C5-B302-4A70-B330-523B80B9A016}.Release|x64.ActiveCfg = Release|Any CPU
		{CF7B97C5-B302-4A70-B330-523B80B9A016}.Release|x64.Build.0 = Release|Any CPU
		{CF7B97C5-B302-4A70-B330-523B80B9A016}.Release|x86.ActiveCfg = Release|Any CPU
		{CF7B97C5-B302-4A70-B330-523B80B9A016}.Release|x86.Build.0 = Release|Any CPU
		{A4ED2A89-DC9B-40F0-AD58-DE8664EC22C5}.Debug|Any CPU.ActiveCfg = Debug|Any CPU
		{A4ED2A89-DC9B-40F0-AD58-DE8664EC22C5}.Debug|Any CPU.Build.0 = Debug|Any CPU
		{A4ED2A89-DC9B-40F0-AD58-DE8664EC22C5}.Debug|x64.ActiveCfg = Debug|Any CPU
		{A4ED2A89-DC9B-40F0-AD58-DE8664EC22C5}.Debug|x64.Build.0 = Debug|Any CPU
		{A4ED2A89-DC9B-40F0-AD58-DE8664EC22C5}.Debug|x86.ActiveCfg = Debug|Any CPU
		{A4ED2A89-DC9B-40F0-AD58-DE8664EC22C5}.Debug|x86.Build.0 = Debug|Any CPU
		{A4ED2A89-DC9B-40F0-AD58-DE8664EC22C5}.Release|Any CPU.ActiveCfg = Release|Any CPU
		{A4ED2A89-DC9B-40F0-AD58-DE8664EC22C5}.Release|Any CPU.Build.0 = Release|Any CPU
		{A4ED2A89-DC9B-40F0-AD58-DE8664EC22C5}.Release|x64.ActiveCfg = Release|Any CPU
		{A4ED2A89-DC9B-40F0-AD58-DE8664EC22C5}.Release|x64.Build.0 = Release|Any CPU
		{A4ED2A89-DC9B-40F0-AD58-DE8664EC22C5}.Release|x86.ActiveCfg = Release|Any CPU
		{A4ED2A89-DC9B-40F0-AD58-DE8664EC22C5}.Release|x86.Build.0 = Release|Any CPU
	EndGlobalSection
	GlobalSection(SolutionProperties) = preSolution
		HideSolutionNode = FALSE
	EndGlobalSection
EndGlobal
