
Microsoft Visual Studio Solution File, Format Version 12.00
# Visual Studio Version 17
VisualStudioVersion = 17.0.31903.59
MinimumVisualStudioVersion = 10.0.40219.1
Project("{2150E333-8FDC-42A3-9474-1A3956D46DE8}") = "1 · Producto web", "1 · Producto web", "{15FE0574-4E50-386F-9737-43B5535C258B}"
EndProject
Project("{FAE04EC0-301F-11D3-BF4B-00C04F79EFBC}") = "Synergos.CMS.Interfaces", "Synergos.CMS.Interfaces\Synergos.CMS.Interfaces.csproj", "{9AFE009A-4DBA-4E3F-A9A8-F96374A7D0A1}"
EndProject
Project("{FAE04EC0-301F-11D3-BF4B-00C04F79EFBC}") = "Synergos.CMS.Application", "Synergos.CMS.Application\Synergos.CMS.Application.csproj", "{B1CA6440-44F3-4AEC-80C9-E6312AA7750E}"
EndProject
Project("{FAE04EC0-301F-11D3-BF4B-00C04F79EFBC}") = "Synergos.CMS.Web", "Synergos.CMS.Web\Synergos.CMS.Web.csproj", "{39922816-C10C-480D-8423-31F77A3DDF59}"
EndProject
Project("{FAE04EC0-301F-11D3-BF4B-00C04F79EFBC}") = "Synergos.CMS.Benchmarks", "Synergos.CMS.Benchmarks\Synergos.CMS.Benchmarks.csproj", "{BAC6C250-DD5D-4E59-9882-F4763D830C9E}"
EndProject
Project("{FAE04EC0-301F-11D3-BF4B-00C04F79EFBC}") = "Synergos.CMS.Tests", "Synergos.CMS.Tests\Synergos.CMS.Tests.csproj", "{174F9246-4F64-4790-A077-135CD579C87F}"
EndProject
Project("{2150E333-8FDC-42A3-9474-1A3956D46DE8}") = "2 · Núcleo compartido", "2 · Núcleo compartido", "{7F76C13B-6351-DF99-A2D0-6CC73E485199}"
EndProject
Project("{FAE04EC0-301F-11D3-BF4B-00C04F79EFBC}") = "Synergos.Core", "Synergos.Core\Synergos.Core.csproj", "{1D7FFFDD-24F0-4151-8FB8-971BF5355CCE}"
EndProject
Project("{FAE04EC0-301F-11D3-BF4B-00C04F79EFBC}") = "Synergos.Shared", "Synergos.Shared\Synergos.Shared.csproj", "{208D116E-4AFE-4D35-8395-91F55A97A3DB}"
EndProject
Project("{2150E333-8FDC-42A3-9474-1A3956D46DE8}") = "3 · Capacidades", "3 · Capacidades", "{A9431809-D8E9-475A-2AAA-895F3FFC654B}"
EndProject
Project("{FAE04EC0-301F-11D3-BF4B-00C04F79EFBC}") = "Synergos.Api.Audit", "Synergos.Api.Audit\Synergos.Api.Audit.csproj", "{16A8B709-02CA-4452-80DB-1770F1241A13}"
EndProject
Project("{FAE04EC0-301F-11D3-BF4B-00C04F79EFBC}") = "Synergos.Api.Booking", "Synergos.Api.Booking\Synergos.Api.Booking.csproj", "{51889C4D-F594-4FBD-AC1D-A2EDD937227D}"
EndProject
Project("{FAE04EC0-301F-11D3-BF4B-00C04F79EFBC}") = "Synergos.Api.Cart", "Synergos.Api.Cart\Synergos.Api.Cart.csproj", "{837E38E5-8085-4EDE-ABB6-E94301B5B81D}"
EndProject
Project("{FAE04EC0-301F-11D3-BF4B-00C04F79EFBC}") = "Synergos.Api.Catalog", "Synergos.Api.Catalog\Synergos.Api.Catalog.csproj", "{1292B1B1-7F78-4CD5-ACB8-2F66F4E17136}"
EndProject
Project("{FAE04EC0-301F-11D3-BF4B-00C04F79EFBC}") = "Synergos.Api.Consent", "Synergos.Api.Consent\Synergos.Api.Consent.csproj", "{34DB89FF-B072-40FB-92DB-BD3BE40856DA}"
EndProject
Project("{FAE04EC0-301F-11D3-BF4B-00C04F79EFBC}") = "Synergos.Api.Documents", "Synergos.Api.Documents\Synergos.Api.Documents.csproj", "{1E4855CA-1DAC-4EBD-B835-A535914F461D}"
EndProject
Project("{FAE04EC0-301F-11D3-BF4B-00C04F79EFBC}") = "Synergos.Api.Engagement", "Synergos.Api.Engagement\Synergos.Api.Engagement.csproj", "{4424ED0A-5AB2-4E1C-84D3-48DC50F56935}"
EndProject
Project("{FAE04EC0-301F-11D3-BF4B-00C04F79EFBC}") = "Synergos.Api.Fulfillment", "Synergos.Api.Fulfillment\Synergos.Api.Fulfillment.csproj", "{6703D779-45BD-45E8-9483-84AA4D1460A0}"
EndProject
Project("{FAE04EC0-301F-11D3-BF4B-00C04F79EFBC}") = "Synergos.Api.Geo", "Synergos.Api.Geo\Synergos.Api.Geo.csproj", "{1F17F51D-BEBE-479F-AA80-CF4EBBDD1BAC}"
EndProject
Project("{FAE04EC0-301F-11D3-BF4B-00C04F79EFBC}") = "Synergos.Api.Identity", "Synergos.Api.Identity\Synergos.Api.Identity.csproj", "{52877A9E-4239-463B-B5FE-1DB6D3833311}"
EndProject
Project("{FAE04EC0-301F-11D3-BF4B-00C04F79EFBC}") = "Synergos.Api.Inventory", "Synergos.Api.Inventory\Synergos.Api.Inventory.csproj", "{17666B40-73F9-4B6C-A38C-64B463C35507}"
EndProject
Project("{FAE04EC0-301F-11D3-BF4B-00C04F79EFBC}") = "Synergos.Api.Messaging", "Synergos.Api.Messaging\Synergos.Api.Messaging.csproj", "{6BF74918-026D-4E1B-83E7-98389C55D265}"
EndProject
Project("{FAE04EC0-301F-11D3-BF4B-00C04F79EFBC}") = "Synergos.Api.Moderation", "Synergos.Api.Moderation\Synergos.Api.Moderation.csproj", "{86DD35C1-0702-4E90-A3BD-28B65428B1D6}"
EndProject
Project("{FAE04EC0-301F-11D3-BF4B-00C04F79EFBC}") = "Synergos.Api.Notifications", "Synergos.Api.Notifications\Synergos.Api.Notifications.csproj", "{A0E576B4-EB36-4468-A20E-F0028CAEA78C}"
EndProject
Project("{FAE04EC0-301F-11D3-BF4B-00C04F79EFBC}") = "Synergos.Api.Orders", "Synergos.Api.Orders\Synergos.Api.Orders.csproj", "{BE1857B8-C326-42FC-A1B1-7BCBA489A6CC}"
EndProject
Project("{FAE04EC0-301F-11D3-BF4B-00C04F79EFBC}") = "Synergos.Api.Payments", "Synergos.Api.Payments\Synergos.Api.Payments.csproj", "{F949ABC9-E8D8-4E8C-9633-D54864CB1EF1}"
EndProject
Project("{FAE04EC0-301F-11D3-BF4B-00C04F79EFBC}") = "Synergos.Api.Pricing", "Synergos.Api.Pricing\Synergos.Api.Pricing.csproj", "{DD7C7EDA-B3B1-46C1-8A3E-D29A93087DE7}"
EndProject
Project("{FAE04EC0-301F-11D3-BF4B-00C04F79EFBC}") = "Synergos.Api.Sessions", "Synergos.Api.Sessions\Synergos.Api.Sessions.csproj", "{E8BF88E2-6509-4B2A-ADC3-0124E4ECB0E4}"
EndProject
Project("{FAE04EC0-301F-11D3-BF4B-00C04F79EFBC}") = "Synergos.Api.Signing", "Synergos.Api.Signing\Synergos.Api.Signing.csproj", "{C2D67643-EA82-4774-B6C9-534BA227D29F}"
EndProject
Project("{FAE04EC0-301F-11D3-BF4B-00C04F79EFBC}") = "Synergos.Api.Workflow", "Synergos.Api.Workflow\Synergos.Api.Workflow.csproj", "{8D7E0EBC-893C-4755-A41D-FCF16EE82BD0}"
EndProject
Project("{2150E333-8FDC-42A3-9474-1A3956D46DE8}") = "4 · Orquestadores", "4 · Orquestadores", "{D7B491A9-3F8C-3590-8CA7-ED26D3346330}"
EndProject
Project("{FAE04EC0-301F-11D3-BF4B-00C04F79EFBC}") = "Synergos.Bff.Core", "Synergos.Bff.Core\Synergos.Bff.Core.csproj", "{D535860C-5A61-49FD-A111-4269148E45E3}"
EndProject
Project("{FAE04EC0-301F-11D3-BF4B-00C04F79EFBC}") = "Synergos.Bff.Eventos", "Synergos.Bff.Eventos\Synergos.Bff.Eventos.csproj", "{75E1F4CF-7464-4376-B799-106A594D00CC}"
EndProject
Project("{FAE04EC0-301F-11D3-BF4B-00C04F79EFBC}") = "Synergos.Bff.Salud", "Synergos.Bff.Salud\Synergos.Bff.Salud.csproj", "{656C56DE-3EF0-4B38-9D31-E77F6761A198}"
EndProject
Project("{FAE04EC0-301F-11D3-BF4B-00C04F79EFBC}") = "Synergos.Bff.Tienda", "Synergos.Bff.Tienda\Synergos.Bff.Tienda.csproj", "{D8632AA5-C300-4C11-8DFF-39D180C1067E}"
EndProject
Project("{FAE04EC0-301F-11D3-BF4B-00C04F79EFBC}") = "Synergos.Bff.Viajes", "Synergos.Bff.Viajes\Synergos.Bff.Viajes.csproj", "{FB4D149B-B2A3-4A63-84C0-A2297BFED866}"
EndProject
Project("{2150E333-8FDC-42A3-9474-1A3956D46DE8}") = "5 · Tests del backend", "5 · Tests del backend", "{37744964-2113-1F90-16D9-34EECBF97F0A}"
EndProject
Project("{FAE04EC0-301F-11D3-BF4B-00C04F79EFBC}") = "Synergos.Servicios.Tests", "Synergos.Servicios.Tests\Synergos.Servicios.Tests.csproj", "{8A381AF4-77F9-499D-9906-427E6259D343}"
EndProject
Project("{FAE04EC0-301F-11D3-BF4B-00C04F79EFBC}") = "Synergos.Arquitectura.Tests", "Synergos.Arquitectura.Tests\Synergos.Arquitectura.Tests.csproj", "{5EAC3903-F344-4013-B628-53B1FFD01C0D}"
EndProject
Global
	GlobalSection(SolutionConfigurationPlatforms) = preSolution
		Debug|Any CPU = Debug|Any CPU
		Debug|x64 = Debug|x64
		Debug|x86 = Debug|x86
		Release|Any CPU = Release|Any CPU
		Release|x64 = Release|x64
		Release|x86 = Release|x86
	EndGlobalSection
	GlobalSection(ProjectConfigurationPlatforms) = postSolution
		{9AFE009A-4DBA-4E3F-A9A8-F96374A7D0A1}.Debug|Any CPU.ActiveCfg = Debug|Any CPU
		{9AFE009A-4DBA-4E3F-A9A8-F96374A7D0A1}.Debug|Any CPU.Build.0 = Debug|Any CPU
		{9AFE009A-4DBA-4E3F-A9A8-F96374A7D0A1}.Debug|x64.ActiveCfg = Debug|Any CPU
		{9AFE009A-4DBA-4E3F-A9A8-F96374A7D0A1}.Debug|x64.Build.0 = Debug|Any CPU
		{9AFE009A-4DBA-4E3F-A9A8-F96374A7D0A1}.Debug|x86.ActiveCfg = Debug|Any CPU
		{9AFE009A-4DBA-4E3F-A9A8-F96374A7D0A1}.Debug|x86.Build.0 = Debug|Any CPU
		{9AFE009A-4DBA-4E3F-A9A8-F96374A7D0A1}.Release|Any CPU.ActiveCfg = Release|Any CPU
		{9AFE009A-4DBA-4E3F-A9A8-F96374A7D0A1}.Release|Any CPU.Build.0 = Release|Any CPU
		{9AFE009A-4DBA-4E3F-A9A8-F96374A7D0A1}.Release|x64.ActiveCfg = Release|Any CPU
		{9AFE009A-4DBA-4E3F-A9A8-F96374A7D0A1}.Release|x64.Build.0 = Release|Any CPU
		{9AFE009A-4DBA-4E3F-A9A8-F96374A7D0A1}.Release|x86.ActiveCfg = Release|Any CPU
		{9AFE009A-4DBA-4E3F-A9A8-F96374A7D0A1}.Release|x86.Build.0 = Release|Any CPU
		{B1CA6440-44F3-4AEC-80C9-E6312AA7750E}.Debug|Any CPU.ActiveCfg = Debug|Any CPU
		{B1CA6440-44F3-4AEC-80C9-E6312AA7750E}.Debug|Any CPU.Build.0 = Debug|Any CPU
		{B1CA6440-44F3-4AEC-80C9-E6312AA7750E}.Debug|x64.ActiveCfg = Debug|Any CPU
		{B1CA6440-44F3-4AEC-80C9-E6312AA7750E}.Debug|x64.Build.0 = Debug|Any CPU
		{B1CA6440-44F3-4AEC-80C9-E6312AA7750E}.Debug|x86.ActiveCfg = Debug|Any CPU
		{B1CA6440-44F3-4AEC-80C9-E6312AA7750E}.Debug|x86.Build.0 = Debug|Any CPU
		{B1CA6440-44F3-4AEC-80C9-E6312AA7750E}.Release|Any CPU.ActiveCfg = Release|Any CPU
		{B1CA6440-44F3-4AEC-80C9-E6312AA7750E}.Release|Any CPU.Build.0 = Release|Any CPU
		{B1CA6440-44F3-4AEC-80C9-E6312AA7750E}.Release|x64.ActiveCfg = Release|Any CPU
		{B1CA6440-44F3-4AEC-80C9-E6312AA7750E}.Release|x64.Build.0 = Release|Any CPU
		{B1CA6440-44F3-4AEC-80C9-E6312AA7750E}.Release|x86.ActiveCfg = Release|Any CPU
		{B1CA6440-44F3-4AEC-80C9-E6312AA7750E}.Release|x86.Build.0 = Release|Any CPU
		{39922816-C10C-480D-8423-31F77A3DDF59}.Debug|Any CPU.ActiveCfg = Debug|Any CPU
		{39922816-C10C-480D-8423-31F77A3DDF59}.Debug|Any CPU.Build.0 = Debug|Any CPU
		{39922816-C10C-480D-8423-31F77A3DDF59}.Debug|x64.ActiveCfg = Debug|Any CPU
		{39922816-C10C-480D-8423-31F77A3DDF59}.Debug|x64.Build.0 = Debug|Any CPU
		{39922816-C10C-480D-8423-31F77A3DDF59}.Debug|x86.ActiveCfg = Debug|Any CPU
		{39922816-C10C-480D-8423-31F77A3DDF59}.Debug|x86.Build.0 = Debug|Any CPU
		{39922816-C10C-480D-8423-31F77A3DDF59}.Release|Any CPU.ActiveCfg = Release|Any CPU
		{39922816-C10C-480D-8423-31F77A3DDF59}.Release|Any CPU.Build.0 = Release|Any CPU
		{39922816-C10C-480D-8423-31F77A3DDF59}.Release|x64.ActiveCfg = Release|Any CPU
		{39922816-C10C-480D-8423-31F77A3DDF59}.Release|x64.Build.0 = Release|Any CPU
		{39922816-C10C-480D-8423-31F77A3DDF59}.Release|x86.ActiveCfg = Release|Any CPU
		{39922816-C10C-480D-8423-31F77A3DDF59}.Release|x86.Build.0 = Release|Any CPU
		{BAC6C250-DD5D-4E59-9882-F4763D830C9E}.Debug|Any CPU.ActiveCfg = Debug|Any CPU
		{BAC6C250-DD5D-4E59-9882-F4763D830C9E}.Debug|Any CPU.Build.0 = Debug|Any CPU
		{BAC6C250-DD5D-4E59-9882-F4763D830C9E}.Debug|x64.ActiveCfg = Debug|Any CPU
		{BAC6C250-DD5D-4E59-9882-F4763D830C9E}.Debug|x64.Build.0 = Debug|Any CPU
		{BAC6C250-DD5D-4E59-9882-F4763D830C9E}.Debug|x86.ActiveCfg = Debug|Any CPU
		{BAC6C250-DD5D-4E59-9882-F4763D830C9E}.Debug|x86.Build.0 = Debug|Any CPU
		{BAC6C250-DD5D-4E59-9882-F4763D830C9E}.Release|Any CPU.ActiveCfg = Release|Any CPU
		{BAC6C250-DD5D-4E59-9882-F4763D830C9E}.Release|Any CPU.Build.0 = Release|Any CPU
		{BAC6C250-DD5D-4E59-9882-F4763D830C9E}.Release|x64.ActiveCfg = Release|Any CPU
		{BAC6C250-DD5D-4E59-9882-F4763D830C9E}.Release|x64.Build.0 = Release|Any CPU
		{BAC6C250-DD5D-4E59-9882-F4763D830C9E}.Release|x86.ActiveCfg = Release|Any CPU
		{BAC6C250-DD5D-4E59-9882-F4763D830C9E}.Release|x86.Build.0 = Release|Any CPU
		{174F9246-4F64-4790-A077-135CD579C87F}.Debug|Any CPU.ActiveCfg = Debug|Any CPU
		{174F9246-4F64-4790-A077-135CD579C87F}.Debug|Any CPU.Build.0 = Debug|Any CPU
		{174F9246-4F64-4790-A077-135CD579C87F}.Debug|x64.ActiveCfg = Debug|Any CPU
		{174F9246-4F64-4790-A077-135CD579C87F}.Debug|x64.Build.0 = Debug|Any CPU
		{174F9246-4F64-4790-A077-135CD579C87F}.Debug|x86.ActiveCfg = Debug|Any CPU
		{174F9246-4F64-4790-A077-135CD579C87F}.Debug|x86.Build.0 = Debug|Any CPU
		{174F9246-4F64-4790-A077-135CD579C87F}.Release|Any CPU.ActiveCfg = Release|Any CPU
		{174F9246-4F64-4790-A077-135CD579C87F}.Release|Any CPU.Build.0 = Release|Any CPU
		{174F9246-4F64-4790-A077-135CD579C87F}.Release|x64.ActiveCfg = Release|Any CPU
		{174F9246-4F64-4790-A077-135CD579C87F}.Release|x64.Build.0 = Release|Any CPU
		{174F9246-4F64-4790-A077-135CD579C87F}.Release|x86.ActiveCfg = Release|Any CPU
		{174F9246-4F64-4790-A077-135CD579C87F}.Release|x86.Build.0 = Release|Any CPU
		{1D7FFFDD-24F0-4151-8FB8-971BF5355CCE}.Debug|Any CPU.ActiveCfg = Debug|Any CPU
		{1D7FFFDD-24F0-4151-8FB8-971BF5355CCE}.Debug|Any CPU.Build.0 = Debug|Any CPU
		{1D7FFFDD-24F0-4151-8FB8-971BF5355CCE}.Debug|x64.ActiveCfg = Debug|Any CPU
		{1D7FFFDD-24F0-4151-8FB8-971BF5355CCE}.Debug|x64.Build.0 = Debug|Any CPU
		{1D7FFFDD-24F0-4151-8FB8-971BF5355CCE}.Debug|x86.ActiveCfg = Debug|Any CPU
		{1D7FFFDD-24F0-4151-8FB8-971BF5355CCE}.Debug|x86.Build.0 = Debug|Any CPU
		{1D7FFFDD-24F0-4151-8FB8-971BF5355CCE}.Release|Any CPU.ActiveCfg = Release|Any CPU
		{1D7FFFDD-24F0-4151-8FB8-971BF5355CCE}.Release|Any CPU.Build.0 = Release|Any CPU
		{1D7FFFDD-24F0-4151-8FB8-971BF5355CCE}.Release|x64.ActiveCfg = Release|Any CPU
		{1D7FFFDD-24F0-4151-8FB8-971BF5355CCE}.Release|x64.Build.0 = Release|Any CPU
		{1D7FFFDD-24F0-4151-8FB8-971BF5355CCE}.Release|x86.ActiveCfg = Release|Any CPU
		{1D7FFFDD-24F0-4151-8FB8-971BF5355CCE}.Release|x86.Build.0 = Release|Any CPU
		{208D116E-4AFE-4D35-8395-91F55A97A3DB}.Debug|Any CPU.ActiveCfg = Debug|Any CPU
		{208D116E-4AFE-4D35-8395-91F55A97A3DB}.Debug|Any CPU.Build.0 = Debug|Any CPU
		{208D116E-4AFE-4D35-8395-91F55A97A3DB}.Debug|x64.ActiveCfg = Debug|Any CPU
		{208D116E-4AFE-4D35-8395-91F55A97A3DB}.Debug|x64.Build.0 = Debug|Any CPU
		{208D116E-4AFE-4D35-8395-91F55A97A3DB}.Debug|x86.ActiveCfg = Debug|Any CPU
		{208D116E-4AFE-4D35-8395-91F55A97A3DB}.Debug|x86.Build.0 = Debug|Any CPU
		{208D116E-4AFE-4D35-8395-91F55A97A3DB}.Release|Any CPU.ActiveCfg = Release|Any CPU
		{208D116E-4AFE-4D35-8395-91F55A97A3DB}.Release|Any CPU.Build.0 = Release|Any CPU
		{208D116E-4AFE-4D35-8395-91F55A97A3DB}.Release|x64.ActiveCfg = Release|Any CPU
		{208D116E-4AFE-4D35-8395-91F55A97A3DB}.Release|x64.Build.0 = Release|Any CPU
		{208D116E-4AFE-4D35-8395-91F55A97A3DB}.Release|x86.ActiveCfg = Release|Any CPU
		{208D116E-4AFE-4D35-8395-91F55A97A3DB}.Release|x86.Build.0 = Release|Any CPU
		{16A8B709-02CA-4452-80DB-1770F1241A13}.Debug|Any CPU.ActiveCfg = Debug|Any CPU
		{16A8B709-02CA-4452-80DB-1770F1241A13}.Debug|Any CPU.Build.0 = Debug|Any CPU
		{16A8B709-02CA-4452-80DB-1770F1241A13}.Debug|x64.ActiveCfg = Debug|Any CPU
		{16A8B709-02CA-4452-80DB-1770F1241A13}.Debug|x64.Build.0 = Debug|Any CPU
		{16A8B709-02CA-4452-80DB-1770F1241A13}.Debug|x86.ActiveCfg = Debug|Any CPU
		{16A8B709-02CA-4452-80DB-1770F1241A13}.Debug|x86.Build.0 = Debug|Any CPU
		{16A8B709-02CA-4452-80DB-1770F1241A13}.Release|Any CPU.ActiveCfg = Release|Any CPU
		{16A8B709-02CA-4452-80DB-1770F1241A13}.Release|Any CPU.Build.0 = Release|Any CPU
		{16A8B709-02CA-4452-80DB-1770F1241A13}.Release|x64.ActiveCfg = Release|Any CPU
		{16A8B709-02CA-4452-80DB-1770F1241A13}.Release|x64.Build.0 = Release|Any CPU
		{16A8B709-02CA-4452-80DB-1770F1241A13}.Release|x86.ActiveCfg = Release|Any CPU
		{16A8B709-02CA-4452-80DB-1770F1241A13}.Release|x86.Build.0 = Release|Any CPU
		{51889C4D-F594-4FBD-AC1D-A2EDD937227D}.Debug|Any CPU.ActiveCfg = Debug|Any CPU
		{51889C4D-F594-4FBD-AC1D-A2EDD937227D}.Debug|Any CPU.Build.0 = Debug|Any CPU
		{51889C4D-F594-4FBD-AC1D-A2EDD937227D}.Debug|x64.ActiveCfg = Debug|Any CPU
		{51889C4D-F594-4FBD-AC1D-A2EDD937227D}.Debug|x64.Build.0 = Debug|Any CPU
		{51889C4D-F594-4FBD-AC1D-A2EDD937227D}.Debug|x86.ActiveCfg = Debug|Any CPU
		{51889C4D-F594-4FBD-AC1D-A2EDD937227D}.Debug|x86.Build.0 = Debug|Any CPU
		{51889C4D-F594-4FBD-AC1D-A2EDD937227D}.Release|Any CPU.ActiveCfg = Release|Any CPU
		{51889C4D-F594-4FBD-AC1D-A2EDD937227D}.Release|Any CPU.Build.0 = Release|Any CPU
		{51889C4D-F594-4FBD-AC1D-A2EDD937227D}.Release|x64.ActiveCfg = Release|Any CPU
		{51889C4D-F594-4FBD-AC1D-A2EDD937227D}.Release|x64.Build.0 = Release|Any CPU
		{51889C4D-F594-4FBD-AC1D-A2EDD937227D}.Release|x86.ActiveCfg = Release|Any CPU
		{51889C4D-F594-4FBD-AC1D-A2EDD937227D}.Release|x86.Build.0 = Release|Any CPU
		{837E38E5-8085-4EDE-ABB6-E94301B5B81D}.Debug|Any CPU.ActiveCfg = Debug|Any CPU
		{837E38E5-8085-4EDE-ABB6-E94301B5B81D}.Debug|Any CPU.Build.0 = Debug|Any CPU
		{837E38E5-8085-4EDE-ABB6-E94301B5B81D}.Debug|x64.ActiveCfg = Debug|Any CPU
		{837E38E5-8085-4EDE-ABB6-E94301B5B81D}.Debug|x64.Build.0 = Debug|Any CPU
		{837E38E5-8085-4EDE-ABB6-E94301B5B81D}.Debug|x86.ActiveCfg = Debug|Any CPU
		{837E38E5-8085-4EDE-ABB6-E94301B5B81D}.Debug|x86.Build.0 = Debug|Any CPU
		{837E38E5-8085-4EDE-ABB6-E94301B5B81D}.Release|Any CPU.ActiveCfg = Release|Any CPU
		{837E38E5-8085-4EDE-ABB6-E94301B5B81D}.Release|Any CPU.Build.0 = Release|Any CPU
		{837E38E5-8085-4EDE-ABB6-E94301B5B81D}.Release|x64.ActiveCfg = Release|Any CPU
		{837E38E5-8085-4EDE-ABB6-E94301B5B81D}.Release|x64.Build.0 = Release|Any CPU
		{837E38E5-8085-4EDE-ABB6-E94301B5B81D}.Release|x86.ActiveCfg = Release|Any CPU
		{837E38E5-8085-4EDE-ABB6-E94301B5B81D}.Release|x86.Build.0 = Release|Any CPU
		{1292B1B1-7F78-4CD5-ACB8-2F66F4E17136}.Debug|Any CPU.ActiveCfg = Debug|Any CPU
		{1292B1B1-7F78-4CD5-ACB8-2F66F4E17136}.Debug|Any CPU.Build.0 = Debug|Any CPU
		{1292B1B1-7F78-4CD5-ACB8-2F66F4E17136}.Debug|x64.ActiveCfg = Debug|Any CPU
		{1292B1B1-7F78-4CD5-ACB8-2F66F4E17136}.Debug|x64.Build.0 = Debug|Any CPU
		{1292B1B1-7F78-4CD5-ACB8-2F66F4E17136}.Debug|x86.ActiveCfg = Debug|Any CPU
		{1292B1B1-7F78-4CD5-ACB8-2F66F4E17136}.Debug|x86.Build.0 = Debug|Any CPU
		{1292B1B1-7F78-4CD5-ACB8-2F66F4E17136}.Release|Any CPU.ActiveCfg = Release|Any CPU
		{1292B1B1-7F78-4CD5-ACB8-2F66F4E17136}.Release|Any CPU.Build.0 = Release|Any CPU
		{1292B1B1-7F78-4CD5-ACB8-2F66F4E17136}.Release|x64.ActiveCfg = Release|Any CPU
		{1292B1B1-7F78-4CD5-ACB8-2F66F4E17136}.Release|x64.Build.0 = Release|Any CPU
		{1292B1B1-7F78-4CD5-ACB8-2F66F4E17136}.Release|x86.ActiveCfg = Release|Any CPU
		{1292B1B1-7F78-4CD5-ACB8-2F66F4E17136}.Release|x86.Build.0 = Release|Any CPU
		{34DB89FF-B072-40FB-92DB-BD3BE40856DA}.Debug|Any CPU.ActiveCfg = Debug|Any CPU
		{34DB89FF-B072-40FB-92DB-BD3BE40856DA}.Debug|Any CPU.Build.0 = Debug|Any CPU
		{34DB89FF-B072-40FB-92DB-BD3BE40856DA}.Debug|x64.ActiveCfg = Debug|Any CPU
		{34DB89FF-B072-40FB-92DB-BD3BE40856DA}.Debug|x64.Build.0 = Debug|Any CPU
		{34DB89FF-B072-40FB-92DB-BD3BE40856DA}.Debug|x86.ActiveCfg = Debug|Any CPU
		{34DB89FF-B072-40FB-92DB-BD3BE40856DA}.Debug|x86.Build.0 = Debug|Any CPU
		{34DB89FF-B072-40FB-92DB-BD3BE40856DA}.Release|Any CPU.ActiveCfg = Release|Any CPU
		{34DB89FF-B072-40FB-92DB-BD3BE40856DA}.Release|Any CPU.Build.0 = Release|Any CPU
		{34DB89FF-B072-40FB-92DB-BD3BE40856DA}.Release|x64.ActiveCfg = Release|Any CPU
		{34DB89FF-B072-40FB-92DB-BD3BE40856DA}.Release|x64.Build.0 = Release|Any CPU
		{34DB89FF-B072-40FB-92DB-BD3BE40856DA}.Release|x86.ActiveCfg = Release|Any CPU
		{34DB89FF-B072-40FB-92DB-BD3BE40856DA}.Release|x86.Build.0 = Release|Any CPU
		{1E4855CA-1DAC-4EBD-B835-A535914F461D}.Debug|Any CPU.ActiveCfg = Debug|Any CPU
		{1E4855CA-1DAC-4EBD-B835-A535914F461D}.Debug|Any CPU.Build.0 = Debug|Any CPU
		{1E4855CA-1DAC-4EBD-B835-A535914F461D}.Debug|x64.ActiveCfg = Debug|Any CPU
		{1E4855CA-1DAC-4EBD-B835-A535914F461D}.Debug|x64.Build.0 = Debug|Any CPU
		{1E4855CA-1DAC-4EBD-B835-A535914F461D}.Debug|x86.ActiveCfg = Debug|Any CPU
		{1E4855CA-1DAC-4EBD-B835-A535914F461D}.Debug|x86.Build.0 = Debug|Any CPU
		{1E4855CA-1DAC-4EBD-B835-A535914F461D}.Release|Any CPU.ActiveCfg = Release|Any CPU
		{1E4855CA-1DAC-4EBD-B835-A535914F461D}.Release|Any CPU.Build.0 = Release|Any CPU
		{1E4855CA-1DAC-4EBD-B835-A535914F461D}.Release|x64.ActiveCfg = Release|Any CPU
		{1E4855CA-1DAC-4EBD-B835-A535914F461D}.Release|x64.Build.0 = Release|Any CPU
		{1E4855CA-1DAC-4EBD-B835-A535914F461D}.Release|x86.ActiveCfg = Release|Any CPU
		{1E4855CA-1DAC-4EBD-B835-A535914F461D}.Release|x86.Build.0 = Release|Any CPU
		{4424ED0A-5AB2-4E1C-84D3-48DC50F56935}.Debug|Any CPU.ActiveCfg = Debug|Any CPU
		{4424ED0A-5AB2-4E1C-84D3-48DC50F56935}.Debug|Any CPU.Build.0 = Debug|Any CPU
		{4424ED0A-5AB2-4E1C-84D3-48DC50F56935}.Debug|x64.ActiveCfg = Debug|Any CPU
		{4424ED0A-5AB2-4E1C-84D3-48DC50F56935}.Debug|x64.Build.0 = Debug|Any CPU
		{4424ED0A-5AB2-4E1C-84D3-48DC50F56935}.Debug|x86.ActiveCfg = Debug|Any CPU
		{4424ED0A-5AB2-4E1C-84D3-48DC50F56935}.Debug|x86.Build.0 = Debug|Any CPU
		{4424ED0A-5AB2-4E1C-84D3-48DC50F56935}.Release|Any CPU.ActiveCfg = Release|Any CPU
		{4424ED0A-5AB2-4E1C-84D3-48DC50F56935}.Release|Any CPU.Build.0 = Release|Any CPU
		{4424ED0A-5AB2-4E1C-84D3-48DC50F56935}.Release|x64.ActiveCfg = Release|Any CPU
		{4424ED0A-5AB2-4E1C-84D3-48DC50F56935}.Release|x64.Build.0 = Release|Any CPU
		{4424ED0A-5AB2-4E1C-84D3-48DC50F56935}.Release|x86.ActiveCfg = Release|Any CPU
		{4424ED0A-5AB2-4E1C-84D3-48DC50F56935}.Release|x86.Build.0 = Release|Any CPU
		{6703D779-45BD-45E8-9483-84AA4D1460A0}.Debug|Any CPU.ActiveCfg = Debug|Any CPU
		{6703D779-45BD-45E8-9483-84AA4D1460A0}.Debug|Any CPU.Build.0 = Debug|Any CPU
		{6703D779-45BD-45E8-9483-84AA4D1460A0}.Debug|x64.ActiveCfg = Debug|Any CPU
		{6703D779-45BD-45E8-9483-84AA4D1460A0}.Debug|x64.Build.0 = Debug|Any CPU
		{6703D779-45BD-45E8-9483-84AA4D1460A0}.Debug|x86.ActiveCfg = Debug|Any CPU
		{6703D779-45BD-45E8-9483-84AA4D1460A0}.Debug|x86.Build.0 = Debug|Any CPU
		{6703D779-45BD-45E8-9483-84AA4D1460A0}.Release|Any CPU.ActiveCfg = Release|Any CPU
		{6703D779-45BD-45E8-9483-84AA4D1460A0}.Release|Any CPU.Build.0 = Release|Any CPU
		{6703D779-45BD-45E8-9483-84AA4D1460A0}.Release|x64.ActiveCfg = Release|Any CPU
		{6703D779-45BD-45E8-9483-84AA4D1460A0}.Release|x64.Build.0 = Release|Any CPU
		{6703D779-45BD-45E8-9483-84AA4D1460A0}.Release|x86.ActiveCfg = Release|Any CPU
		{6703D779-45BD-45E8-9483-84AA4D1460A0}.Release|x86.Build.0 = Release|Any CPU
		{1F17F51D-BEBE-479F-AA80-CF4EBBDD1BAC}.Debug|Any CPU.ActiveCfg = Debug|Any CPU
		{1F17F51D-BEBE-479F-AA80-CF4EBBDD1BAC}.Debug|Any CPU.Build.0 = Debug|Any CPU
		{1F17F51D-BEBE-479F-AA80-CF4EBBDD1BAC}.Debug|x64.ActiveCfg = Debug|Any CPU
		{1F17F51D-BEBE-479F-AA80-CF4EBBDD1BAC}.Debug|x64.Build.0 = Debug|Any CPU
		{1F17F51D-BEBE-479F-AA80-CF4EBBDD1BAC}.Debug|x86.ActiveCfg = Debug|Any CPU
		{1F17F51D-BEBE-479F-AA80-CF4EBBDD1BAC}.Debug|x86.Build.0 = Debug|Any CPU
		{1F17F51D-BEBE-479F-AA80-CF4EBBDD1BAC}.Release|Any CPU.ActiveCfg = Release|Any CPU
		{1F17F51D-BEBE-479F-AA80-CF4EBBDD1BAC}.Release|Any CPU.Build.0 = Release|Any CPU
		{1F17F51D-BEBE-479F-AA80-CF4EBBDD1BAC}.Release|x64.ActiveCfg = Release|Any CPU
		{1F17F51D-BEBE-479F-AA80-CF4EBBDD1BAC}.Release|x64.Build.0 = Release|Any CPU
		{1F17F51D-BEBE-479F-AA80-CF4EBBDD1BAC}.Release|x86.ActiveCfg = Release|Any CPU
		{1F17F51D-BEBE-479F-AA80-CF4EBBDD1BAC}.Release|x86.Build.0 = Release|Any CPU
		{52877A9E-4239-463B-B5FE-1DB6D3833311}.Debug|Any CPU.ActiveCfg = Debug|Any CPU
		{52877A9E-4239-463B-B5FE-1DB6D3833311}.Debug|Any CPU.Build.0 = Debug|Any CPU
		{52877A9E-4239-463B-B5FE-1DB6D3833311}.Debug|x64.ActiveCfg = Debug|Any CPU
		{52877A9E-4239-463B-B5FE-1DB6D3833311}.Debug|x64.Build.0 = Debug|Any CPU
		{52877A9E-4239-463B-B5FE-1DB6D3833311}.Debug|x86.ActiveCfg = Debug|Any CPU
		{52877A9E-4239-463B-B5FE-1DB6D3833311}.Debug|x86.Build.0 = Debug|Any CPU
		{52877A9E-4239-463B-B5FE-1DB6D3833311}.Release|Any CPU.ActiveCfg = Release|Any CPU
		{52877A9E-4239-463B-B5FE-1DB6D3833311}.Release|Any CPU.Build.0 = Release|Any CPU
		{52877A9E-4239-463B-B5FE-1DB6D3833311}.Release|x64.ActiveCfg = Release|Any CPU
		{52877A9E-4239-463B-B5FE-1DB6D3833311}.Release|x64.Build.0 = Release|Any CPU
		{52877A9E-4239-463B-B5FE-1DB6D3833311}.Release|x86.ActiveCfg = Release|Any CPU
		{52877A9E-4239-463B-B5FE-1DB6D3833311}.Release|x86.Build.0 = Release|Any CPU
		{17666B40-73F9-4B6C-A38C-64B463C35507}.Debug|Any CPU.ActiveCfg = Debug|Any CPU
		{17666B40-73F9-4B6C-A38C-64B463C35507}.Debug|Any CPU.Build.0 = Debug|Any CPU
		{17666B40-73F9-4B6C-A38C-64B463C35507}.Debug|x64.ActiveCfg = Debug|Any CPU
		{17666B40-73F9-4B6C-A38C-64B463C35507}.Debug|x64.Build.0 = Debug|Any CPU
		{17666B40-73F9-4B6C-A38C-64B463C35507}.Debug|x86.ActiveCfg = Debug|Any CPU
		{17666B40-73F9-4B6C-A38C-64B463C35507}.Debug|x86.Build.0 = Debug|Any CPU
		{17666B40-73F9-4B6C-A38C-64B463C35507}.Release|Any CPU.ActiveCfg = Release|Any CPU
		{17666B40-73F9-4B6C-A38C-64B463C35507}.Release|Any CPU.Build.0 = Release|Any CPU
		{17666B40-73F9-4B6C-A38C-64B463C35507}.Release|x64.ActiveCfg = Release|Any CPU
		{17666B40-73F9-4B6C-A38C-64B463C35507}.Release|x64.Build.0 = Release|Any CPU
		{17666B40-73F9-4B6C-A38C-64B463C35507}.Release|x86.ActiveCfg = Release|Any CPU
		{17666B40-73F9-4B6C-A38C-64B463C35507}.Release|x86.Build.0 = Release|Any CPU
		{6BF74918-026D-4E1B-83E7-98389C55D265}.Debug|Any CPU.ActiveCfg = Debug|Any CPU
		{6BF74918-026D-4E1B-83E7-98389C55D265}.Debug|Any CPU.Build.0 = Debug|Any CPU
		{6BF74918-026D-4E1B-83E7-98389C55D265}.Debug|x64.ActiveCfg = Debug|Any CPU
		{6BF74918-026D-4E1B-83E7-98389C55D265}.Debug|x64.Build.0 = Debug|Any CPU
		{6BF74918-026D-4E1B-83E7-98389C55D265}.Debug|x86.ActiveCfg = Debug|Any CPU
		{6BF74918-026D-4E1B-83E7-98389C55D265}.Debug|x86.Build.0 = Debug|Any CPU
		{6BF74918-026D-4E1B-83E7-98389C55D265}.Release|Any CPU.ActiveCfg = Release|Any CPU
		{6BF74918-026D-4E1B-83E7-98389C55D265}.Release|Any CPU.Build.0 = Release|Any CPU
		{6BF74918-026D-4E1B-83E7-98389C55D265}.Release|x64.ActiveCfg = Release|Any CPU
		{6BF74918-026D-4E1B-83E7-98389C55D265}.Release|x64.Build.0 = Release|Any CPU
		{6BF74918-026D-4E1B-83E7-98389C55D265}.Release|x86.ActiveCfg = Release|Any CPU
		{6BF74918-026D-4E1B-83E7-98389C55D265}.Release|x86.Build.0 = Release|Any CPU
		{86DD35C1-0702-4E90-A3BD-28B65428B1D6}.Debug|Any CPU.ActiveCfg = Debug|Any CPU
		{86DD35C1-0702-4E90-A3BD-28B65428B1D6}.Debug|Any CPU.Build.0 = Debug|Any CPU
		{86DD35C1-0702-4E90-A3BD-28B65428B1D6}.Debug|x64.ActiveCfg = Debug|Any CPU
		{86DD35C1-0702-4E90-A3BD-28B65428B1D6}.Debug|x64.Build.0 = Debug|Any CPU
		{86DD35C1-0702-4E90-A3BD-28B65428B1D6}.Debug|x86.ActiveCfg = Debug|Any CPU
		{86DD35C1-0702-4E90-A3BD-28B65428B1D6}.Debug|x86.Build.0 = Debug|Any CPU
		{86DD35C1-0702-4E90-A3BD-28B65428B1D6}.Release|Any CPU.ActiveCfg = Release|Any CPU
		{86DD35C1-0702-4E90-A3BD-28B65428B1D6}.Release|Any CPU.Build.0 = Release|Any CPU
		{86DD35C1-0702-4E90-A3BD-28B65428B1D6}.Release|x64.ActiveCfg = Release|Any CPU
		{86DD35C1-0702-4E90-A3BD-28B65428B1D6}.Release|x64.Build.0 = Release|Any CPU
		{86DD35C1-0702-4E90-A3BD-28B65428B1D6}.Release|x86.ActiveCfg = Release|Any CPU
		{86DD35C1-0702-4E90-A3BD-28B65428B1D6}.Release|x86.Build.0 = Release|Any CPU
		{A0E576B4-EB36-4468-A20E-F0028CAEA78C}.Debug|Any CPU.ActiveCfg = Debug|Any CPU
		{A0E576B4-EB36-4468-A20E-F0028CAEA78C}.Debug|Any CPU.Build.0 = Debug|Any CPU
		{A0E576B4-EB36-4468-A20E-F0028CAEA78C}.Debug|x64.ActiveCfg = Debug|Any CPU
		{A0E576B4-EB36-4468-A20E-F0028CAEA78C}.Debug|x64.Build.0 = Debug|Any CPU
		{A0E576B4-EB36-4468-A20E-F0028CAEA78C}.Debug|x86.ActiveCfg = Debug|Any CPU
		{A0E576B4-EB36-4468-A20E-F0028CAEA78C}.Debug|x86.Build.0 = Debug|Any CPU
		{A0E576B4-EB36-4468-A20E-F0028CAEA78C}.Release|Any CPU.ActiveCfg = Release|Any CPU
		{A0E576B4-EB36-4468-A20E-F0028CAEA78C}.Release|Any CPU.Build.0 = Release|Any CPU
		{A0E576B4-EB36-4468-A20E-F0028CAEA78C}.Release|x64.ActiveCfg = Release|Any CPU
		{A0E576B4-EB36-4468-A20E-F0028CAEA78C}.Release|x64.Build.0 = Release|Any CPU
		{A0E576B4-EB36-4468-A20E-F0028CAEA78C}.Release|x86.ActiveCfg = Release|Any CPU
		{A0E576B4-EB36-4468-A20E-F0028CAEA78C}.Release|x86.Build.0 = Release|Any CPU
		{BE1857B8-C326-42FC-A1B1-7BCBA489A6CC}.Debug|Any CPU.ActiveCfg = Debug|Any CPU
		{BE1857B8-C326-42FC-A1B1-7BCBA489A6CC}.Debug|Any CPU.Build.0 = Debug|Any CPU
		{BE1857B8-C326-42FC-A1B1-7BCBA489A6CC}.Debug|x64.ActiveCfg = Debug|Any CPU
		{BE1857B8-C326-42FC-A1B1-7BCBA489A6CC}.Debug|x64.Build.0 = Debug|Any CPU
		{BE1857B8-C326-42FC-A1B1-7BCBA489A6CC}.Debug|x86.ActiveCfg = Debug|Any CPU
		{BE1857B8-C326-42FC-A1B1-7BCBA489A6CC}.Debug|x86.Build.0 = Debug|Any CPU
		{BE1857B8-C326-42FC-A1B1-7BCBA489A6CC}.Release|Any CPU.ActiveCfg = Release|Any CPU
		{BE1857B8-C326-42FC-A1B1-7BCBA489A6CC}.Release|Any CPU.Build.0 = Release|Any CPU
		{BE1857B8-C326-42FC-A1B1-7BCBA489A6CC}.Release|x64.ActiveCfg = Release|Any CPU
		{BE1857B8-C326-42FC-A1B1-7BCBA489A6CC}.Release|x64.Build.0 = Release|Any CPU
		{BE1857B8-C326-42FC-A1B1-7BCBA489A6CC}.Release|x86.ActiveCfg = Release|Any CPU
		{BE1857B8-C326-42FC-A1B1-7BCBA489A6CC}.Release|x86.Build.0 = Release|Any CPU
		{F949ABC9-E8D8-4E8C-9633-D54864CB1EF1}.Debug|Any CPU.ActiveCfg = Debug|Any CPU
		{F949ABC9-E8D8-4E8C-9633-D54864CB1EF1}.Debug|Any CPU.Build.0 = Debug|Any CPU
		{F949ABC9-E8D8-4E8C-9633-D54864CB1EF1}.Debug|x64.ActiveCfg = Debug|Any CPU
		{F949ABC9-E8D8-4E8C-9633-D54864CB1EF1}.Debug|x64.Build.0 = Debug|Any CPU
		{F949ABC9-E8D8-4E8C-9633-D54864CB1EF1}.Debug|x86.ActiveCfg = Debug|Any CPU
		{F949ABC9-E8D8-4E8C-9633-D54864CB1EF1}.Debug|x86.Build.0 = Debug|Any CPU
		{F949ABC9-E8D8-4E8C-9633-D54864CB1EF1}.Release|Any CPU.ActiveCfg = Release|Any CPU
		{F949ABC9-E8D8-4E8C-9633-D54864CB1EF1}.Release|Any CPU.Build.0 = Release|Any CPU
		{F949ABC9-E8D8-4E8C-9633-D54864CB1EF1}.Release|x64.ActiveCfg = Release|Any CPU
		{F949ABC9-E8D8-4E8C-9633-D54864CB1EF1}.Release|x64.Build.0 = Release|Any CPU
		{F949ABC9-E8D8-4E8C-9633-D54864CB1EF1}.Release|x86.ActiveCfg = Release|Any CPU
		{F949ABC9-E8D8-4E8C-9633-D54864CB1EF1}.Release|x86.Build.0 = Release|Any CPU
		{DD7C7EDA-B3B1-46C1-8A3E-D29A93087DE7}.Debug|Any CPU.ActiveCfg = Debug|Any CPU
		{DD7C7EDA-B3B1-46C1-8A3E-D29A93087DE7}.Debug|Any CPU.Build.0 = Debug|Any CPU
		{DD7C7EDA-B3B1-46C1-8A3E-D29A93087DE7}.Debug|x64.ActiveCfg = Debug|Any CPU
		{DD7C7EDA-B3B1-46C1-8A3E-D29A93087DE7}.Debug|x64.Build.0 = Debug|Any CPU
		{DD7C7EDA-B3B1-46C1-8A3E-D29A93087DE7}.Debug|x86.ActiveCfg = Debug|Any CPU
		{DD7C7EDA-B3B1-46C1-8A3E-D29A93087DE7}.Debug|x86.Build.0 = Debug|Any CPU
		{DD7C7EDA-B3B1-46C1-8A3E-D29A93087DE7}.Release|Any CPU.ActiveCfg = Release|Any CPU
		{DD7C7EDA-B3B1-46C1-8A3E-D29A93087DE7}.Release|Any CPU.Build.0 = Release|Any CPU
		{DD7C7EDA-B3B1-46C1-8A3E-D29A93087DE7}.Release|x64.ActiveCfg = Release|Any CPU
		{DD7C7EDA-B3B1-46C1-8A3E-D29A93087DE7}.Release|x64.Build.0 = Release|Any CPU
		{DD7C7EDA-B3B1-46C1-8A3E-D29A93087DE7}.Release|x86.ActiveCfg = Release|Any CPU
		{DD7C7EDA-B3B1-46C1-8A3E-D29A93087DE7}.Release|x86.Build.0 = Release|Any CPU
		{E8BF88E2-6509-4B2A-ADC3-0124E4ECB0E4}.Debug|Any CPU.ActiveCfg = Debug|Any CPU
		{E8BF88E2-6509-4B2A-ADC3-0124E4ECB0E4}.Debug|Any CPU.Build.0 = Debug|Any CPU
		{E8BF88E2-6509-4B2A-ADC3-0124E4ECB0E4}.Debug|x64.ActiveCfg = Debug|Any CPU
		{E8BF88E2-6509-4B2A-ADC3-0124E4ECB0E4}.Debug|x64.Build.0 = Debug|Any CPU
		{E8BF88E2-6509-4B2A-ADC3-0124E4ECB0E4}.Debug|x86.ActiveCfg = Debug|Any CPU
		{E8BF88E2-6509-4B2A-ADC3-0124E4ECB0E4}.Debug|x86.Build.0 = Debug|Any CPU
		{E8BF88E2-6509-4B2A-ADC3-0124E4ECB0E4}.Release|Any CPU.ActiveCfg = Release|Any CPU
		{E8BF88E2-6509-4B2A-ADC3-0124E4ECB0E4}.Release|Any CPU.Build.0 = Release|Any CPU
		{E8BF88E2-6509-4B2A-ADC3-0124E4ECB0E4}.Release|x64.ActiveCfg = Release|Any CPU
		{E8BF88E2-6509-4B2A-ADC3-0124E4ECB0E4}.Release|x64.Build.0 = Release|Any CPU
		{E8BF88E2-6509-4B2A-ADC3-0124E4ECB0E4}.Release|x86.ActiveCfg = Release|Any CPU
		{E8BF88E2-6509-4B2A-ADC3-0124E4ECB0E4}.Release|x86.Build.0 = Release|Any CPU
		{C2D67643-EA82-4774-B6C9-534BA227D29F}.Debug|Any CPU.ActiveCfg = Debug|Any CPU
		{C2D67643-EA82-4774-B6C9-534BA227D29F}.Debug|Any CPU.Build.0 = Debug|Any CPU
		{C2D67643-EA82-4774-B6C9-534BA227D29F}.Debug|x64.ActiveCfg = Debug|Any CPU
		{C2D67643-EA82-4774-B6C9-534BA227D29F}.Debug|x64.Build.0 = Debug|Any CPU
		{C2D67643-EA82-4774-B6C9-534BA227D29F}.Debug|x86.ActiveCfg = Debug|Any CPU
		{C2D67643-EA82-4774-B6C9-534BA227D29F}.Debug|x86.Build.0 = Debug|Any CPU
		{C2D67643-EA82-4774-B6C9-534BA227D29F}.Release|Any CPU.ActiveCfg = Release|Any CPU
		{C2D67643-EA82-4774-B6C9-534BA227D29F}.Release|Any CPU.Build.0 = Release|Any CPU
		{C2D67643-EA82-4774-B6C9-534BA227D29F}.Release|x64.ActiveCfg = Release|Any CPU
		{C2D67643-EA82-4774-B6C9-534BA227D29F}.Release|x64.Build.0 = Release|Any CPU
		{C2D67643-EA82-4774-B6C9-534BA227D29F}.Release|x86.ActiveCfg = Release|Any CPU
		{C2D67643-EA82-4774-B6C9-534BA227D29F}.Release|x86.Build.0 = Release|Any CPU
		{8D7E0EBC-893C-4755-A41D-FCF16EE82BD0}.Debug|Any CPU.ActiveCfg = Debug|Any CPU
		{8D7E0EBC-893C-4755-A41D-FCF16EE82BD0}.Debug|Any CPU.Build.0 = Debug|Any CPU
		{8D7E0EBC-893C-4755-A41D-FCF16EE82BD0}.Debug|x64.ActiveCfg = Debug|Any CPU
		{8D7E0EBC-893C-4755-A41D-FCF16EE82BD0}.Debug|x64.Build.0 = Debug|Any CPU
		{8D7E0EBC-893C-4755-A41D-FCF16EE82BD0}.Debug|x86.ActiveCfg = Debug|Any CPU
		{8D7E0EBC-893C-4755-A41D-FCF16EE82BD0}.Debug|x86.Build.0 = Debug|Any CPU
		{8D7E0EBC-893C-4755-A41D-FCF16EE82BD0}.Release|Any CPU.ActiveCfg = Release|Any CPU
		{8D7E0EBC-893C-4755-A41D-FCF16EE82BD0}.Release|Any CPU.Build.0 = Release|Any CPU
		{8D7E0EBC-893C-4755-A41D-FCF16EE82BD0}.Release|x64.ActiveCfg = Release|Any CPU
		{8D7E0EBC-893C-4755-A41D-FCF16EE82BD0}.Release|x64.Build.0 = Release|Any CPU
		{8D7E0EBC-893C-4755-A41D-FCF16EE82BD0}.Release|x86.ActiveCfg = Release|Any CPU
		{8D7E0EBC-893C-4755-A41D-FCF16EE82BD0}.Release|x86.Build.0 = Release|Any CPU
		{D535860C-5A61-49FD-A111-4269148E45E3}.Debug|Any CPU.ActiveCfg = Debug|Any CPU
		{D535860C-5A61-49FD-A111-4269148E45E3}.Debug|Any CPU.Build.0 = Debug|Any CPU
		{D535860C-5A61-49FD-A111-4269148E45E3}.Debug|x64.ActiveCfg = Debug|Any CPU
		{D535860C-5A61-49FD-A111-4269148E45E3}.Debug|x64.Build.0 = Debug|Any CPU
		{D535860C-5A61-49FD-A111-4269148E45E3}.Debug|x86.ActiveCfg = Debug|Any CPU
		{D535860C-5A61-49FD-A111-4269148E45E3}.Debug|x86.Build.0 = Debug|Any CPU
		{D535860C-5A61-49FD-A111-4269148E45E3}.Release|Any CPU.ActiveCfg = Release|Any CPU
		{D535860C-5A61-49FD-A111-4269148E45E3}.Release|Any CPU.Build.0 = Release|Any CPU
		{D535860C-5A61-49FD-A111-4269148E45E3}.Release|x64.ActiveCfg = Release|Any CPU
		{D535860C-5A61-49FD-A111-4269148E45E3}.Release|x64.Build.0 = Release|Any CPU
		{D535860C-5A61-49FD-A111-4269148E45E3}.Release|x86.ActiveCfg = Release|Any CPU
		{D535860C-5A61-49FD-A111-4269148E45E3}.Release|x86.Build.0 = Release|Any CPU
		{75E1F4CF-7464-4376-B799-106A594D00CC}.Debug|Any CPU.ActiveCfg = Debug|Any CPU
		{75E1F4CF-7464-4376-B799-106A594D00CC}.Debug|Any CPU.Build.0 = Debug|Any CPU
		{75E1F4CF-7464-4376-B799-106A594D00CC}.Debug|x64.ActiveCfg = Debug|Any CPU
		{75E1F4CF-7464-4376-B799-106A594D00CC}.Debug|x64.Build.0 = Debug|Any CPU
		{75E1F4CF-7464-4376-B799-106A594D00CC}.Debug|x86.ActiveCfg = Debug|Any CPU
		{75E1F4CF-7464-4376-B799-106A594D00CC}.Debug|x86.Build.0 = Debug|Any CPU
		{75E1F4CF-7464-4376-B799-106A594D00CC}.Release|Any CPU.ActiveCfg = Release|Any CPU
		{75E1F4CF-7464-4376-B799-106A594D00CC}.Release|Any CPU.Build.0 = Release|Any CPU
		{75E1F4CF-7464-4376-B799-106A594D00CC}.Release|x64.ActiveCfg = Release|Any CPU
		{75E1F4CF-7464-4376-B799-106A594D00CC}.Release|x64.Build.0 = Release|Any CPU
		{75E1F4CF-7464-4376-B799-106A594D00CC}.Release|x86.ActiveCfg = Release|Any CPU
		{75E1F4CF-7464-4376-B799-106A594D00CC}.Release|x86.Build.0 = Release|Any CPU
		{656C56DE-3EF0-4B38-9D31-E77F6761A198}.Debug|Any CPU.ActiveCfg = Debug|Any CPU
		{656C56DE-3EF0-4B38-9D31-E77F6761A198}.Debug|Any CPU.Build.0 = Debug|Any CPU
		{656C56DE-3EF0-4B38-9D31-E77F6761A198}.Debug|x64.ActiveCfg = Debug|Any CPU
		{656C56DE-3EF0-4B38-9D31-E77F6761A198}.Debug|x64.Build.0 = Debug|Any CPU
		{656C56DE-3EF0-4B38-9D31-E77F6761A198}.Debug|x86.ActiveCfg = Debug|Any CPU
		{656C56DE-3EF0-4B38-9D31-E77F6761A198}.Debug|x86.Build.0 = Debug|Any CPU
		{656C56DE-3EF0-4B38-9D31-E77F6761A198}.Release|Any CPU.ActiveCfg = Release|Any CPU
		{656C56DE-3EF0-4B38-9D31-E77F6761A198}.Release|Any CPU.Build.0 = Release|Any CPU
		{656C56DE-3EF0-4B38-9D31-E77F6761A198}.Release|x64.ActiveCfg = Release|Any CPU
		{656C56DE-3EF0-4B38-9D31-E77F6761A198}.Release|x64.Build.0 = Release|Any CPU
		{656C56DE-3EF0-4B38-9D31-E77F6761A198}.Release|x86.ActiveCfg = Release|Any CPU
		{656C56DE-3EF0-4B38-9D31-E77F6761A198}.Release|x86.Build.0 = Release|Any CPU
		{D8632AA5-C300-4C11-8DFF-39D180C1067E}.Debug|Any CPU.ActiveCfg = Debug|Any CPU
		{D8632AA5-C300-4C11-8DFF-39D180C1067E}.Debug|Any CPU.Build.0 = Debug|Any CPU
		{D8632AA5-C300-4C11-8DFF-39D180C1067E}.Debug|x64.ActiveCfg = Debug|Any CPU
		{D8632AA5-C300-4C11-8DFF-39D180C1067E}.Debug|x64.Build.0 = Debug|Any CPU
		{D8632AA5-C300-4C11-8DFF-39D180C1067E}.Debug|x86.ActiveCfg = Debug|Any CPU
		{D8632AA5-C300-4C11-8DFF-39D180C1067E}.Debug|x86.Build.0 = Debug|Any CPU
		{D8632AA5-C300-4C11-8DFF-39D180C1067E}.Release|Any CPU.ActiveCfg = Release|Any CPU
		{D8632AA5-C300-4C11-8DFF-39D180C1067E}.Release|Any CPU.Build.0 = Release|Any CPU
		{D8632AA5-C300-4C11-8DFF-39D180C1067E}.Release|x64.ActiveCfg = Release|Any CPU
		{D8632AA5-C300-4C11-8DFF-39D180C1067E}.Release|x64.Build.0 = Release|Any CPU
		{D8632AA5-C300-4C11-8DFF-39D180C1067E}.Release|x86.ActiveCfg = Release|Any CPU
		{D8632AA5-C300-4C11-8DFF-39D180C1067E}.Release|x86.Build.0 = Release|Any CPU
		{FB4D149B-B2A3-4A63-84C0-A2297BFED866}.Debug|Any CPU.ActiveCfg = Debug|Any CPU
		{FB4D149B-B2A3-4A63-84C0-A2297BFED866}.Debug|Any CPU.Build.0 = Debug|Any CPU
		{FB4D149B-B2A3-4A63-84C0-A2297BFED866}.Debug|x64.ActiveCfg = Debug|Any CPU
		{FB4D149B-B2A3-4A63-84C0-A2297BFED866}.Debug|x64.Build.0 = Debug|Any CPU
		{FB4D149B-B2A3-4A63-84C0-A2297BFED866}.Debug|x86.ActiveCfg = Debug|Any CPU
		{FB4D149B-B2A3-4A63-84C0-A2297BFED866}.Debug|x86.Build.0 = Debug|Any CPU
		{FB4D149B-B2A3-4A63-84C0-A2297BFED866}.Release|Any CPU.ActiveCfg = Release|Any CPU
		{FB4D149B-B2A3-4A63-84C0-A2297BFED866}.Release|Any CPU.Build.0 = Release|Any CPU
		{FB4D149B-B2A3-4A63-84C0-A2297BFED866}.Release|x64.ActiveCfg = Release|Any CPU
		{FB4D149B-B2A3-4A63-84C0-A2297BFED866}.Release|x64.Build.0 = Release|Any CPU
		{FB4D149B-B2A3-4A63-84C0-A2297BFED866}.Release|x86.ActiveCfg = Release|Any CPU
		{FB4D149B-B2A3-4A63-84C0-A2297BFED866}.Release|x86.Build.0 = Release|Any CPU
		{8A381AF4-77F9-499D-9906-427E6259D343}.Debug|Any CPU.ActiveCfg = Debug|Any CPU
		{8A381AF4-77F9-499D-9906-427E6259D343}.Debug|Any CPU.Build.0 = Debug|Any CPU
		{8A381AF4-77F9-499D-9906-427E6259D343}.Debug|x64.ActiveCfg = Debug|Any CPU
		{8A381AF4-77F9-499D-9906-427E6259D343}.Debug|x64.Build.0 = Debug|Any CPU
		{8A381AF4-77F9-499D-9906-427E6259D343}.Debug|x86.ActiveCfg = Debug|Any CPU
		{8A381AF4-77F9-499D-9906-427E6259D343}.Debug|x86.Build.0 = Debug|Any CPU
		{8A381AF4-77F9-499D-9906-427E6259D343}.Release|Any CPU.ActiveCfg = Release|Any CPU
		{8A381AF4-77F9-499D-9906-427E6259D343}.Release|Any CPU.Build.0 = Release|Any CPU
		{8A381AF4-77F9-499D-9906-427E6259D343}.Release|x64.ActiveCfg = Release|Any CPU
		{8A381AF4-77F9-499D-9906-427E6259D343}.Release|x64.Build.0 = Release|Any CPU
		{8A381AF4-77F9-499D-9906-427E6259D343}.Release|x86.ActiveCfg = Release|Any CPU
		{8A381AF4-77F9-499D-9906-427E6259D343}.Release|x86.Build.0 = Release|Any CPU
		{5EAC3903-F344-4013-B628-53B1FFD01C0D}.Debug|Any CPU.ActiveCfg = Debug|Any CPU
		{5EAC3903-F344-4013-B628-53B1FFD01C0D}.Debug|Any CPU.Build.0 = Debug|Any CPU
		{5EAC3903-F344-4013-B628-53B1FFD01C0D}.Debug|x64.ActiveCfg = Debug|Any CPU
		{5EAC3903-F344-4013-B628-53B1FFD01C0D}.Debug|x64.Build.0 = Debug|Any CPU
		{5EAC3903-F344-4013-B628-53B1FFD01C0D}.Debug|x86.ActiveCfg = Debug|Any CPU
		{5EAC3903-F344-4013-B628-53B1FFD01C0D}.Debug|x86.Build.0 = Debug|Any CPU
		{5EAC3903-F344-4013-B628-53B1FFD01C0D}.Release|Any CPU.ActiveCfg = Release|Any CPU
		{5EAC3903-F344-4013-B628-53B1FFD01C0D}.Release|Any CPU.Build.0 = Release|Any CPU
		{5EAC3903-F344-4013-B628-53B1FFD01C0D}.Release|x64.ActiveCfg = Release|Any CPU
		{5EAC3903-F344-4013-B628-53B1FFD01C0D}.Release|x64.Build.0 = Release|Any CPU
		{5EAC3903-F344-4013-B628-53B1FFD01C0D}.Release|x86.ActiveCfg = Release|Any CPU
		{5EAC3903-F344-4013-B628-53B1FFD01C0D}.Release|x86.Build.0 = Release|Any CPU
	EndGlobalSection
	GlobalSection(SolutionProperties) = preSolution
		HideSolutionNode = FALSE
	EndGlobalSection
	GlobalSection(NestedProjects) = preSolution
		{9AFE009A-4DBA-4E3F-A9A8-F96374A7D0A1} = {15FE0574-4E50-386F-9737-43B5535C258B}
		{B1CA6440-44F3-4AEC-80C9-E6312AA7750E} = {15FE0574-4E50-386F-9737-43B5535C258B}
		{39922816-C10C-480D-8423-31F77A3DDF59} = {15FE0574-4E50-386F-9737-43B5535C258B}
		{BAC6C250-DD5D-4E59-9882-F4763D830C9E} = {15FE0574-4E50-386F-9737-43B5535C258B}
		{174F9246-4F64-4790-A077-135CD579C87F} = {15FE0574-4E50-386F-9737-43B5535C258B}
		{1D7FFFDD-24F0-4151-8FB8-971BF5355CCE} = {7F76C13B-6351-DF99-A2D0-6CC73E485199}
		{208D116E-4AFE-4D35-8395-91F55A97A3DB} = {7F76C13B-6351-DF99-A2D0-6CC73E485199}
		{16A8B709-02CA-4452-80DB-1770F1241A13} = {A9431809-D8E9-475A-2AAA-895F3FFC654B}
		{51889C4D-F594-4FBD-AC1D-A2EDD937227D} = {A9431809-D8E9-475A-2AAA-895F3FFC654B}
		{837E38E5-8085-4EDE-ABB6-E94301B5B81D} = {A9431809-D8E9-475A-2AAA-895F3FFC654B}
		{1292B1B1-7F78-4CD5-ACB8-2F66F4E17136} = {A9431809-D8E9-475A-2AAA-895F3FFC654B}
		{34DB89FF-B072-40FB-92DB-BD3BE40856DA} = {A9431809-D8E9-475A-2AAA-895F3FFC654B}
		{1E4855CA-1DAC-4EBD-B835-A535914F461D} = {A9431809-D8E9-475A-2AAA-895F3FFC654B}
		{4424ED0A-5AB2-4E1C-84D3-48DC50F56935} = {A9431809-D8E9-475A-2AAA-895F3FFC654B}
		{6703D779-45BD-45E8-9483-84AA4D1460A0} = {A9431809-D8E9-475A-2AAA-895F3FFC654B}
		{1F17F51D-BEBE-479F-AA80-CF4EBBDD1BAC} = {A9431809-D8E9-475A-2AAA-895F3FFC654B}
		{52877A9E-4239-463B-B5FE-1DB6D3833311} = {A9431809-D8E9-475A-2AAA-895F3FFC654B}
		{17666B40-73F9-4B6C-A38C-64B463C35507} = {A9431809-D8E9-475A-2AAA-895F3FFC654B}
		{6BF74918-026D-4E1B-83E7-98389C55D265} = {A9431809-D8E9-475A-2AAA-895F3FFC654B}
		{86DD35C1-0702-4E90-A3BD-28B65428B1D6} = {A9431809-D8E9-475A-2AAA-895F3FFC654B}
		{A0E576B4-EB36-4468-A20E-F0028CAEA78C} = {A9431809-D8E9-475A-2AAA-895F3FFC654B}
		{BE1857B8-C326-42FC-A1B1-7BCBA489A6CC} = {A9431809-D8E9-475A-2AAA-895F3FFC654B}
		{F949ABC9-E8D8-4E8C-9633-D54864CB1EF1} = {A9431809-D8E9-475A-2AAA-895F3FFC654B}
		{DD7C7EDA-B3B1-46C1-8A3E-D29A93087DE7} = {A9431809-D8E9-475A-2AAA-895F3FFC654B}
		{E8BF88E2-6509-4B2A-ADC3-0124E4ECB0E4} = {A9431809-D8E9-475A-2AAA-895F3FFC654B}
		{C2D67643-EA82-4774-B6C9-534BA227D29F} = {A9431809-D8E9-475A-2AAA-895F3FFC654B}
		{8D7E0EBC-893C-4755-A41D-FCF16EE82BD0} = {A9431809-D8E9-475A-2AAA-895F3FFC654B}
		{D535860C-5A61-49FD-A111-4269148E45E3} = {D7B491A9-3F8C-3590-8CA7-ED26D3346330}
		{75E1F4CF-7464-4376-B799-106A594D00CC} = {D7B491A9-3F8C-3590-8CA7-ED26D3346330}
		{656C56DE-3EF0-4B38-9D31-E77F6761A198} = {D7B491A9-3F8C-3590-8CA7-ED26D3346330}
		{D8632AA5-C300-4C11-8DFF-39D180C1067E} = {D7B491A9-3F8C-3590-8CA7-ED26D3346330}
		{FB4D149B-B2A3-4A63-84C0-A2297BFED866} = {D7B491A9-3F8C-3590-8CA7-ED26D3346330}
		{8A381AF4-77F9-499D-9906-427E6259D343} = {37744964-2113-1F90-16D9-34EECBF97F0A}
		{5EAC3903-F344-4013-B628-53B1FFD01C0D} = {37744964-2113-1F90-16D9-34EECBF97F0A}
	EndGlobalSection
EndGlobal
