
Microsoft Visual Studio Solution File, Format Version 12.00
# Visual Studio Version 17
VisualStudioVersion = 17.0.31903.59
MinimumVisualStudioVersion = 10.0.40219.1
Project("{FAE04EC0-301F-11D3-BF4B-00C04F79EFBC}") = "Synergos.CMS.Interfaces", "Synergos.CMS.Interfaces\Synergos.CMS.Interfaces.csproj", "{72AF0BD1-C1D0-4F1C-B0C3-BE59B84AF095}"
EndProject
Project("{FAE04EC0-301F-11D3-BF4B-00C04F79EFBC}") = "Synergos.CMS.Application", "Synergos.CMS.Application\Synergos.CMS.Application.csproj", "{275F2D24-F5D5-42E0-9938-6EB63E3F40BC}"
EndProject
Project("{FAE04EC0-301F-11D3-BF4B-00C04F79EFBC}") = "Synergos.CMS.Web", "Synergos.CMS.Web\Synergos.CMS.Web.csproj", "{2DB8065C-E410-423E-82FE-C12E1B34FA02}"
EndProject
Project("{FAE04EC0-301F-11D3-BF4B-00C04F79EFBC}") = "Synergos.CMS.Benchmarks", "Synergos.CMS.Benchmarks\Synergos.CMS.Benchmarks.csproj", "{7834BA90-0363-492C-8E61-5D8A1F3BBEEC}"
EndProject
Project("{FAE04EC0-301F-11D3-BF4B-00C04F79EFBC}") = "Synergos.CMS.Tests", "Synergos.CMS.Tests\Synergos.CMS.Tests.csproj", "{B627EEAE-01AB-491C-B9F4-B9E63569F5B4}"
EndProject
Global
	GlobalSection(SolutionConfigurationPlatforms) = preSolution
		Debug|Any CPU = Debug|Any CPU
		Debug|x64 = Debug|x64
		Debug|x86 = Debug|x86
		Release|Any CPU = Release|Any CPU
		Release|x64 = Release|x64
		Release|x86 = Release|x86
	EndGlobalSection
	GlobalSection(ProjectConfigurationPlatforms) = postSolution
		{72AF0BD1-C1D0-4F1C-B0C3-BE59B84AF095}.Debug|Any CPU.ActiveCfg = Debug|Any CPU
		{72AF0BD1-C1D0-4F1C-B0C3-BE59B84AF095}.Debug|Any CPU.Build.0 = Debug|Any CPU
		{72AF0BD1-C1D0-4F1C-B0C3-BE59B84AF095}.Debug|x64.ActiveCfg = Debug|Any CPU
		{72AF0BD1-C1D0-4F1C-B0C3-BE59B84AF095}.Debug|x64.Build.0 = Debug|Any CPU
		{72AF0BD1-C1D0-4F1C-B0C3-BE59B84AF095}.Debug|x86.ActiveCfg = Debug|Any CPU
		{72AF0BD1-C1D0-4F1C-B0C3-BE59B84AF095}.Debug|x86.Build.0 = Debug|Any CPU
		{72AF0BD1-C1D0-4F1C-B0C3-BE59B84AF095}.Release|Any CPU.ActiveCfg = Release|Any CPU
		{72AF0BD1-C1D0-4F1C-B0C3-BE59B84AF095}.Release|Any CPU.Build.0 = Release|Any CPU
		{72AF0BD1-C1D0-4F1C-B0C3-BE59B84AF095}.Release|x64.ActiveCfg = Release|Any CPU
		{72AF0BD1-C1D0-4F1C-B0C3-BE59B84AF095}.Release|x64.Build.0 = Release|Any CPU
		{72AF0BD1-C1D0-4F1C-B0C3-BE59B84AF095}.Release|x86.ActiveCfg = Release|Any CPU
		{72AF0BD1-C1D0-4F1C-B0C3-BE59B84AF095}.Release|x86.Build.0 = Release|Any CPU
		{275F2D24-F5D5-42E0-9938-6EB63E3F40BC}.Debug|Any CPU.ActiveCfg = Debug|Any CPU
		{275F2D24-F5D5-42E0-9938-6EB63E3F40BC}.Debug|Any CPU.Build.0 = Debug|Any CPU
		{275F2D24-F5D5-42E0-9938-6EB63E3F40BC}.Debug|x64.ActiveCfg = Debug|Any CPU
		{275F2D24-F5D5-42E0-9938-6EB63E3F40BC}.Debug|x64.Build.0 = Debug|Any CPU
		{275F2D24-F5D5-42E0-9938-6EB63E3F40BC}.Debug|x86.ActiveCfg = Debug|Any CPU
		{275F2D24-F5D5-42E0-9938-6EB63E3F40BC}.Debug|x86.Build.0 = Debug|Any CPU
		{275F2D24-F5D5-42E0-9938-6EB63E3F40BC}.Release|Any CPU.ActiveCfg = Release|Any CPU
		{275F2D24-F5D5-42E0-9938-6EB63E3F40BC}.Release|Any CPU.Build.0 = Release|Any CPU
		{275F2D24-F5D5-42E0-9938-6EB63E3F40BC}.Release|x64.ActiveCfg = Release|Any CPU
		{275F2D24-F5D5-42E0-9938-6EB63E3F40BC}.Release|x64.Build.0 = Release|Any CPU
		{275F2D24-F5D5-42E0-9938-6EB63E3F40BC}.Release|x86.ActiveCfg = Release|Any CPU
		{275F2D24-F5D5-42E0-9938-6EB63E3F40BC}.Release|x86.Build.0 = Release|Any CPU
		{2DB8065C-E410-423E-82FE-C12E1B34FA02}.Debug|Any CPU.ActiveCfg = Debug|Any CPU
		{2DB8065C-E410-423E-82FE-C12E1B34FA02}.Debug|Any CPU.Build.0 = Debug|Any CPU
		{2DB8065C-E410-423E-82FE-C12E1B34FA02}.Debug|x64.ActiveCfg = Debug|Any CPU
		{2DB8065C-E410-423E-82FE-C12E1B34FA02}.Debug|x64.Build.0 = Debug|Any CPU
		{2DB8065C-E410-423E-82FE-C12E1B34FA02}.Debug|x86.ActiveCfg = Debug|Any CPU
		{2DB8065C-E410-423E-82FE-C12E1B34FA02}.Debug|x86.Build.0 = Debug|Any CPU
		{2DB8065C-E410-423E-82FE-C12E1B34FA02}.Release|Any CPU.ActiveCfg = Release|Any CPU
		{2DB8065C-E410-423E-82FE-C12E1B34FA02}.Release|Any CPU.Build.0 = Release|Any CPU
		{2DB8065C-E410-423E-82FE-C12E1B34FA02}.Release|x64.ActiveCfg = Release|Any CPU
		{2DB8065C-E410-423E-82FE-C12E1B34FA02}.Release|x64.Build.0 = Release|Any CPU
		{2DB8065C-E410-423E-82FE-C12E1B34FA02}.Release|x86.ActiveCfg = Release|Any CPU
		{2DB8065C-E410-423E-82FE-C12E1B34FA02}.Release|x86.Build.0 = Release|Any CPU
		{7834BA90-0363-492C-8E61-5D8A1F3BBEEC}.Debug|Any CPU.ActiveCfg = Debug|Any CPU
		{7834BA90-0363-492C-8E61-5D8A1F3BBEEC}.Debug|Any CPU.Build.0 = Debug|Any CPU
		{7834BA90-0363-492C-8E61-5D8A1F3BBEEC}.Debug|x64.ActiveCfg = Debug|Any CPU
		{7834BA90-0363-492C-8E61-5D8A1F3BBEEC}.Debug|x64.Build.0 = Debug|Any CPU
		{7834BA90-0363-492C-8E61-5D8A1F3BBEEC}.Debug|x86.ActiveCfg = Debug|Any CPU
		{7834BA90-0363-492C-8E61-5D8A1F3BBEEC}.Debug|x86.Build.0 = Debug|Any CPU
		{7834BA90-0363-492C-8E61-5D8A1F3BBEEC}.Release|Any CPU.ActiveCfg = Release|Any CPU
		{7834BA90-0363-492C-8E61-5D8A1F3BBEEC}.Release|Any CPU.Build.0 = Release|Any CPU
		{7834BA90-0363-492C-8E61-5D8A1F3BBEEC}.Release|x64.ActiveCfg = Release|Any CPU
		{7834BA90-0363-492C-8E61-5D8A1F3BBEEC}.Release|x64.Build.0 = Release|Any CPU
		{7834BA90-0363-492C-8E61-5D8A1F3BBEEC}.Release|x86.ActiveCfg = Release|Any CPU
		{7834BA90-0363-492C-8E61-5D8A1F3BBEEC}.Release|x86.Build.0 = Release|Any CPU
		{B627EEAE-01AB-491C-B9F4-B9E63569F5B4}.Debug|Any CPU.ActiveCfg = Debug|Any CPU
		{B627EEAE-01AB-491C-B9F4-B9E63569F5B4}.Debug|Any CPU.Build.0 = Debug|Any CPU
		{B627EEAE-01AB-491C-B9F4-B9E63569F5B4}.Debug|x64.ActiveCfg = Debug|Any CPU
		{B627EEAE-01AB-491C-B9F4-B9E63569F5B4}.Debug|x64.Build.0 = Debug|Any CPU
		{B627EEAE-01AB-491C-B9F4-B9E63569F5B4}.Debug|x86.ActiveCfg = Debug|Any CPU
		{B627EEAE-01AB-491C-B9F4-B9E63569F5B4}.Debug|x86.Build.0 = Debug|Any CPU
		{B627EEAE-01AB-491C-B9F4-B9E63569F5B4}.Release|Any CPU.ActiveCfg = Release|Any CPU
		{B627EEAE-01AB-491C-B9F4-B9E63569F5B4}.Release|Any CPU.Build.0 = Release|Any CPU
		{B627EEAE-01AB-491C-B9F4-B9E63569F5B4}.Release|x64.ActiveCfg = Release|Any CPU
		{B627EEAE-01AB-491C-B9F4-B9E63569F5B4}.Release|x64.Build.0 = Release|Any CPU
		{B627EEAE-01AB-491C-B9F4-B9E63569F5B4}.Release|x86.ActiveCfg = Release|Any CPU
		{B627EEAE-01AB-491C-B9F4-B9E63569F5B4}.Release|x86.Build.0 = Release|Any CPU
	EndGlobalSection
	GlobalSection(SolutionProperties) = preSolution
		HideSolutionNode = FALSE
	EndGlobalSection
EndGlobal
