
Microsoft Visual Studio Solution File, Format Version 12.00
# Visual Studio Version 17
VisualStudioVersion = 17.0.31903.59
MinimumVisualStudioVersion = 10.0.40219.1
Project("{2150E333-8FDC-42A3-9474-1A3956D46DE8}") = "1 · Producto web", "1 · Producto web", "{15FE0574-4E50-386F-9737-43B5535C258B}"
EndProject
Project("{FAE04EC0-301F-11D3-BF4B-00C04F79EFBC}") = "Synergos.CMS.Interfaces", "Synergos.CMS.Interfaces\Synergos.CMS.Interfaces.csproj", "{F97E9E8A-1B0B-427A-BBC2-28E7B7D67E74}"
EndProject
Project("{FAE04EC0-301F-11D3-BF4B-00C04F79EFBC}") = "Synergos.CMS.Application", "Synergos.CMS.Application\Synergos.CMS.Application.csproj", "{33CEF72E-6B37-4483-A426-B1238F101B41}"
EndProject
Project("{FAE04EC0-301F-11D3-BF4B-00C04F79EFBC}") = "Synergos.CMS.Web", "Synergos.CMS.Web\Synergos.CMS.Web.csproj", "{D6A488D8-2820-4DB5-97A3-1FB3A9592004}"
EndProject
Project("{FAE04EC0-301F-11D3-BF4B-00C04F79EFBC}") = "Synergos.CMS.Benchmarks", "Synergos.CMS.Benchmarks\Synergos.CMS.Benchmarks.csproj", "{DFCC9C16-1D22-4454-B974-4F2FE440149F}"
EndProject
Project("{FAE04EC0-301F-11D3-BF4B-00C04F79EFBC}") = "Synergos.CMS.Tests", "Synergos.CMS.Tests\Synergos.CMS.Tests.csproj", "{E298AF85-C2FC-4C8B-8BC6-44D7153848E6}"
EndProject
Project("{2150E333-8FDC-42A3-9474-1A3956D46DE8}") = "2 · Núcleo compartido", "2 · Núcleo compartido", "{7F76C13B-6351-DF99-A2D0-6CC73E485199}"
EndProject
Project("{FAE04EC0-301F-11D3-BF4B-00C04F79EFBC}") = "Synergos.Core", "backend\nucleo\Synergos.Core\Synergos.Core.csproj", "{0A461A0A-9D82-4640-A6FE-0318AB5BBAB1}"
EndProject
Project("{FAE04EC0-301F-11D3-BF4B-00C04F79EFBC}") = "Synergos.Shared", "backend\nucleo\Synergos.Shared\Synergos.Shared.csproj", "{3C74999B-08B1-4346-8319-F03C1E22A0E0}"
EndProject
Project("{2150E333-8FDC-42A3-9474-1A3956D46DE8}") = "3 · Capacidades", "3 · Capacidades", "{A9431809-D8E9-475A-2AAA-895F3FFC654B}"
EndProject
Project("{FAE04EC0-301F-11D3-BF4B-00C04F79EFBC}") = "Synergos.Api.Audit", "backend\capacidades\Synergos.Api.Audit\Synergos.Api.Audit.csproj", "{6DCA12A8-94A0-4448-9E49-B36C185F21FF}"
EndProject
Project("{FAE04EC0-301F-11D3-BF4B-00C04F79EFBC}") = "Synergos.Api.Booking", "backend\capacidades\Synergos.Api.Booking\Synergos.Api.Booking.csproj", "{22CAEAEF-C2BA-4F64-BF78-E96D65CF32D2}"
EndProject
Project("{FAE04EC0-301F-11D3-BF4B-00C04F79EFBC}") = "Synergos.Api.Cart", "backend\capacidades\Synergos.Api.Cart\Synergos.Api.Cart.csproj", "{3678C5A3-565F-405D-A609-2895C02B4B73}"
EndProject
Project("{FAE04EC0-301F-11D3-BF4B-00C04F79EFBC}") = "Synergos.Api.Catalog", "backend\capacidades\Synergos.Api.Catalog\Synergos.Api.Catalog.csproj", "{728D16F6-162C-439B-BF4D-FB7BD69A8839}"
EndProject
Project("{FAE04EC0-301F-11D3-BF4B-00C04F79EFBC}") = "Synergos.Api.Consent", "backend\capacidades\Synergos.Api.Consent\Synergos.Api.Consent.csproj", "{ED2B1F15-B3B7-4EEC-90E3-BAE4F6BB3EDD}"
EndProject
Project("{FAE04EC0-301F-11D3-BF4B-00C04F79EFBC}") = "Synergos.Api.Documents", "backend\capacidades\Synergos.Api.Documents\Synergos.Api.Documents.csproj", "{13830DF5-B0B1-4D2E-B9BD-9D93660F9580}"
EndProject
Project("{FAE04EC0-301F-11D3-BF4B-00C04F79EFBC}") = "Synergos.Api.Engagement", "backend\capacidades\Synergos.Api.Engagement\Synergos.Api.Engagement.csproj", "{405A8E86-4FD1-4C9A-9502-98E301F185DB}"
EndProject
Project("{FAE04EC0-301F-11D3-BF4B-00C04F79EFBC}") = "Synergos.Api.Fulfillment", "backend\capacidades\Synergos.Api.Fulfillment\Synergos.Api.Fulfillment.csproj", "{77DE7D38-E491-48CA-A1E7-B3A4063BD09D}"
EndProject
Project("{FAE04EC0-301F-11D3-BF4B-00C04F79EFBC}") = "Synergos.Api.Geo", "backend\capacidades\Synergos.Api.Geo\Synergos.Api.Geo.csproj", "{6FF8C717-6820-4F3B-A6F9-E4220789FB80}"
EndProject
Project("{FAE04EC0-301F-11D3-BF4B-00C04F79EFBC}") = "Synergos.Api.Identity", "backend\capacidades\Synergos.Api.Identity\Synergos.Api.Identity.csproj", "{3C781C4C-C5F8-4210-8EED-C3BDBA722DFB}"
EndProject
Project("{FAE04EC0-301F-11D3-BF4B-00C04F79EFBC}") = "Synergos.Api.Inventory", "backend\capacidades\Synergos.Api.Inventory\Synergos.Api.Inventory.csproj", "{C49130AA-3488-40E3-8893-E5C0354F9ADB}"
EndProject
Project("{FAE04EC0-301F-11D3-BF4B-00C04F79EFBC}") = "Synergos.Api.Messaging", "backend\capacidades\Synergos.Api.Messaging\Synergos.Api.Messaging.csproj", "{032EAC21-42FF-4645-B400-261962AC0B2B}"
EndProject
Project("{FAE04EC0-301F-11D3-BF4B-00C04F79EFBC}") = "Synergos.Api.Moderation", "backend\capacidades\Synergos.Api.Moderation\Synergos.Api.Moderation.csproj", "{B370BC3C-02EF-4233-9F46-0EDCE8E69A65}"
EndProject
Project("{FAE04EC0-301F-11D3-BF4B-00C04F79EFBC}") = "Synergos.Api.Notifications", "backend\capacidades\Synergos.Api.Notifications\Synergos.Api.Notifications.csproj", "{0662FC7A-5EE0-4BF8-83E2-6C6EDCFA88B4}"
EndProject
Project("{FAE04EC0-301F-11D3-BF4B-00C04F79EFBC}") = "Synergos.Api.Orders", "backend\capacidades\Synergos.Api.Orders\Synergos.Api.Orders.csproj", "{0FC56CBC-C354-49EF-9AB6-C35998BB36C6}"
EndProject
Project("{FAE04EC0-301F-11D3-BF4B-00C04F79EFBC}") = "Synergos.Api.Payments", "backend\capacidades\Synergos.Api.Payments\Synergos.Api.Payments.csproj", "{F1F95A72-986C-4E27-973C-9A206102CED8}"
EndProject
Project("{FAE04EC0-301F-11D3-BF4B-00C04F79EFBC}") = "Synergos.Api.Pricing", "backend\capacidades\Synergos.Api.Pricing\Synergos.Api.Pricing.csproj", "{4A294F83-0C41-4BCA-9BE3-468BC3D40BFE}"
EndProject
Project("{FAE04EC0-301F-11D3-BF4B-00C04F79EFBC}") = "Synergos.Api.Sessions", "backend\capacidades\Synergos.Api.Sessions\Synergos.Api.Sessions.csproj", "{7B02A0D7-F100-4B63-9CC4-3368FC5A953E}"
EndProject
Project("{FAE04EC0-301F-11D3-BF4B-00C04F79EFBC}") = "Synergos.Api.Signing", "backend\capacidades\Synergos.Api.Signing\Synergos.Api.Signing.csproj", "{B15DF859-14EB-4FA7-9DB4-930E5BC860F0}"
EndProject
Project("{FAE04EC0-301F-11D3-BF4B-00C04F79EFBC}") = "Synergos.Api.Workflow", "backend\capacidades\Synergos.Api.Workflow\Synergos.Api.Workflow.csproj", "{0C438C1E-4773-4D34-B4FD-078CBA9B6D2D}"
EndProject
Project("{2150E333-8FDC-42A3-9474-1A3956D46DE8}") = "4 · Orquestadores", "4 · Orquestadores", "{D7B491A9-3F8C-3590-8CA7-ED26D3346330}"
EndProject
Project("{FAE04EC0-301F-11D3-BF4B-00C04F79EFBC}") = "Synergos.Bff.Alquiler", "backend\orquestadores\Synergos.Bff.Alquiler\Synergos.Bff.Alquiler.csproj", "{0856E740-8B29-4E70-B85F-E2A95BAF6374}"
EndProject
Project("{FAE04EC0-301F-11D3-BF4B-00C04F79EFBC}") = "Synergos.Bff.Core", "backend\orquestadores\Synergos.Bff.Core\Synergos.Bff.Core.csproj", "{478FC33E-08BC-42CD-A9AE-7F4D6A563F1A}"
EndProject
Project("{FAE04EC0-301F-11D3-BF4B-00C04F79EFBC}") = "Synergos.Bff.Eventos", "backend\orquestadores\Synergos.Bff.Eventos\Synergos.Bff.Eventos.csproj", "{11E5D512-F8C7-4A70-9CA7-478D1DFD4362}"
EndProject
Project("{FAE04EC0-301F-11D3-BF4B-00C04F79EFBC}") = "Synergos.Bff.Salud", "backend\orquestadores\Synergos.Bff.Salud\Synergos.Bff.Salud.csproj", "{882DA032-CC45-47AF-A261-66E625DE0BD5}"
EndProject
Project("{FAE04EC0-301F-11D3-BF4B-00C04F79EFBC}") = "Synergos.Bff.Tienda", "backend\orquestadores\Synergos.Bff.Tienda\Synergos.Bff.Tienda.csproj", "{2A44AD01-344C-4B95-A93A-9EBA0916DD11}"
EndProject
Project("{FAE04EC0-301F-11D3-BF4B-00C04F79EFBC}") = "Synergos.Bff.Viajes", "backend\orquestadores\Synergos.Bff.Viajes\Synergos.Bff.Viajes.csproj", "{1F470039-75F5-4CBC-9AD1-1242DBF9BC1A}"
EndProject
Project("{2150E333-8FDC-42A3-9474-1A3956D46DE8}") = "5 · Tests del backend", "5 · Tests del backend", "{37744964-2113-1F90-16D9-34EECBF97F0A}"
EndProject
Project("{FAE04EC0-301F-11D3-BF4B-00C04F79EFBC}") = "Synergos.Servicios.Tests", "backend\Synergos.Servicios.Tests\Synergos.Servicios.Tests.csproj", "{5F6496A2-8DB6-4827-BEF3-01539EDC20C0}"
EndProject
Project("{FAE04EC0-301F-11D3-BF4B-00C04F79EFBC}") = "Synergos.Arquitectura.Tests", "Synergos.Arquitectura.Tests\Synergos.Arquitectura.Tests.csproj", "{AB67850A-8957-4281-9FC7-B7FFCC09ACF6}"
EndProject
Global
	GlobalSection(SolutionConfigurationPlatforms) = preSolution
		Debug|Any CPU = Debug|Any CPU
		Debug|x64 = Debug|x64
		Debug|x86 = Debug|x86
		Release|Any CPU = Release|Any CPU
		Release|x64 = Release|x64
		Release|x86 = Release|x86
	EndGlobalSection
	GlobalSection(ProjectConfigurationPlatforms) = postSolution
		{F97E9E8A-1B0B-427A-BBC2-28E7B7D67E74}.Debug|Any CPU.ActiveCfg = Debug|Any CPU
		{F97E9E8A-1B0B-427A-BBC2-28E7B7D67E74}.Debug|Any CPU.Build.0 = Debug|Any CPU
		{F97E9E8A-1B0B-427A-BBC2-28E7B7D67E74}.Debug|x64.ActiveCfg = Debug|Any CPU
		{F97E9E8A-1B0B-427A-BBC2-28E7B7D67E74}.Debug|x64.Build.0 = Debug|Any CPU
		{F97E9E8A-1B0B-427A-BBC2-28E7B7D67E74}.Debug|x86.ActiveCfg = Debug|Any CPU
		{F97E9E8A-1B0B-427A-BBC2-28E7B7D67E74}.Debug|x86.Build.0 = Debug|Any CPU
		{F97E9E8A-1B0B-427A-BBC2-28E7B7D67E74}.Release|Any CPU.ActiveCfg = Release|Any CPU
		{F97E9E8A-1B0B-427A-BBC2-28E7B7D67E74}.Release|Any CPU.Build.0 = Release|Any CPU
		{F97E9E8A-1B0B-427A-BBC2-28E7B7D67E74}.Release|x64.ActiveCfg = Release|Any CPU
		{F97E9E8A-1B0B-427A-BBC2-28E7B7D67E74}.Release|x64.Build.0 = Release|Any CPU
		{F97E9E8A-1B0B-427A-BBC2-28E7B7D67E74}.Release|x86.ActiveCfg = Release|Any CPU
		{F97E9E8A-1B0B-427A-BBC2-28E7B7D67E74}.Release|x86.Build.0 = Release|Any CPU
		{33CEF72E-6B37-4483-A426-B1238F101B41}.Debug|Any CPU.ActiveCfg = Debug|Any CPU
		{33CEF72E-6B37-4483-A426-B1238F101B41}.Debug|Any CPU.Build.0 = Debug|Any CPU
		{33CEF72E-6B37-4483-A426-B1238F101B41}.Debug|x64.ActiveCfg = Debug|Any CPU
		{33CEF72E-6B37-4483-A426-B1238F101B41}.Debug|x64.Build.0 = Debug|Any CPU
		{33CEF72E-6B37-4483-A426-B1238F101B41}.Debug|x86.ActiveCfg = Debug|Any CPU
		{33CEF72E-6B37-4483-A426-B1238F101B41}.Debug|x86.Build.0 = Debug|Any CPU
		{33CEF72E-6B37-4483-A426-B1238F101B41}.Release|Any CPU.ActiveCfg = Release|Any CPU
		{33CEF72E-6B37-4483-A426-B1238F101B41}.Release|Any CPU.Build.0 = Release|Any CPU
		{33CEF72E-6B37-4483-A426-B1238F101B41}.Release|x64.ActiveCfg = Release|Any CPU
		{33CEF72E-6B37-4483-A426-B1238F101B41}.Release|x64.Build.0 = Release|Any CPU
		{33CEF72E-6B37-4483-A426-B1238F101B41}.Release|x86.ActiveCfg = Release|Any CPU
		{33CEF72E-6B37-4483-A426-B1238F101B41}.Release|x86.Build.0 = Release|Any CPU
		{D6A488D8-2820-4DB5-97A3-1FB3A9592004}.Debug|Any CPU.ActiveCfg = Debug|Any CPU
		{D6A488D8-2820-4DB5-97A3-1FB3A9592004}.Debug|Any CPU.Build.0 = Debug|Any CPU
		{D6A488D8-2820-4DB5-97A3-1FB3A9592004}.Debug|x64.ActiveCfg = Debug|Any CPU
		{D6A488D8-2820-4DB5-97A3-1FB3A9592004}.Debug|x64.Build.0 = Debug|Any CPU
		{D6A488D8-2820-4DB5-97A3-1FB3A9592004}.Debug|x86.ActiveCfg = Debug|Any CPU
		{D6A488D8-2820-4DB5-97A3-1FB3A9592004}.Debug|x86.Build.0 = Debug|Any CPU
		{D6A488D8-2820-4DB5-97A3-1FB3A9592004}.Release|Any CPU.ActiveCfg = Release|Any CPU
		{D6A488D8-2820-4DB5-97A3-1FB3A9592004}.Release|Any CPU.Build.0 = Release|Any CPU
		{D6A488D8-2820-4DB5-97A3-1FB3A9592004}.Release|x64.ActiveCfg = Release|Any CPU
		{D6A488D8-2820-4DB5-97A3-1FB3A9592004}.Release|x64.Build.0 = Release|Any CPU
		{D6A488D8-2820-4DB5-97A3-1FB3A9592004}.Release|x86.ActiveCfg = Release|Any CPU
		{D6A488D8-2820-4DB5-97A3-1FB3A9592004}.Release|x86.Build.0 = Release|Any CPU
		{DFCC9C16-1D22-4454-B974-4F2FE440149F}.Debug|Any CPU.ActiveCfg = Debug|Any CPU
		{DFCC9C16-1D22-4454-B974-4F2FE440149F}.Debug|Any CPU.Build.0 = Debug|Any CPU
		{DFCC9C16-1D22-4454-B974-4F2FE440149F}.Debug|x64.ActiveCfg = Debug|Any CPU
		{DFCC9C16-1D22-4454-B974-4F2FE440149F}.Debug|x64.Build.0 = Debug|Any CPU
		{DFCC9C16-1D22-4454-B974-4F2FE440149F}.Debug|x86.ActiveCfg = Debug|Any CPU
		{DFCC9C16-1D22-4454-B974-4F2FE440149F}.Debug|x86.Build.0 = Debug|Any CPU
		{DFCC9C16-1D22-4454-B974-4F2FE440149F}.Release|Any CPU.ActiveCfg = Release|Any CPU
		{DFCC9C16-1D22-4454-B974-4F2FE440149F}.Release|Any CPU.Build.0 = Release|Any CPU
		{DFCC9C16-1D22-4454-B974-4F2FE440149F}.Release|x64.ActiveCfg = Release|Any CPU
		{DFCC9C16-1D22-4454-B974-4F2FE440149F}.Release|x64.Build.0 = Release|Any CPU
		{DFCC9C16-1D22-4454-B974-4F2FE440149F}.Release|x86.ActiveCfg = Release|Any CPU
		{DFCC9C16-1D22-4454-B974-4F2FE440149F}.Release|x86.Build.0 = Release|Any CPU
		{E298AF85-C2FC-4C8B-8BC6-44D7153848E6}.Debug|Any CPU.ActiveCfg = Debug|Any CPU
		{E298AF85-C2FC-4C8B-8BC6-44D7153848E6}.Debug|Any CPU.Build.0 = Debug|Any CPU
		{E298AF85-C2FC-4C8B-8BC6-44D7153848E6}.Debug|x64.ActiveCfg = Debug|Any CPU
		{E298AF85-C2FC-4C8B-8BC6-44D7153848E6}.Debug|x64.Build.0 = Debug|Any CPU
		{E298AF85-C2FC-4C8B-8BC6-44D7153848E6}.Debug|x86.ActiveCfg = Debug|Any CPU
		{E298AF85-C2FC-4C8B-8BC6-44D7153848E6}.Debug|x86.Build.0 = Debug|Any CPU
		{E298AF85-C2FC-4C8B-8BC6-44D7153848E6}.Release|Any CPU.ActiveCfg = Release|Any CPU
		{E298AF85-C2FC-4C8B-8BC6-44D7153848E6}.Release|Any CPU.Build.0 = Release|Any CPU
		{E298AF85-C2FC-4C8B-8BC6-44D7153848E6}.Release|x64.ActiveCfg = Release|Any CPU
		{E298AF85-C2FC-4C8B-8BC6-44D7153848E6}.Release|x64.Build.0 = Release|Any CPU
		{E298AF85-C2FC-4C8B-8BC6-44D7153848E6}.Release|x86.ActiveCfg = Release|Any CPU
		{E298AF85-C2FC-4C8B-8BC6-44D7153848E6}.Release|x86.Build.0 = Release|Any CPU
		{0A461A0A-9D82-4640-A6FE-0318AB5BBAB1}.Debug|Any CPU.ActiveCfg = Debug|Any CPU
		{0A461A0A-9D82-4640-A6FE-0318AB5BBAB1}.Debug|Any CPU.Build.0 = Debug|Any CPU
		{0A461A0A-9D82-4640-A6FE-0318AB5BBAB1}.Debug|x64.ActiveCfg = Debug|Any CPU
		{0A461A0A-9D82-4640-A6FE-0318AB5BBAB1}.Debug|x64.Build.0 = Debug|Any CPU
		{0A461A0A-9D82-4640-A6FE-0318AB5BBAB1}.Debug|x86.ActiveCfg = Debug|Any CPU
		{0A461A0A-9D82-4640-A6FE-0318AB5BBAB1}.Debug|x86.Build.0 = Debug|Any CPU
		{0A461A0A-9D82-4640-A6FE-0318AB5BBAB1}.Release|Any CPU.ActiveCfg = Release|Any CPU
		{0A461A0A-9D82-4640-A6FE-0318AB5BBAB1}.Release|Any CPU.Build.0 = Release|Any CPU
		{0A461A0A-9D82-4640-A6FE-0318AB5BBAB1}.Release|x64.ActiveCfg = Release|Any CPU
		{0A461A0A-9D82-4640-A6FE-0318AB5BBAB1}.Release|x64.Build.0 = Release|Any CPU
		{0A461A0A-9D82-4640-A6FE-0318AB5BBAB1}.Release|x86.ActiveCfg = Release|Any CPU
		{0A461A0A-9D82-4640-A6FE-0318AB5BBAB1}.Release|x86.Build.0 = Release|Any CPU
		{3C74999B-08B1-4346-8319-F03C1E22A0E0}.Debug|Any CPU.ActiveCfg = Debug|Any CPU
		{3C74999B-08B1-4346-8319-F03C1E22A0E0}.Debug|Any CPU.Build.0 = Debug|Any CPU
		{3C74999B-08B1-4346-8319-F03C1E22A0E0}.Debug|x64.ActiveCfg = Debug|Any CPU
		{3C74999B-08B1-4346-8319-F03C1E22A0E0}.Debug|x64.Build.0 = Debug|Any CPU
		{3C74999B-08B1-4346-8319-F03C1E22A0E0}.Debug|x86.ActiveCfg = Debug|Any CPU
		{3C74999B-08B1-4346-8319-F03C1E22A0E0}.Debug|x86.Build.0 = Debug|Any CPU
		{3C74999B-08B1-4346-8319-F03C1E22A0E0}.Release|Any CPU.ActiveCfg = Release|Any CPU
		{3C74999B-08B1-4346-8319-F03C1E22A0E0}.Release|Any CPU.Build.0 = Release|Any CPU
		{3C74999B-08B1-4346-8319-F03C1E22A0E0}.Release|x64.ActiveCfg = Release|Any CPU
		{3C74999B-08B1-4346-8319-F03C1E22A0E0}.Release|x64.Build.0 = Release|Any CPU
		{3C74999B-08B1-4346-8319-F03C1E22A0E0}.Release|x86.ActiveCfg = Release|Any CPU
		{3C74999B-08B1-4346-8319-F03C1E22A0E0}.Release|x86.Build.0 = Release|Any CPU
		{6DCA12A8-94A0-4448-9E49-B36C185F21FF}.Debug|Any CPU.ActiveCfg = Debug|Any CPU
		{6DCA12A8-94A0-4448-9E49-B36C185F21FF}.Debug|Any CPU.Build.0 = Debug|Any CPU
		{6DCA12A8-94A0-4448-9E49-B36C185F21FF}.Debug|x64.ActiveCfg = Debug|Any CPU
		{6DCA12A8-94A0-4448-9E49-B36C185F21FF}.Debug|x64.Build.0 = Debug|Any CPU
		{6DCA12A8-94A0-4448-9E49-B36C185F21FF}.Debug|x86.ActiveCfg = Debug|Any CPU
		{6DCA12A8-94A0-4448-9E49-B36C185F21FF}.Debug|x86.Build.0 = Debug|Any CPU
		{6DCA12A8-94A0-4448-9E49-B36C185F21FF}.Release|Any CPU.ActiveCfg = Release|Any CPU
		{6DCA12A8-94A0-4448-9E49-B36C185F21FF}.Release|Any CPU.Build.0 = Release|Any CPU
		{6DCA12A8-94A0-4448-9E49-B36C185F21FF}.Release|x64.ActiveCfg = Release|Any CPU
		{6DCA12A8-94A0-4448-9E49-B36C185F21FF}.Release|x64.Build.0 = Release|Any CPU
		{6DCA12A8-94A0-4448-9E49-B36C185F21FF}.Release|x86.ActiveCfg = Release|Any CPU
		{6DCA12A8-94A0-4448-9E49-B36C185F21FF}.Release|x86.Build.0 = Release|Any CPU
		{22CAEAEF-C2BA-4F64-BF78-E96D65CF32D2}.Debug|Any CPU.ActiveCfg = Debug|Any CPU
		{22CAEAEF-C2BA-4F64-BF78-E96D65CF32D2}.Debug|Any CPU.Build.0 = Debug|Any CPU
		{22CAEAEF-C2BA-4F64-BF78-E96D65CF32D2}.Debug|x64.ActiveCfg = Debug|Any CPU
		{22CAEAEF-C2BA-4F64-BF78-E96D65CF32D2}.Debug|x64.Build.0 = Debug|Any CPU
		{22CAEAEF-C2BA-4F64-BF78-E96D65CF32D2}.Debug|x86.ActiveCfg = Debug|Any CPU
		{22CAEAEF-C2BA-4F64-BF78-E96D65CF32D2}.Debug|x86.Build.0 = Debug|Any CPU
		{22CAEAEF-C2BA-4F64-BF78-E96D65CF32D2}.Release|Any CPU.ActiveCfg = Release|Any CPU
		{22CAEAEF-C2BA-4F64-BF78-E96D65CF32D2}.Release|Any CPU.Build.0 = Release|Any CPU
		{22CAEAEF-C2BA-4F64-BF78-E96D65CF32D2}.Release|x64.ActiveCfg = Release|Any CPU
		{22CAEAEF-C2BA-4F64-BF78-E96D65CF32D2}.Release|x64.Build.0 = Release|Any CPU
		{22CAEAEF-C2BA-4F64-BF78-E96D65CF32D2}.Release|x86.ActiveCfg = Release|Any CPU
		{22CAEAEF-C2BA-4F64-BF78-E96D65CF32D2}.Release|x86.Build.0 = Release|Any CPU
		{3678C5A3-565F-405D-A609-2895C02B4B73}.Debug|Any CPU.ActiveCfg = Debug|Any CPU
		{3678C5A3-565F-405D-A609-2895C02B4B73}.Debug|Any CPU.Build.0 = Debug|Any CPU
		{3678C5A3-565F-405D-A609-2895C02B4B73}.Debug|x64.ActiveCfg = Debug|Any CPU
		{3678C5A3-565F-405D-A609-2895C02B4B73}.Debug|x64.Build.0 = Debug|Any CPU
		{3678C5A3-565F-405D-A609-2895C02B4B73}.Debug|x86.ActiveCfg = Debug|Any CPU
		{3678C5A3-565F-405D-A609-2895C02B4B73}.Debug|x86.Build.0 = Debug|Any CPU
		{3678C5A3-565F-405D-A609-2895C02B4B73}.Release|Any CPU.ActiveCfg = Release|Any CPU
		{3678C5A3-565F-405D-A609-2895C02B4B73}.Release|Any CPU.Build.0 = Release|Any CPU
		{3678C5A3-565F-405D-A609-2895C02B4B73}.Release|x64.ActiveCfg = Release|Any CPU
		{3678C5A3-565F-405D-A609-2895C02B4B73}.Release|x64.Build.0 = Release|Any CPU
		{3678C5A3-565F-405D-A609-2895C02B4B73}.Release|x86.ActiveCfg = Release|Any CPU
		{3678C5A3-565F-405D-A609-2895C02B4B73}.Release|x86.Build.0 = Release|Any CPU
		{728D16F6-162C-439B-BF4D-FB7BD69A8839}.Debug|Any CPU.ActiveCfg = Debug|Any CPU
		{728D16F6-162C-439B-BF4D-FB7BD69A8839}.Debug|Any CPU.Build.0 = Debug|Any CPU
		{728D16F6-162C-439B-BF4D-FB7BD69A8839}.Debug|x64.ActiveCfg = Debug|Any CPU
		{728D16F6-162C-439B-BF4D-FB7BD69A8839}.Debug|x64.Build.0 = Debug|Any CPU
		{728D16F6-162C-439B-BF4D-FB7BD69A8839}.Debug|x86.ActiveCfg = Debug|Any CPU
		{728D16F6-162C-439B-BF4D-FB7BD69A8839}.Debug|x86.Build.0 = Debug|Any CPU
		{728D16F6-162C-439B-BF4D-FB7BD69A8839}.Release|Any CPU.ActiveCfg = Release|Any CPU
		{728D16F6-162C-439B-BF4D-FB7BD69A8839}.Release|Any CPU.Build.0 = Release|Any CPU
		{728D16F6-162C-439B-BF4D-FB7BD69A8839}.Release|x64.ActiveCfg = Release|Any CPU
		{728D16F6-162C-439B-BF4D-FB7BD69A8839}.Release|x64.Build.0 = Release|Any CPU
		{728D16F6-162C-439B-BF4D-FB7BD69A8839}.Release|x86.ActiveCfg = Release|Any CPU
		{728D16F6-162C-439B-BF4D-FB7BD69A8839}.Release|x86.Build.0 = Release|Any CPU
		{ED2B1F15-B3B7-4EEC-90E3-BAE4F6BB3EDD}.Debug|Any CPU.ActiveCfg = Debug|Any CPU
		{ED2B1F15-B3B7-4EEC-90E3-BAE4F6BB3EDD}.Debug|Any CPU.Build.0 = Debug|Any CPU
		{ED2B1F15-B3B7-4EEC-90E3-BAE4F6BB3EDD}.Debug|x64.ActiveCfg = Debug|Any CPU
		{ED2B1F15-B3B7-4EEC-90E3-BAE4F6BB3EDD}.Debug|x64.Build.0 = Debug|Any CPU
		{ED2B1F15-B3B7-4EEC-90E3-BAE4F6BB3EDD}.Debug|x86.ActiveCfg = Debug|Any CPU
		{ED2B1F15-B3B7-4EEC-90E3-BAE4F6BB3EDD}.Debug|x86.Build.0 = Debug|Any CPU
		{ED2B1F15-B3B7-4EEC-90E3-BAE4F6BB3EDD}.Release|Any CPU.ActiveCfg = Release|Any CPU
		{ED2B1F15-B3B7-4EEC-90E3-BAE4F6BB3EDD}.Release|Any CPU.Build.0 = Release|Any CPU
		{ED2B1F15-B3B7-4EEC-90E3-BAE4F6BB3EDD}.Release|x64.ActiveCfg = Release|Any CPU
		{ED2B1F15-B3B7-4EEC-90E3-BAE4F6BB3EDD}.Release|x64.Build.0 = Release|Any CPU
		{ED2B1F15-B3B7-4EEC-90E3-BAE4F6BB3EDD}.Release|x86.ActiveCfg = Release|Any CPU
		{ED2B1F15-B3B7-4EEC-90E3-BAE4F6BB3EDD}.Release|x86.Build.0 = Release|Any CPU
		{13830DF5-B0B1-4D2E-B9BD-9D93660F9580}.Debug|Any CPU.ActiveCfg = Debug|Any CPU
		{13830DF5-B0B1-4D2E-B9BD-9D93660F9580}.Debug|Any CPU.Build.0 = Debug|Any CPU
		{13830DF5-B0B1-4D2E-B9BD-9D93660F9580}.Debug|x64.ActiveCfg = Debug|Any CPU
		{13830DF5-B0B1-4D2E-B9BD-9D93660F9580}.Debug|x64.Build.0 = Debug|Any CPU
		{13830DF5-B0B1-4D2E-B9BD-9D93660F9580}.Debug|x86.ActiveCfg = Debug|Any CPU
		{13830DF5-B0B1-4D2E-B9BD-9D93660F9580}.Debug|x86.Build.0 = Debug|Any CPU
		{13830DF5-B0B1-4D2E-B9BD-9D93660F9580}.Release|Any CPU.ActiveCfg = Release|Any CPU
		{13830DF5-B0B1-4D2E-B9BD-9D93660F9580}.Release|Any CPU.Build.0 = Release|Any CPU
		{13830DF5-B0B1-4D2E-B9BD-9D93660F9580}.Release|x64.ActiveCfg = Release|Any CPU
		{13830DF5-B0B1-4D2E-B9BD-9D93660F9580}.Release|x64.Build.0 = Release|Any CPU
		{13830DF5-B0B1-4D2E-B9BD-9D93660F9580}.Release|x86.ActiveCfg = Release|Any CPU
		{13830DF5-B0B1-4D2E-B9BD-9D93660F9580}.Release|x86.Build.0 = Release|Any CPU
		{405A8E86-4FD1-4C9A-9502-98E301F185DB}.Debug|Any CPU.ActiveCfg = Debug|Any CPU
		{405A8E86-4FD1-4C9A-9502-98E301F185DB}.Debug|Any CPU.Build.0 = Debug|Any CPU
		{405A8E86-4FD1-4C9A-9502-98E301F185DB}.Debug|x64.ActiveCfg = Debug|Any CPU
		{405A8E86-4FD1-4C9A-9502-98E301F185DB}.Debug|x64.Build.0 = Debug|Any CPU
		{405A8E86-4FD1-4C9A-9502-98E301F185DB}.Debug|x86.ActiveCfg = Debug|Any CPU
		{405A8E86-4FD1-4C9A-9502-98E301F185DB}.Debug|x86.Build.0 = Debug|Any CPU
		{405A8E86-4FD1-4C9A-9502-98E301F185DB}.Release|Any CPU.ActiveCfg = Release|Any CPU
		{405A8E86-4FD1-4C9A-9502-98E301F185DB}.Release|Any CPU.Build.0 = Release|Any CPU
		{405A8E86-4FD1-4C9A-9502-98E301F185DB}.Release|x64.ActiveCfg = Release|Any CPU
		{405A8E86-4FD1-4C9A-9502-98E301F185DB}.Release|x64.Build.0 = Release|Any CPU
		{405A8E86-4FD1-4C9A-9502-98E301F185DB}.Release|x86.ActiveCfg = Release|Any CPU
		{405A8E86-4FD1-4C9A-9502-98E301F185DB}.Release|x86.Build.0 = Release|Any CPU
		{77DE7D38-E491-48CA-A1E7-B3A4063BD09D}.Debug|Any CPU.ActiveCfg = Debug|Any CPU
		{77DE7D38-E491-48CA-A1E7-B3A4063BD09D}.Debug|Any CPU.Build.0 = Debug|Any CPU
		{77DE7D38-E491-48CA-A1E7-B3A4063BD09D}.Debug|x64.ActiveCfg = Debug|Any CPU
		{77DE7D38-E491-48CA-A1E7-B3A4063BD09D}.Debug|x64.Build.0 = Debug|Any CPU
		{77DE7D38-E491-48CA-A1E7-B3A4063BD09D}.Debug|x86.ActiveCfg = Debug|Any CPU
		{77DE7D38-E491-48CA-A1E7-B3A4063BD09D}.Debug|x86.Build.0 = Debug|Any CPU
		{77DE7D38-E491-48CA-A1E7-B3A4063BD09D}.Release|Any CPU.ActiveCfg = Release|Any CPU
		{77DE7D38-E491-48CA-A1E7-B3A4063BD09D}.Release|Any CPU.Build.0 = Release|Any CPU
		{77DE7D38-E491-48CA-A1E7-B3A4063BD09D}.Release|x64.ActiveCfg = Release|Any CPU
		{77DE7D38-E491-48CA-A1E7-B3A4063BD09D}.Release|x64.Build.0 = Release|Any CPU
		{77DE7D38-E491-48CA-A1E7-B3A4063BD09D}.Release|x86.ActiveCfg = Release|Any CPU
		{77DE7D38-E491-48CA-A1E7-B3A4063BD09D}.Release|x86.Build.0 = Release|Any CPU
		{6FF8C717-6820-4F3B-A6F9-E4220789FB80}.Debug|Any CPU.ActiveCfg = Debug|Any CPU
		{6FF8C717-6820-4F3B-A6F9-E4220789FB80}.Debug|Any CPU.Build.0 = Debug|Any CPU
		{6FF8C717-6820-4F3B-A6F9-E4220789FB80}.Debug|x64.ActiveCfg = Debug|Any CPU
		{6FF8C717-6820-4F3B-A6F9-E4220789FB80}.Debug|x64.Build.0 = Debug|Any CPU
		{6FF8C717-6820-4F3B-A6F9-E4220789FB80}.Debug|x86.ActiveCfg = Debug|Any CPU
		{6FF8C717-6820-4F3B-A6F9-E4220789FB80}.Debug|x86.Build.0 = Debug|Any CPU
		{6FF8C717-6820-4F3B-A6F9-E4220789FB80}.Release|Any CPU.ActiveCfg = Release|Any CPU
		{6FF8C717-6820-4F3B-A6F9-E4220789FB80}.Release|Any CPU.Build.0 = Release|Any CPU
		{6FF8C717-6820-4F3B-A6F9-E4220789FB80}.Release|x64.ActiveCfg = Release|Any CPU
		{6FF8C717-6820-4F3B-A6F9-E4220789FB80}.Release|x64.Build.0 = Release|Any CPU
		{6FF8C717-6820-4F3B-A6F9-E4220789FB80}.Release|x86.ActiveCfg = Release|Any CPU
		{6FF8C717-6820-4F3B-A6F9-E4220789FB80}.Release|x86.Build.0 = Release|Any CPU
		{3C781C4C-C5F8-4210-8EED-C3BDBA722DFB}.Debug|Any CPU.ActiveCfg = Debug|Any CPU
		{3C781C4C-C5F8-4210-8EED-C3BDBA722DFB}.Debug|Any CPU.Build.0 = Debug|Any CPU
		{3C781C4C-C5F8-4210-8EED-C3BDBA722DFB}.Debug|x64.ActiveCfg = Debug|Any CPU
		{3C781C4C-C5F8-4210-8EED-C3BDBA722DFB}.Debug|x64.Build.0 = Debug|Any CPU
		{3C781C4C-C5F8-4210-8EED-C3BDBA722DFB}.Debug|x86.ActiveCfg = Debug|Any CPU
		{3C781C4C-C5F8-4210-8EED-C3BDBA722DFB}.Debug|x86.Build.0 = Debug|Any CPU
		{3C781C4C-C5F8-4210-8EED-C3BDBA722DFB}.Release|Any CPU.ActiveCfg = Release|Any CPU
		{3C781C4C-C5F8-4210-8EED-C3BDBA722DFB}.Release|Any CPU.Build.0 = Release|Any CPU
		{3C781C4C-C5F8-4210-8EED-C3BDBA722DFB}.Release|x64.ActiveCfg = Release|Any CPU
		{3C781C4C-C5F8-4210-8EED-C3BDBA722DFB}.Release|x64.Build.0 = Release|Any CPU
		{3C781C4C-C5F8-4210-8EED-C3BDBA722DFB}.Release|x86.ActiveCfg = Release|Any CPU
		{3C781C4C-C5F8-4210-8EED-C3BDBA722DFB}.Release|x86.Build.0 = Release|Any CPU
		{C49130AA-3488-40E3-8893-E5C0354F9ADB}.Debug|Any CPU.ActiveCfg = Debug|Any CPU
		{C49130AA-3488-40E3-8893-E5C0354F9ADB}.Debug|Any CPU.Build.0 = Debug|Any CPU
		{C49130AA-3488-40E3-8893-E5C0354F9ADB}.Debug|x64.ActiveCfg = Debug|Any CPU
		{C49130AA-3488-40E3-8893-E5C0354F9ADB}.Debug|x64.Build.0 = Debug|Any CPU
		{C49130AA-3488-40E3-8893-E5C0354F9ADB}.Debug|x86.ActiveCfg = Debug|Any CPU
		{C49130AA-3488-40E3-8893-E5C0354F9ADB}.Debug|x86.Build.0 = Debug|Any CPU
		{C49130AA-3488-40E3-8893-E5C0354F9ADB}.Release|Any CPU.ActiveCfg = Release|Any CPU
		{C49130AA-3488-40E3-8893-E5C0354F9ADB}.Release|Any CPU.Build.0 = Release|Any CPU
		{C49130AA-3488-40E3-8893-E5C0354F9ADB}.Release|x64.ActiveCfg = Release|Any CPU
		{C49130AA-3488-40E3-8893-E5C0354F9ADB}.Release|x64.Build.0 = Release|Any CPU
		{C49130AA-3488-40E3-8893-E5C0354F9ADB}.Release|x86.ActiveCfg = Release|Any CPU
		{C49130AA-3488-40E3-8893-E5C0354F9ADB}.Release|x86.Build.0 = Release|Any CPU
		{032EAC21-42FF-4645-B400-261962AC0B2B}.Debug|Any CPU.ActiveCfg = Debug|Any CPU
		{032EAC21-42FF-4645-B400-261962AC0B2B}.Debug|Any CPU.Build.0 = Debug|Any CPU
		{032EAC21-42FF-4645-B400-261962AC0B2B}.Debug|x64.ActiveCfg = Debug|Any CPU
		{032EAC21-42FF-4645-B400-261962AC0B2B}.Debug|x64.Build.0 = Debug|Any CPU
		{032EAC21-42FF-4645-B400-261962AC0B2B}.Debug|x86.ActiveCfg = Debug|Any CPU
		{032EAC21-42FF-4645-B400-261962AC0B2B}.Debug|x86.Build.0 = Debug|Any CPU
		{032EAC21-42FF-4645-B400-261962AC0B2B}.Release|Any CPU.ActiveCfg = Release|Any CPU
		{032EAC21-42FF-4645-B400-261962AC0B2B}.Release|Any CPU.Build.0 = Release|Any CPU
		{032EAC21-42FF-4645-B400-261962AC0B2B}.Release|x64.ActiveCfg = Release|Any CPU
		{032EAC21-42FF-4645-B400-261962AC0B2B}.Release|x64.Build.0 = Release|Any CPU
		{032EAC21-42FF-4645-B400-261962AC0B2B}.Release|x86.ActiveCfg = Release|Any CPU
		{032EAC21-42FF-4645-B400-261962AC0B2B}.Release|x86.Build.0 = Release|Any CPU
		{B370BC3C-02EF-4233-9F46-0EDCE8E69A65}.Debug|Any CPU.ActiveCfg = Debug|Any CPU
		{B370BC3C-02EF-4233-9F46-0EDCE8E69A65}.Debug|Any CPU.Build.0 = Debug|Any CPU
		{B370BC3C-02EF-4233-9F46-0EDCE8E69A65}.Debug|x64.ActiveCfg = Debug|Any CPU
		{B370BC3C-02EF-4233-9F46-0EDCE8E69A65}.Debug|x64.Build.0 = Debug|Any CPU
		{B370BC3C-02EF-4233-9F46-0EDCE8E69A65}.Debug|x86.ActiveCfg = Debug|Any CPU
		{B370BC3C-02EF-4233-9F46-0EDCE8E69A65}.Debug|x86.Build.0 = Debug|Any CPU
		{B370BC3C-02EF-4233-9F46-0EDCE8E69A65}.Release|Any CPU.ActiveCfg = Release|Any CPU
		{B370BC3C-02EF-4233-9F46-0EDCE8E69A65}.Release|Any CPU.Build.0 = Release|Any CPU
		{B370BC3C-02EF-4233-9F46-0EDCE8E69A65}.Release|x64.ActiveCfg = Release|Any CPU
		{B370BC3C-02EF-4233-9F46-0EDCE8E69A65}.Release|x64.Build.0 = Release|Any CPU
		{B370BC3C-02EF-4233-9F46-0EDCE8E69A65}.Release|x86.ActiveCfg = Release|Any CPU
		{B370BC3C-02EF-4233-9F46-0EDCE8E69A65}.Release|x86.Build.0 = Release|Any CPU
		{0662FC7A-5EE0-4BF8-83E2-6C6EDCFA88B4}.Debug|Any CPU.ActiveCfg = Debug|Any CPU
		{0662FC7A-5EE0-4BF8-83E2-6C6EDCFA88B4}.Debug|Any CPU.Build.0 = Debug|Any CPU
		{0662FC7A-5EE0-4BF8-83E2-6C6EDCFA88B4}.Debug|x64.ActiveCfg = Debug|Any CPU
		{0662FC7A-5EE0-4BF8-83E2-6C6EDCFA88B4}.Debug|x64.Build.0 = Debug|Any CPU
		{0662FC7A-5EE0-4BF8-83E2-6C6EDCFA88B4}.Debug|x86.ActiveCfg = Debug|Any CPU
		{0662FC7A-5EE0-4BF8-83E2-6C6EDCFA88B4}.Debug|x86.Build.0 = Debug|Any CPU
		{0662FC7A-5EE0-4BF8-83E2-6C6EDCFA88B4}.Release|Any CPU.ActiveCfg = Release|Any CPU
		{0662FC7A-5EE0-4BF8-83E2-6C6EDCFA88B4}.Release|Any CPU.Build.0 = Release|Any CPU
		{0662FC7A-5EE0-4BF8-83E2-6C6EDCFA88B4}.Release|x64.ActiveCfg = Release|Any CPU
		{0662FC7A-5EE0-4BF8-83E2-6C6EDCFA88B4}.Release|x64.Build.0 = Release|Any CPU
		{0662FC7A-5EE0-4BF8-83E2-6C6EDCFA88B4}.Release|x86.ActiveCfg = Release|Any CPU
		{0662FC7A-5EE0-4BF8-83E2-6C6EDCFA88B4}.Release|x86.Build.0 = Release|Any CPU
		{0FC56CBC-C354-49EF-9AB6-C35998BB36C6}.Debug|Any CPU.ActiveCfg = Debug|Any CPU
		{0FC56CBC-C354-49EF-9AB6-C35998BB36C6}.Debug|Any CPU.Build.0 = Debug|Any CPU
		{0FC56CBC-C354-49EF-9AB6-C35998BB36C6}.Debug|x64.ActiveCfg = Debug|Any CPU
		{0FC56CBC-C354-49EF-9AB6-C35998BB36C6}.Debug|x64.Build.0 = Debug|Any CPU
		{0FC56CBC-C354-49EF-9AB6-C35998BB36C6}.Debug|x86.ActiveCfg = Debug|Any CPU
		{0FC56CBC-C354-49EF-9AB6-C35998BB36C6}.Debug|x86.Build.0 = Debug|Any CPU
		{0FC56CBC-C354-49EF-9AB6-C35998BB36C6}.Release|Any CPU.ActiveCfg = Release|Any CPU
		{0FC56CBC-C354-49EF-9AB6-C35998BB36C6}.Release|Any CPU.Build.0 = Release|Any CPU
		{0FC56CBC-C354-49EF-9AB6-C35998BB36C6}.Release|x64.ActiveCfg = Release|Any CPU
		{0FC56CBC-C354-49EF-9AB6-C35998BB36C6}.Release|x64.Build.0 = Release|Any CPU
		{0FC56CBC-C354-49EF-9AB6-C35998BB36C6}.Release|x86.ActiveCfg = Release|Any CPU
		{0FC56CBC-C354-49EF-9AB6-C35998BB36C6}.Release|x86.Build.0 = Release|Any CPU
		{F1F95A72-986C-4E27-973C-9A206102CED8}.Debug|Any CPU.ActiveCfg = Debug|Any CPU
		{F1F95A72-986C-4E27-973C-9A206102CED8}.Debug|Any CPU.Build.0 = Debug|Any CPU
		{F1F95A72-986C-4E27-973C-9A206102CED8}.Debug|x64.ActiveCfg = Debug|Any CPU
		{F1F95A72-986C-4E27-973C-9A206102CED8}.Debug|x64.Build.0 = Debug|Any CPU
		{F1F95A72-986C-4E27-973C-9A206102CED8}.Debug|x86.ActiveCfg = Debug|Any CPU
		{F1F95A72-986C-4E27-973C-9A206102CED8}.Debug|x86.Build.0 = Debug|Any CPU
		{F1F95A72-986C-4E27-973C-9A206102CED8}.Release|Any CPU.ActiveCfg = Release|Any CPU
		{F1F95A72-986C-4E27-973C-9A206102CED8}.Release|Any CPU.Build.0 = Release|Any CPU
		{F1F95A72-986C-4E27-973C-9A206102CED8}.Release|x64.ActiveCfg = Release|Any CPU
		{F1F95A72-986C-4E27-973C-9A206102CED8}.Release|x64.Build.0 = Release|Any CPU
		{F1F95A72-986C-4E27-973C-9A206102CED8}.Release|x86.ActiveCfg = Release|Any CPU
		{F1F95A72-986C-4E27-973C-9A206102CED8}.Release|x86.Build.0 = Release|Any CPU
		{4A294F83-0C41-4BCA-9BE3-468BC3D40BFE}.Debug|Any CPU.ActiveCfg = Debug|Any CPU
		{4A294F83-0C41-4BCA-9BE3-468BC3D40BFE}.Debug|Any CPU.Build.0 = Debug|Any CPU
		{4A294F83-0C41-4BCA-9BE3-468BC3D40BFE}.Debug|x64.ActiveCfg = Debug|Any CPU
		{4A294F83-0C41-4BCA-9BE3-468BC3D40BFE}.Debug|x64.Build.0 = Debug|Any CPU
		{4A294F83-0C41-4BCA-9BE3-468BC3D40BFE}.Debug|x86.ActiveCfg = Debug|Any CPU
		{4A294F83-0C41-4BCA-9BE3-468BC3D40BFE}.Debug|x86.Build.0 = Debug|Any CPU
		{4A294F83-0C41-4BCA-9BE3-468BC3D40BFE}.Release|Any CPU.ActiveCfg = Release|Any CPU
		{4A294F83-0C41-4BCA-9BE3-468BC3D40BFE}.Release|Any CPU.Build.0 = Release|Any CPU
		{4A294F83-0C41-4BCA-9BE3-468BC3D40BFE}.Release|x64.ActiveCfg = Release|Any CPU
		{4A294F83-0C41-4BCA-9BE3-468BC3D40BFE}.Release|x64.Build.0 = Release|Any CPU
		{4A294F83-0C41-4BCA-9BE3-468BC3D40BFE}.Release|x86.ActiveCfg = Release|Any CPU
		{4A294F83-0C41-4BCA-9BE3-468BC3D40BFE}.Release|x86.Build.0 = Release|Any CPU
		{7B02A0D7-F100-4B63-9CC4-3368FC5A953E}.Debug|Any CPU.ActiveCfg = Debug|Any CPU
		{7B02A0D7-F100-4B63-9CC4-3368FC5A953E}.Debug|Any CPU.Build.0 = Debug|Any CPU
		{7B02A0D7-F100-4B63-9CC4-3368FC5A953E}.Debug|x64.ActiveCfg = Debug|Any CPU
		{7B02A0D7-F100-4B63-9CC4-3368FC5A953E}.Debug|x64.Build.0 = Debug|Any CPU
		{7B02A0D7-F100-4B63-9CC4-3368FC5A953E}.Debug|x86.ActiveCfg = Debug|Any CPU
		{7B02A0D7-F100-4B63-9CC4-3368FC5A953E}.Debug|x86.Build.0 = Debug|Any CPU
		{7B02A0D7-F100-4B63-9CC4-3368FC5A953E}.Release|Any CPU.ActiveCfg = Release|Any CPU
		{7B02A0D7-F100-4B63-9CC4-3368FC5A953E}.Release|Any CPU.Build.0 = Release|Any CPU
		{7B02A0D7-F100-4B63-9CC4-3368FC5A953E}.Release|x64.ActiveCfg = Release|Any CPU
		{7B02A0D7-F100-4B63-9CC4-3368FC5A953E}.Release|x64.Build.0 = Release|Any CPU
		{7B02A0D7-F100-4B63-9CC4-3368FC5A953E}.Release|x86.ActiveCfg = Release|Any CPU
		{7B02A0D7-F100-4B63-9CC4-3368FC5A953E}.Release|x86.Build.0 = Release|Any CPU
		{B15DF859-14EB-4FA7-9DB4-930E5BC860F0}.Debug|Any CPU.ActiveCfg = Debug|Any CPU
		{B15DF859-14EB-4FA7-9DB4-930E5BC860F0}.Debug|Any CPU.Build.0 = Debug|Any CPU
		{B15DF859-14EB-4FA7-9DB4-930E5BC860F0}.Debug|x64.ActiveCfg = Debug|Any CPU
		{B15DF859-14EB-4FA7-9DB4-930E5BC860F0}.Debug|x64.Build.0 = Debug|Any CPU
		{B15DF859-14EB-4FA7-9DB4-930E5BC860F0}.Debug|x86.ActiveCfg = Debug|Any CPU
		{B15DF859-14EB-4FA7-9DB4-930E5BC860F0}.Debug|x86.Build.0 = Debug|Any CPU
		{B15DF859-14EB-4FA7-9DB4-930E5BC860F0}.Release|Any CPU.ActiveCfg = Release|Any CPU
		{B15DF859-14EB-4FA7-9DB4-930E5BC860F0}.Release|Any CPU.Build.0 = Release|Any CPU
		{B15DF859-14EB-4FA7-9DB4-930E5BC860F0}.Release|x64.ActiveCfg = Release|Any CPU
		{B15DF859-14EB-4FA7-9DB4-930E5BC860F0}.Release|x64.Build.0 = Release|Any CPU
		{B15DF859-14EB-4FA7-9DB4-930E5BC860F0}.Release|x86.ActiveCfg = Release|Any CPU
		{B15DF859-14EB-4FA7-9DB4-930E5BC860F0}.Release|x86.Build.0 = Release|Any CPU
		{0C438C1E-4773-4D34-B4FD-078CBA9B6D2D}.Debug|Any CPU.ActiveCfg = Debug|Any CPU
		{0C438C1E-4773-4D34-B4FD-078CBA9B6D2D}.Debug|Any CPU.Build.0 = Debug|Any CPU
		{0C438C1E-4773-4D34-B4FD-078CBA9B6D2D}.Debug|x64.ActiveCfg = Debug|Any CPU
		{0C438C1E-4773-4D34-B4FD-078CBA9B6D2D}.Debug|x64.Build.0 = Debug|Any CPU
		{0C438C1E-4773-4D34-B4FD-078CBA9B6D2D}.Debug|x86.ActiveCfg = Debug|Any CPU
		{0C438C1E-4773-4D34-B4FD-078CBA9B6D2D}.Debug|x86.Build.0 = Debug|Any CPU
		{0C438C1E-4773-4D34-B4FD-078CBA9B6D2D}.Release|Any CPU.ActiveCfg = Release|Any CPU
		{0C438C1E-4773-4D34-B4FD-078CBA9B6D2D}.Release|Any CPU.Build.0 = Release|Any CPU
		{0C438C1E-4773-4D34-B4FD-078CBA9B6D2D}.Release|x64.ActiveCfg = Release|Any CPU
		{0C438C1E-4773-4D34-B4FD-078CBA9B6D2D}.Release|x64.Build.0 = Release|Any CPU
		{0C438C1E-4773-4D34-B4FD-078CBA9B6D2D}.Release|x86.ActiveCfg = Release|Any CPU
		{0C438C1E-4773-4D34-B4FD-078CBA9B6D2D}.Release|x86.Build.0 = Release|Any CPU
		{478FC33E-08BC-42CD-A9AE-7F4D6A563F1A}.Debug|Any CPU.ActiveCfg = Debug|Any CPU
		{478FC33E-08BC-42CD-A9AE-7F4D6A563F1A}.Debug|Any CPU.Build.0 = Debug|Any CPU
		{478FC33E-08BC-42CD-A9AE-7F4D6A563F1A}.Debug|x64.ActiveCfg = Debug|Any CPU
		{478FC33E-08BC-42CD-A9AE-7F4D6A563F1A}.Debug|x64.Build.0 = Debug|Any CPU
		{478FC33E-08BC-42CD-A9AE-7F4D6A563F1A}.Debug|x86.ActiveCfg = Debug|Any CPU
		{478FC33E-08BC-42CD-A9AE-7F4D6A563F1A}.Debug|x86.Build.0 = Debug|Any CPU
		{478FC33E-08BC-42CD-A9AE-7F4D6A563F1A}.Release|Any CPU.ActiveCfg = Release|Any CPU
		{478FC33E-08BC-42CD-A9AE-7F4D6A563F1A}.Release|Any CPU.Build.0 = Release|Any CPU
		{478FC33E-08BC-42CD-A9AE-7F4D6A563F1A}.Release|x64.ActiveCfg = Release|Any CPU
		{478FC33E-08BC-42CD-A9AE-7F4D6A563F1A}.Release|x64.Build.0 = Release|Any CPU
		{478FC33E-08BC-42CD-A9AE-7F4D6A563F1A}.Release|x86.ActiveCfg = Release|Any CPU
		{478FC33E-08BC-42CD-A9AE-7F4D6A563F1A}.Release|x86.Build.0 = Release|Any CPU
		{11E5D512-F8C7-4A70-9CA7-478D1DFD4362}.Debug|Any CPU.ActiveCfg = Debug|Any CPU
		{11E5D512-F8C7-4A70-9CA7-478D1DFD4362}.Debug|Any CPU.Build.0 = Debug|Any CPU
		{11E5D512-F8C7-4A70-9CA7-478D1DFD4362}.Debug|x64.ActiveCfg = Debug|Any CPU
		{11E5D512-F8C7-4A70-9CA7-478D1DFD4362}.Debug|x64.Build.0 = Debug|Any CPU
		{11E5D512-F8C7-4A70-9CA7-478D1DFD4362}.Debug|x86.ActiveCfg = Debug|Any CPU
		{11E5D512-F8C7-4A70-9CA7-478D1DFD4362}.Debug|x86.Build.0 = Debug|Any CPU
		{11E5D512-F8C7-4A70-9CA7-478D1DFD4362}.Release|Any CPU.ActiveCfg = Release|Any CPU
		{11E5D512-F8C7-4A70-9CA7-478D1DFD4362}.Release|Any CPU.Build.0 = Release|Any CPU
		{11E5D512-F8C7-4A70-9CA7-478D1DFD4362}.Release|x64.ActiveCfg = Release|Any CPU
		{11E5D512-F8C7-4A70-9CA7-478D1DFD4362}.Release|x64.Build.0 = Release|Any CPU
		{11E5D512-F8C7-4A70-9CA7-478D1DFD4362}.Release|x86.ActiveCfg = Release|Any CPU
		{11E5D512-F8C7-4A70-9CA7-478D1DFD4362}.Release|x86.Build.0 = Release|Any CPU
		{882DA032-CC45-47AF-A261-66E625DE0BD5}.Debug|Any CPU.ActiveCfg = Debug|Any CPU
		{882DA032-CC45-47AF-A261-66E625DE0BD5}.Debug|Any CPU.Build.0 = Debug|Any CPU
		{882DA032-CC45-47AF-A261-66E625DE0BD5}.Debug|x64.ActiveCfg = Debug|Any CPU
		{882DA032-CC45-47AF-A261-66E625DE0BD5}.Debug|x64.Build.0 = Debug|Any CPU
		{882DA032-CC45-47AF-A261-66E625DE0BD5}.Debug|x86.ActiveCfg = Debug|Any CPU
		{882DA032-CC45-47AF-A261-66E625DE0BD5}.Debug|x86.Build.0 = Debug|Any CPU
		{882DA032-CC45-47AF-A261-66E625DE0BD5}.Release|Any CPU.ActiveCfg = Release|Any CPU
		{882DA032-CC45-47AF-A261-66E625DE0BD5}.Release|Any CPU.Build.0 = Release|Any CPU
		{882DA032-CC45-47AF-A261-66E625DE0BD5}.Release|x64.ActiveCfg = Release|Any CPU
		{882DA032-CC45-47AF-A261-66E625DE0BD5}.Release|x64.Build.0 = Release|Any CPU
		{882DA032-CC45-47AF-A261-66E625DE0BD5}.Release|x86.ActiveCfg = Release|Any CPU
		{882DA032-CC45-47AF-A261-66E625DE0BD5}.Release|x86.Build.0 = Release|Any CPU
		{2A44AD01-344C-4B95-A93A-9EBA0916DD11}.Debug|Any CPU.ActiveCfg = Debug|Any CPU
		{2A44AD01-344C-4B95-A93A-9EBA0916DD11}.Debug|Any CPU.Build.0 = Debug|Any CPU
		{2A44AD01-344C-4B95-A93A-9EBA0916DD11}.Debug|x64.ActiveCfg = Debug|Any CPU
		{2A44AD01-344C-4B95-A93A-9EBA0916DD11}.Debug|x64.Build.0 = Debug|Any CPU
		{2A44AD01-344C-4B95-A93A-9EBA0916DD11}.Debug|x86.ActiveCfg = Debug|Any CPU
		{2A44AD01-344C-4B95-A93A-9EBA0916DD11}.Debug|x86.Build.0 = Debug|Any CPU
		{2A44AD01-344C-4B95-A93A-9EBA0916DD11}.Release|Any CPU.ActiveCfg = Release|Any CPU
		{2A44AD01-344C-4B95-A93A-9EBA0916DD11}.Release|Any CPU.Build.0 = Release|Any CPU
		{2A44AD01-344C-4B95-A93A-9EBA0916DD11}.Release|x64.ActiveCfg = Release|Any CPU
		{2A44AD01-344C-4B95-A93A-9EBA0916DD11}.Release|x64.Build.0 = Release|Any CPU
		{2A44AD01-344C-4B95-A93A-9EBA0916DD11}.Release|x86.ActiveCfg = Release|Any CPU
		{2A44AD01-344C-4B95-A93A-9EBA0916DD11}.Release|x86.Build.0 = Release|Any CPU
		{1F470039-75F5-4CBC-9AD1-1242DBF9BC1A}.Debug|Any CPU.ActiveCfg = Debug|Any CPU
		{1F470039-75F5-4CBC-9AD1-1242DBF9BC1A}.Debug|Any CPU.Build.0 = Debug|Any CPU
		{1F470039-75F5-4CBC-9AD1-1242DBF9BC1A}.Debug|x64.ActiveCfg = Debug|Any CPU
		{1F470039-75F5-4CBC-9AD1-1242DBF9BC1A}.Debug|x64.Build.0 = Debug|Any CPU
		{1F470039-75F5-4CBC-9AD1-1242DBF9BC1A}.Debug|x86.ActiveCfg = Debug|Any CPU
		{1F470039-75F5-4CBC-9AD1-1242DBF9BC1A}.Debug|x86.Build.0 = Debug|Any CPU
		{1F470039-75F5-4CBC-9AD1-1242DBF9BC1A}.Release|Any CPU.ActiveCfg = Release|Any CPU
		{1F470039-75F5-4CBC-9AD1-1242DBF9BC1A}.Release|Any CPU.Build.0 = Release|Any CPU
		{1F470039-75F5-4CBC-9AD1-1242DBF9BC1A}.Release|x64.ActiveCfg = Release|Any CPU
		{1F470039-75F5-4CBC-9AD1-1242DBF9BC1A}.Release|x64.Build.0 = Release|Any CPU
		{1F470039-75F5-4CBC-9AD1-1242DBF9BC1A}.Release|x86.ActiveCfg = Release|Any CPU
		{1F470039-75F5-4CBC-9AD1-1242DBF9BC1A}.Release|x86.Build.0 = Release|Any CPU
		{5F6496A2-8DB6-4827-BEF3-01539EDC20C0}.Debug|Any CPU.ActiveCfg = Debug|Any CPU
		{5F6496A2-8DB6-4827-BEF3-01539EDC20C0}.Debug|Any CPU.Build.0 = Debug|Any CPU
		{5F6496A2-8DB6-4827-BEF3-01539EDC20C0}.Debug|x64.ActiveCfg = Debug|Any CPU
		{5F6496A2-8DB6-4827-BEF3-01539EDC20C0}.Debug|x64.Build.0 = Debug|Any CPU
		{5F6496A2-8DB6-4827-BEF3-01539EDC20C0}.Debug|x86.ActiveCfg = Debug|Any CPU
		{5F6496A2-8DB6-4827-BEF3-01539EDC20C0}.Debug|x86.Build.0 = Debug|Any CPU
		{5F6496A2-8DB6-4827-BEF3-01539EDC20C0}.Release|Any CPU.ActiveCfg = Release|Any CPU
		{5F6496A2-8DB6-4827-BEF3-01539EDC20C0}.Release|Any CPU.Build.0 = Release|Any CPU
		{5F6496A2-8DB6-4827-BEF3-01539EDC20C0}.Release|x64.ActiveCfg = Release|Any CPU
		{5F6496A2-8DB6-4827-BEF3-01539EDC20C0}.Release|x64.Build.0 = Release|Any CPU
		{5F6496A2-8DB6-4827-BEF3-01539EDC20C0}.Release|x86.ActiveCfg = Release|Any CPU
		{5F6496A2-8DB6-4827-BEF3-01539EDC20C0}.Release|x86.Build.0 = Release|Any CPU
		{AB67850A-8957-4281-9FC7-B7FFCC09ACF6}.Debug|Any CPU.ActiveCfg = Debug|Any CPU
		{AB67850A-8957-4281-9FC7-B7FFCC09ACF6}.Debug|Any CPU.Build.0 = Debug|Any CPU
		{AB67850A-8957-4281-9FC7-B7FFCC09ACF6}.Debug|x64.ActiveCfg = Debug|Any CPU
		{AB67850A-8957-4281-9FC7-B7FFCC09ACF6}.Debug|x64.Build.0 = Debug|Any CPU
		{AB67850A-8957-4281-9FC7-B7FFCC09ACF6}.Debug|x86.ActiveCfg = Debug|Any CPU
		{AB67850A-8957-4281-9FC7-B7FFCC09ACF6}.Debug|x86.Build.0 = Debug|Any CPU
		{AB67850A-8957-4281-9FC7-B7FFCC09ACF6}.Release|Any CPU.ActiveCfg = Release|Any CPU
		{AB67850A-8957-4281-9FC7-B7FFCC09ACF6}.Release|Any CPU.Build.0 = Release|Any CPU
		{AB67850A-8957-4281-9FC7-B7FFCC09ACF6}.Release|x64.ActiveCfg = Release|Any CPU
		{AB67850A-8957-4281-9FC7-B7FFCC09ACF6}.Release|x64.Build.0 = Release|Any CPU
		{AB67850A-8957-4281-9FC7-B7FFCC09ACF6}.Release|x86.ActiveCfg = Release|Any CPU
		{AB67850A-8957-4281-9FC7-B7FFCC09ACF6}.Release|x86.Build.0 = Release|Any CPU
		{0856E740-8B29-4E70-B85F-E2A95BAF6374}.Debug|Any CPU.ActiveCfg = Debug|Any CPU
		{0856E740-8B29-4E70-B85F-E2A95BAF6374}.Debug|Any CPU.Build.0 = Debug|Any CPU
		{0856E740-8B29-4E70-B85F-E2A95BAF6374}.Debug|x64.ActiveCfg = Debug|Any CPU
		{0856E740-8B29-4E70-B85F-E2A95BAF6374}.Debug|x64.Build.0 = Debug|Any CPU
		{0856E740-8B29-4E70-B85F-E2A95BAF6374}.Debug|x86.ActiveCfg = Debug|Any CPU
		{0856E740-8B29-4E70-B85F-E2A95BAF6374}.Debug|x86.Build.0 = Debug|Any CPU
		{0856E740-8B29-4E70-B85F-E2A95BAF6374}.Release|Any CPU.ActiveCfg = Release|Any CPU
		{0856E740-8B29-4E70-B85F-E2A95BAF6374}.Release|Any CPU.Build.0 = Release|Any CPU
		{0856E740-8B29-4E70-B85F-E2A95BAF6374}.Release|x64.ActiveCfg = Release|Any CPU
		{0856E740-8B29-4E70-B85F-E2A95BAF6374}.Release|x64.Build.0 = Release|Any CPU
		{0856E740-8B29-4E70-B85F-E2A95BAF6374}.Release|x86.ActiveCfg = Release|Any CPU
		{0856E740-8B29-4E70-B85F-E2A95BAF6374}.Release|x86.Build.0 = Release|Any CPU
	EndGlobalSection
	GlobalSection(SolutionProperties) = preSolution
		HideSolutionNode = FALSE
	EndGlobalSection
	GlobalSection(NestedProjects) = preSolution
		{F97E9E8A-1B0B-427A-BBC2-28E7B7D67E74} = {15FE0574-4E50-386F-9737-43B5535C258B}
		{33CEF72E-6B37-4483-A426-B1238F101B41} = {15FE0574-4E50-386F-9737-43B5535C258B}
		{D6A488D8-2820-4DB5-97A3-1FB3A9592004} = {15FE0574-4E50-386F-9737-43B5535C258B}
		{DFCC9C16-1D22-4454-B974-4F2FE440149F} = {15FE0574-4E50-386F-9737-43B5535C258B}
		{E298AF85-C2FC-4C8B-8BC6-44D7153848E6} = {15FE0574-4E50-386F-9737-43B5535C258B}
		{0A461A0A-9D82-4640-A6FE-0318AB5BBAB1} = {7F76C13B-6351-DF99-A2D0-6CC73E485199}
		{3C74999B-08B1-4346-8319-F03C1E22A0E0} = {7F76C13B-6351-DF99-A2D0-6CC73E485199}
		{6DCA12A8-94A0-4448-9E49-B36C185F21FF} = {A9431809-D8E9-475A-2AAA-895F3FFC654B}
		{22CAEAEF-C2BA-4F64-BF78-E96D65CF32D2} = {A9431809-D8E9-475A-2AAA-895F3FFC654B}
		{3678C5A3-565F-405D-A609-2895C02B4B73} = {A9431809-D8E9-475A-2AAA-895F3FFC654B}
		{728D16F6-162C-439B-BF4D-FB7BD69A8839} = {A9431809-D8E9-475A-2AAA-895F3FFC654B}
		{ED2B1F15-B3B7-4EEC-90E3-BAE4F6BB3EDD} = {A9431809-D8E9-475A-2AAA-895F3FFC654B}
		{13830DF5-B0B1-4D2E-B9BD-9D93660F9580} = {A9431809-D8E9-475A-2AAA-895F3FFC654B}
		{405A8E86-4FD1-4C9A-9502-98E301F185DB} = {A9431809-D8E9-475A-2AAA-895F3FFC654B}
		{77DE7D38-E491-48CA-A1E7-B3A4063BD09D} = {A9431809-D8E9-475A-2AAA-895F3FFC654B}
		{6FF8C717-6820-4F3B-A6F9-E4220789FB80} = {A9431809-D8E9-475A-2AAA-895F3FFC654B}
		{3C781C4C-C5F8-4210-8EED-C3BDBA722DFB} = {A9431809-D8E9-475A-2AAA-895F3FFC654B}
		{C49130AA-3488-40E3-8893-E5C0354F9ADB} = {A9431809-D8E9-475A-2AAA-895F3FFC654B}
		{032EAC21-42FF-4645-B400-261962AC0B2B} = {A9431809-D8E9-475A-2AAA-895F3FFC654B}
		{B370BC3C-02EF-4233-9F46-0EDCE8E69A65} = {A9431809-D8E9-475A-2AAA-895F3FFC654B}
		{0662FC7A-5EE0-4BF8-83E2-6C6EDCFA88B4} = {A9431809-D8E9-475A-2AAA-895F3FFC654B}
		{0FC56CBC-C354-49EF-9AB6-C35998BB36C6} = {A9431809-D8E9-475A-2AAA-895F3FFC654B}
		{F1F95A72-986C-4E27-973C-9A206102CED8} = {A9431809-D8E9-475A-2AAA-895F3FFC654B}
		{4A294F83-0C41-4BCA-9BE3-468BC3D40BFE} = {A9431809-D8E9-475A-2AAA-895F3FFC654B}
		{7B02A0D7-F100-4B63-9CC4-3368FC5A953E} = {A9431809-D8E9-475A-2AAA-895F3FFC654B}
		{B15DF859-14EB-4FA7-9DB4-930E5BC860F0} = {A9431809-D8E9-475A-2AAA-895F3FFC654B}
		{0C438C1E-4773-4D34-B4FD-078CBA9B6D2D} = {A9431809-D8E9-475A-2AAA-895F3FFC654B}
		{478FC33E-08BC-42CD-A9AE-7F4D6A563F1A} = {D7B491A9-3F8C-3590-8CA7-ED26D3346330}
		{11E5D512-F8C7-4A70-9CA7-478D1DFD4362} = {D7B491A9-3F8C-3590-8CA7-ED26D3346330}
		{882DA032-CC45-47AF-A261-66E625DE0BD5} = {D7B491A9-3F8C-3590-8CA7-ED26D3346330}
		{2A44AD01-344C-4B95-A93A-9EBA0916DD11} = {D7B491A9-3F8C-3590-8CA7-ED26D3346330}
		{1F470039-75F5-4CBC-9AD1-1242DBF9BC1A} = {D7B491A9-3F8C-3590-8CA7-ED26D3346330}
		{5F6496A2-8DB6-4827-BEF3-01539EDC20C0} = {37744964-2113-1F90-16D9-34EECBF97F0A}
		{AB67850A-8957-4281-9FC7-B7FFCC09ACF6} = {37744964-2113-1F90-16D9-34EECBF97F0A}
		{0856E740-8B29-4E70-B85F-E2A95BAF6374} = {D7B491A9-3F8C-3590-8CA7-ED26D3346330}
	EndGlobalSection
EndGlobal
