
Microsoft Visual Studio Solution File, Format Version 12.00
# Visual Studio Version 17
VisualStudioVersion = 17.0.31903.59
MinimumVisualStudioVersion = 10.0.40219.1
Project("{2150E333-8FDC-42A3-9474-1A3956D46DE8}") = "backend", "backend", "{1AE8ACA6-933B-BF2A-3671-3E2EAC007D16}"
EndProject
Project("{2150E333-8FDC-42A3-9474-1A3956D46DE8}") = "nucleo", "nucleo", "{363DF341-F5EF-29BB-E3BF-DCB43F352989}"
EndProject
Project("{FAE04EC0-301F-11D3-BF4B-00C04F79EFBC}") = "Synergos.Core", "backend\nucleo\Synergos.Core\Synergos.Core.csproj", "{552874BC-1278-41C3-A88E-A45340B1763E}"
EndProject
Project("{FAE04EC0-301F-11D3-BF4B-00C04F79EFBC}") = "Synergos.Shared", "backend\nucleo\Synergos.Shared\Synergos.Shared.csproj", "{D2E48C1D-888B-46D5-AAEF-1C9C53E6F0DC}"
EndProject
Project("{2150E333-8FDC-42A3-9474-1A3956D46DE8}") = "capacidades", "capacidades", "{5705FFE1-D904-C5D7-4D81-59ED1352653D}"
EndProject
Project("{FAE04EC0-301F-11D3-BF4B-00C04F79EFBC}") = "Synergos.Api.Audit", "backend\capacidades\Synergos.Api.Audit\Synergos.Api.Audit.csproj", "{EC0E2B82-EE12-4CE8-84D0-BE82A6EF99A2}"
EndProject
Project("{FAE04EC0-301F-11D3-BF4B-00C04F79EFBC}") = "Synergos.Api.Booking", "backend\capacidades\Synergos.Api.Booking\Synergos.Api.Booking.csproj", "{F4F077B1-1CC8-437C-97D0-513E32512405}"
EndProject
Project("{FAE04EC0-301F-11D3-BF4B-00C04F79EFBC}") = "Synergos.Api.Cart", "backend\capacidades\Synergos.Api.Cart\Synergos.Api.Cart.csproj", "{56638533-901F-4BD2-98AB-AC54BFEF8595}"
EndProject
Project("{FAE04EC0-301F-11D3-BF4B-00C04F79EFBC}") = "Synergos.Api.Catalog", "backend\capacidades\Synergos.Api.Catalog\Synergos.Api.Catalog.csproj", "{F0B6F3E2-B828-4EBF-AD90-8EDCEC6ECBC7}"
EndProject
Project("{FAE04EC0-301F-11D3-BF4B-00C04F79EFBC}") = "Synergos.Api.Consent", "backend\capacidades\Synergos.Api.Consent\Synergos.Api.Consent.csproj", "{2C8C9199-AB11-4E53-9824-AF3C6685D7F9}"
EndProject
Project("{FAE04EC0-301F-11D3-BF4B-00C04F79EFBC}") = "Synergos.Api.Documents", "backend\capacidades\Synergos.Api.Documents\Synergos.Api.Documents.csproj", "{EDDDC1D1-06D2-429C-93F5-217227E03FDD}"
EndProject
Project("{FAE04EC0-301F-11D3-BF4B-00C04F79EFBC}") = "Synergos.Api.Engagement", "backend\capacidades\Synergos.Api.Engagement\Synergos.Api.Engagement.csproj", "{8A317BAA-2AE7-40F8-AECB-5A1E24179000}"
EndProject
Project("{FAE04EC0-301F-11D3-BF4B-00C04F79EFBC}") = "Synergos.Api.Fulfillment", "backend\capacidades\Synergos.Api.Fulfillment\Synergos.Api.Fulfillment.csproj", "{A35567C8-DD9E-471D-BDDC-DB741446789F}"
EndProject
Project("{FAE04EC0-301F-11D3-BF4B-00C04F79EFBC}") = "Synergos.Api.Geo", "backend\capacidades\Synergos.Api.Geo\Synergos.Api.Geo.csproj", "{1100D257-5B90-4FA9-9596-0B9375E8C271}"
EndProject
Project("{FAE04EC0-301F-11D3-BF4B-00C04F79EFBC}") = "Synergos.Api.Identity", "backend\capacidades\Synergos.Api.Identity\Synergos.Api.Identity.csproj", "{5114432F-7BBE-4AC0-98DF-89EC39D292EF}"
EndProject
Project("{FAE04EC0-301F-11D3-BF4B-00C04F79EFBC}") = "Synergos.Api.Inventory", "backend\capacidades\Synergos.Api.Inventory\Synergos.Api.Inventory.csproj", "{D0806B8E-725F-4B7B-92A4-2137045C0355}"
EndProject
Project("{FAE04EC0-301F-11D3-BF4B-00C04F79EFBC}") = "Synergos.Api.Messaging", "backend\capacidades\Synergos.Api.Messaging\Synergos.Api.Messaging.csproj", "{147505B3-69EB-49EC-BD59-A1ADC261D3B3}"
EndProject
Project("{FAE04EC0-301F-11D3-BF4B-00C04F79EFBC}") = "Synergos.Api.Moderation", "backend\capacidades\Synergos.Api.Moderation\Synergos.Api.Moderation.csproj", "{72D0799F-D8A7-4A9B-9EF0-8739CCF762A8}"
EndProject
Project("{FAE04EC0-301F-11D3-BF4B-00C04F79EFBC}") = "Synergos.Api.Notifications", "backend\capacidades\Synergos.Api.Notifications\Synergos.Api.Notifications.csproj", "{3D21BF30-A9C3-4084-BFE3-F8C2B1455DF1}"
EndProject
Project("{FAE04EC0-301F-11D3-BF4B-00C04F79EFBC}") = "Synergos.Api.Orders", "backend\capacidades\Synergos.Api.Orders\Synergos.Api.Orders.csproj", "{4A36B2DA-70E0-4785-AF6F-71B6B30344E4}"
EndProject
Project("{FAE04EC0-301F-11D3-BF4B-00C04F79EFBC}") = "Synergos.Api.Payments", "backend\capacidades\Synergos.Api.Payments\Synergos.Api.Payments.csproj", "{376A0253-F371-4330-A415-3A4C1CD50408}"
EndProject
Project("{FAE04EC0-301F-11D3-BF4B-00C04F79EFBC}") = "Synergos.Api.Pricing", "backend\capacidades\Synergos.Api.Pricing\Synergos.Api.Pricing.csproj", "{5A05592F-5B35-4092-B047-882479CE18E2}"
EndProject
Project("{FAE04EC0-301F-11D3-BF4B-00C04F79EFBC}") = "Synergos.Api.Sessions", "backend\capacidades\Synergos.Api.Sessions\Synergos.Api.Sessions.csproj", "{C7AC64CC-1203-4C78-BD94-CCD18D064286}"
EndProject
Project("{FAE04EC0-301F-11D3-BF4B-00C04F79EFBC}") = "Synergos.Api.Signing", "backend\capacidades\Synergos.Api.Signing\Synergos.Api.Signing.csproj", "{6A489FF2-06A8-4497-9CDB-72DEB3284065}"
EndProject
Project("{FAE04EC0-301F-11D3-BF4B-00C04F79EFBC}") = "Synergos.Api.Workflow", "backend\capacidades\Synergos.Api.Workflow\Synergos.Api.Workflow.csproj", "{5B295E7E-B9BD-48DE-B818-E82A8F2A1842}"
EndProject
Global
	GlobalSection(SolutionConfigurationPlatforms) = preSolution
		Debug|Any CPU = Debug|Any CPU
		Debug|x64 = Debug|x64
		Debug|x86 = Debug|x86
		Release|Any CPU = Release|Any CPU
		Release|x64 = Release|x64
		Release|x86 = Release|x86
	EndGlobalSection
	GlobalSection(ProjectConfigurationPlatforms) = postSolution
		{552874BC-1278-41C3-A88E-A45340B1763E}.Debug|Any CPU.ActiveCfg = Debug|Any CPU
		{552874BC-1278-41C3-A88E-A45340B1763E}.Debug|Any CPU.Build.0 = Debug|Any CPU
		{552874BC-1278-41C3-A88E-A45340B1763E}.Debug|x64.ActiveCfg = Debug|Any CPU
		{552874BC-1278-41C3-A88E-A45340B1763E}.Debug|x64.Build.0 = Debug|Any CPU
		{552874BC-1278-41C3-A88E-A45340B1763E}.Debug|x86.ActiveCfg = Debug|Any CPU
		{552874BC-1278-41C3-A88E-A45340B1763E}.Debug|x86.Build.0 = Debug|Any CPU
		{552874BC-1278-41C3-A88E-A45340B1763E}.Release|Any CPU.ActiveCfg = Release|Any CPU
		{552874BC-1278-41C3-A88E-A45340B1763E}.Release|Any CPU.Build.0 = Release|Any CPU
		{552874BC-1278-41C3-A88E-A45340B1763E}.Release|x64.ActiveCfg = Release|Any CPU
		{552874BC-1278-41C3-A88E-A45340B1763E}.Release|x64.Build.0 = Release|Any CPU
		{552874BC-1278-41C3-A88E-A45340B1763E}.Release|x86.ActiveCfg = Release|Any CPU
		{552874BC-1278-41C3-A88E-A45340B1763E}.Release|x86.Build.0 = Release|Any CPU
		{D2E48C1D-888B-46D5-AAEF-1C9C53E6F0DC}.Debug|Any CPU.ActiveCfg = Debug|Any CPU
		{D2E48C1D-888B-46D5-AAEF-1C9C53E6F0DC}.Debug|Any CPU.Build.0 = Debug|Any CPU
		{D2E48C1D-888B-46D5-AAEF-1C9C53E6F0DC}.Debug|x64.ActiveCfg = Debug|Any CPU
		{D2E48C1D-888B-46D5-AAEF-1C9C53E6F0DC}.Debug|x64.Build.0 = Debug|Any CPU
		{D2E48C1D-888B-46D5-AAEF-1C9C53E6F0DC}.Debug|x86.ActiveCfg = Debug|Any CPU
		{D2E48C1D-888B-46D5-AAEF-1C9C53E6F0DC}.Debug|x86.Build.0 = Debug|Any CPU
		{D2E48C1D-888B-46D5-AAEF-1C9C53E6F0DC}.Release|Any CPU.ActiveCfg = Release|Any CPU
		{D2E48C1D-888B-46D5-AAEF-1C9C53E6F0DC}.Release|Any CPU.Build.0 = Release|Any CPU
		{D2E48C1D-888B-46D5-AAEF-1C9C53E6F0DC}.Release|x64.ActiveCfg = Release|Any CPU
		{D2E48C1D-888B-46D5-AAEF-1C9C53E6F0DC}.Release|x64.Build.0 = Release|Any CPU
		{D2E48C1D-888B-46D5-AAEF-1C9C53E6F0DC}.Release|x86.ActiveCfg = Release|Any CPU
		{D2E48C1D-888B-46D5-AAEF-1C9C53E6F0DC}.Release|x86.Build.0 = Release|Any CPU
		{EC0E2B82-EE12-4CE8-84D0-BE82A6EF99A2}.Debug|Any CPU.ActiveCfg = Debug|Any CPU
		{EC0E2B82-EE12-4CE8-84D0-BE82A6EF99A2}.Debug|Any CPU.Build.0 = Debug|Any CPU
		{EC0E2B82-EE12-4CE8-84D0-BE82A6EF99A2}.Debug|x64.ActiveCfg = Debug|Any CPU
		{EC0E2B82-EE12-4CE8-84D0-BE82A6EF99A2}.Debug|x64.Build.0 = Debug|Any CPU
		{EC0E2B82-EE12-4CE8-84D0-BE82A6EF99A2}.Debug|x86.ActiveCfg = Debug|Any CPU
		{EC0E2B82-EE12-4CE8-84D0-BE82A6EF99A2}.Debug|x86.Build.0 = Debug|Any CPU
		{EC0E2B82-EE12-4CE8-84D0-BE82A6EF99A2}.Release|Any CPU.ActiveCfg = Release|Any CPU
		{EC0E2B82-EE12-4CE8-84D0-BE82A6EF99A2}.Release|Any CPU.Build.0 = Release|Any CPU
		{EC0E2B82-EE12-4CE8-84D0-BE82A6EF99A2}.Release|x64.ActiveCfg = Release|Any CPU
		{EC0E2B82-EE12-4CE8-84D0-BE82A6EF99A2}.Release|x64.Build.0 = Release|Any CPU
		{EC0E2B82-EE12-4CE8-84D0-BE82A6EF99A2}.Release|x86.ActiveCfg = Release|Any CPU
		{EC0E2B82-EE12-4CE8-84D0-BE82A6EF99A2}.Release|x86.Build.0 = Release|Any CPU
		{F4F077B1-1CC8-437C-97D0-513E32512405}.Debug|Any CPU.ActiveCfg = Debug|Any CPU
		{F4F077B1-1CC8-437C-97D0-513E32512405}.Debug|Any CPU.Build.0 = Debug|Any CPU
		{F4F077B1-1CC8-437C-97D0-513E32512405}.Debug|x64.ActiveCfg = Debug|Any CPU
		{F4F077B1-1CC8-437C-97D0-513E32512405}.Debug|x64.Build.0 = Debug|Any CPU
		{F4F077B1-1CC8-437C-97D0-513E32512405}.Debug|x86.ActiveCfg = Debug|Any CPU
		{F4F077B1-1CC8-437C-97D0-513E32512405}.Debug|x86.Build.0 = Debug|Any CPU
		{F4F077B1-1CC8-437C-97D0-513E32512405}.Release|Any CPU.ActiveCfg = Release|Any CPU
		{F4F077B1-1CC8-437C-97D0-513E32512405}.Release|Any CPU.Build.0 = Release|Any CPU
		{F4F077B1-1CC8-437C-97D0-513E32512405}.Release|x64.ActiveCfg = Release|Any CPU
		{F4F077B1-1CC8-437C-97D0-513E32512405}.Release|x64.Build.0 = Release|Any CPU
		{F4F077B1-1CC8-437C-97D0-513E32512405}.Release|x86.ActiveCfg = Release|Any CPU
		{F4F077B1-1CC8-437C-97D0-513E32512405}.Release|x86.Build.0 = Release|Any CPU
		{56638533-901F-4BD2-98AB-AC54BFEF8595}.Debug|Any CPU.ActiveCfg = Debug|Any CPU
		{56638533-901F-4BD2-98AB-AC54BFEF8595}.Debug|Any CPU.Build.0 = Debug|Any CPU
		{56638533-901F-4BD2-98AB-AC54BFEF8595}.Debug|x64.ActiveCfg = Debug|Any CPU
		{56638533-901F-4BD2-98AB-AC54BFEF8595}.Debug|x64.Build.0 = Debug|Any CPU
		{56638533-901F-4BD2-98AB-AC54BFEF8595}.Debug|x86.ActiveCfg = Debug|Any CPU
		{56638533-901F-4BD2-98AB-AC54BFEF8595}.Debug|x86.Build.0 = Debug|Any CPU
		{56638533-901F-4BD2-98AB-AC54BFEF8595}.Release|Any CPU.ActiveCfg = Release|Any CPU
		{56638533-901F-4BD2-98AB-AC54BFEF8595}.Release|Any CPU.Build.0 = Release|Any CPU
		{56638533-901F-4BD2-98AB-AC54BFEF8595}.Release|x64.ActiveCfg = Release|Any CPU
		{56638533-901F-4BD2-98AB-AC54BFEF8595}.Release|x64.Build.0 = Release|Any CPU
		{56638533-901F-4BD2-98AB-AC54BFEF8595}.Release|x86.ActiveCfg = Release|Any CPU
		{56638533-901F-4BD2-98AB-AC54BFEF8595}.Release|x86.Build.0 = Release|Any CPU
		{F0B6F3E2-B828-4EBF-AD90-8EDCEC6ECBC7}.Debug|Any CPU.ActiveCfg = Debug|Any CPU
		{F0B6F3E2-B828-4EBF-AD90-8EDCEC6ECBC7}.Debug|Any CPU.Build.0 = Debug|Any CPU
		{F0B6F3E2-B828-4EBF-AD90-8EDCEC6ECBC7}.Debug|x64.ActiveCfg = Debug|Any CPU
		{F0B6F3E2-B828-4EBF-AD90-8EDCEC6ECBC7}.Debug|x64.Build.0 = Debug|Any CPU
		{F0B6F3E2-B828-4EBF-AD90-8EDCEC6ECBC7}.Debug|x86.ActiveCfg = Debug|Any CPU
		{F0B6F3E2-B828-4EBF-AD90-8EDCEC6ECBC7}.Debug|x86.Build.0 = Debug|Any CPU
		{F0B6F3E2-B828-4EBF-AD90-8EDCEC6ECBC7}.Release|Any CPU.ActiveCfg = Release|Any CPU
		{F0B6F3E2-B828-4EBF-AD90-8EDCEC6ECBC7}.Release|Any CPU.Build.0 = Release|Any CPU
		{F0B6F3E2-B828-4EBF-AD90-8EDCEC6ECBC7}.Release|x64.ActiveCfg = Release|Any CPU
		{F0B6F3E2-B828-4EBF-AD90-8EDCEC6ECBC7}.Release|x64.Build.0 = Release|Any CPU
		{F0B6F3E2-B828-4EBF-AD90-8EDCEC6ECBC7}.Release|x86.ActiveCfg = Release|Any CPU
		{F0B6F3E2-B828-4EBF-AD90-8EDCEC6ECBC7}.Release|x86.Build.0 = Release|Any CPU
		{2C8C9199-AB11-4E53-9824-AF3C6685D7F9}.Debug|Any CPU.ActiveCfg = Debug|Any CPU
		{2C8C9199-AB11-4E53-9824-AF3C6685D7F9}.Debug|Any CPU.Build.0 = Debug|Any CPU
		{2C8C9199-AB11-4E53-9824-AF3C6685D7F9}.Debug|x64.ActiveCfg = Debug|Any CPU
		{2C8C9199-AB11-4E53-9824-AF3C6685D7F9}.Debug|x64.Build.0 = Debug|Any CPU
		{2C8C9199-AB11-4E53-9824-AF3C6685D7F9}.Debug|x86.ActiveCfg = Debug|Any CPU
		{2C8C9199-AB11-4E53-9824-AF3C6685D7F9}.Debug|x86.Build.0 = Debug|Any CPU
		{2C8C9199-AB11-4E53-9824-AF3C6685D7F9}.Release|Any CPU.ActiveCfg = Release|Any CPU
		{2C8C9199-AB11-4E53-9824-AF3C6685D7F9}.Release|Any CPU.Build.0 = Release|Any CPU
		{2C8C9199-AB11-4E53-9824-AF3C6685D7F9}.Release|x64.ActiveCfg = Release|Any CPU
		{2C8C9199-AB11-4E53-9824-AF3C6685D7F9}.Release|x64.Build.0 = Release|Any CPU
		{2C8C9199-AB11-4E53-9824-AF3C6685D7F9}.Release|x86.ActiveCfg = Release|Any CPU
		{2C8C9199-AB11-4E53-9824-AF3C6685D7F9}.Release|x86.Build.0 = Release|Any CPU
		{EDDDC1D1-06D2-429C-93F5-217227E03FDD}.Debug|Any CPU.ActiveCfg = Debug|Any CPU
		{EDDDC1D1-06D2-429C-93F5-217227E03FDD}.Debug|Any CPU.Build.0 = Debug|Any CPU
		{EDDDC1D1-06D2-429C-93F5-217227E03FDD}.Debug|x64.ActiveCfg = Debug|Any CPU
		{EDDDC1D1-06D2-429C-93F5-217227E03FDD}.Debug|x64.Build.0 = Debug|Any CPU
		{EDDDC1D1-06D2-429C-93F5-217227E03FDD}.Debug|x86.ActiveCfg = Debug|Any CPU
		{EDDDC1D1-06D2-429C-93F5-217227E03FDD}.Debug|x86.Build.0 = Debug|Any CPU
		{EDDDC1D1-06D2-429C-93F5-217227E03FDD}.Release|Any CPU.ActiveCfg = Release|Any CPU
		{EDDDC1D1-06D2-429C-93F5-217227E03FDD}.Release|Any CPU.Build.0 = Release|Any CPU
		{EDDDC1D1-06D2-429C-93F5-217227E03FDD}.Release|x64.ActiveCfg = Release|Any CPU
		{EDDDC1D1-06D2-429C-93F5-217227E03FDD}.Release|x64.Build.0 = Release|Any CPU
		{EDDDC1D1-06D2-429C-93F5-217227E03FDD}.Release|x86.ActiveCfg = Release|Any CPU
		{EDDDC1D1-06D2-429C-93F5-217227E03FDD}.Release|x86.Build.0 = Release|Any CPU
		{8A317BAA-2AE7-40F8-AECB-5A1E24179000}.Debug|Any CPU.ActiveCfg = Debug|Any CPU
		{8A317BAA-2AE7-40F8-AECB-5A1E24179000}.Debug|Any CPU.Build.0 = Debug|Any CPU
		{8A317BAA-2AE7-40F8-AECB-5A1E24179000}.Debug|x64.ActiveCfg = Debug|Any CPU
		{8A317BAA-2AE7-40F8-AECB-5A1E24179000}.Debug|x64.Build.0 = Debug|Any CPU
		{8A317BAA-2AE7-40F8-AECB-5A1E24179000}.Debug|x86.ActiveCfg = Debug|Any CPU
		{8A317BAA-2AE7-40F8-AECB-5A1E24179000}.Debug|x86.Build.0 = Debug|Any CPU
		{8A317BAA-2AE7-40F8-AECB-5A1E24179000}.Release|Any CPU.ActiveCfg = Release|Any CPU
		{8A317BAA-2AE7-40F8-AECB-5A1E24179000}.Release|Any CPU.Build.0 = Release|Any CPU
		{8A317BAA-2AE7-40F8-AECB-5A1E24179000}.Release|x64.ActiveCfg = Release|Any CPU
		{8A317BAA-2AE7-40F8-AECB-5A1E24179000}.Release|x64.Build.0 = Release|Any CPU
		{8A317BAA-2AE7-40F8-AECB-5A1E24179000}.Release|x86.ActiveCfg = Release|Any CPU
		{8A317BAA-2AE7-40F8-AECB-5A1E24179000}.Release|x86.Build.0 = Release|Any CPU
		{A35567C8-DD9E-471D-BDDC-DB741446789F}.Debug|Any CPU.ActiveCfg = Debug|Any CPU
		{A35567C8-DD9E-471D-BDDC-DB741446789F}.Debug|Any CPU.Build.0 = Debug|Any CPU
		{A35567C8-DD9E-471D-BDDC-DB741446789F}.Debug|x64.ActiveCfg = Debug|Any CPU
		{A35567C8-DD9E-471D-BDDC-DB741446789F}.Debug|x64.Build.0 = Debug|Any CPU
		{A35567C8-DD9E-471D-BDDC-DB741446789F}.Debug|x86.ActiveCfg = Debug|Any CPU
		{A35567C8-DD9E-471D-BDDC-DB741446789F}.Debug|x86.Build.0 = Debug|Any CPU
		{A35567C8-DD9E-471D-BDDC-DB741446789F}.Release|Any CPU.ActiveCfg = Release|Any CPU
		{A35567C8-DD9E-471D-BDDC-DB741446789F}.Release|Any CPU.Build.0 = Release|Any CPU
		{A35567C8-DD9E-471D-BDDC-DB741446789F}.Release|x64.ActiveCfg = Release|Any CPU
		{A35567C8-DD9E-471D-BDDC-DB741446789F}.Release|x64.Build.0 = Release|Any CPU
		{A35567C8-DD9E-471D-BDDC-DB741446789F}.Release|x86.ActiveCfg = Release|Any CPU
		{A35567C8-DD9E-471D-BDDC-DB741446789F}.Release|x86.Build.0 = Release|Any CPU
		{1100D257-5B90-4FA9-9596-0B9375E8C271}.Debug|Any CPU.ActiveCfg = Debug|Any CPU
		{1100D257-5B90-4FA9-9596-0B9375E8C271}.Debug|Any CPU.Build.0 = Debug|Any CPU
		{1100D257-5B90-4FA9-9596-0B9375E8C271}.Debug|x64.ActiveCfg = Debug|Any CPU
		{1100D257-5B90-4FA9-9596-0B9375E8C271}.Debug|x64.Build.0 = Debug|Any CPU
		{1100D257-5B90-4FA9-9596-0B9375E8C271}.Debug|x86.ActiveCfg = Debug|Any CPU
		{1100D257-5B90-4FA9-9596-0B9375E8C271}.Debug|x86.Build.0 = Debug|Any CPU
		{1100D257-5B90-4FA9-9596-0B9375E8C271}.Release|Any CPU.ActiveCfg = Release|Any CPU
		{1100D257-5B90-4FA9-9596-0B9375E8C271}.Release|Any CPU.Build.0 = Release|Any CPU
		{1100D257-5B90-4FA9-9596-0B9375E8C271}.Release|x64.ActiveCfg = Release|Any CPU
		{1100D257-5B90-4FA9-9596-0B9375E8C271}.Release|x64.Build.0 = Release|Any CPU
		{1100D257-5B90-4FA9-9596-0B9375E8C271}.Release|x86.ActiveCfg = Release|Any CPU
		{1100D257-5B90-4FA9-9596-0B9375E8C271}.Release|x86.Build.0 = Release|Any CPU
		{5114432F-7BBE-4AC0-98DF-89EC39D292EF}.Debug|Any CPU.ActiveCfg = Debug|Any CPU
		{5114432F-7BBE-4AC0-98DF-89EC39D292EF}.Debug|Any CPU.Build.0 = Debug|Any CPU
		{5114432F-7BBE-4AC0-98DF-89EC39D292EF}.Debug|x64.ActiveCfg = Debug|Any CPU
		{5114432F-7BBE-4AC0-98DF-89EC39D292EF}.Debug|x64.Build.0 = Debug|Any CPU
		{5114432F-7BBE-4AC0-98DF-89EC39D292EF}.Debug|x86.ActiveCfg = Debug|Any CPU
		{5114432F-7BBE-4AC0-98DF-89EC39D292EF}.Debug|x86.Build.0 = Debug|Any CPU
		{5114432F-7BBE-4AC0-98DF-89EC39D292EF}.Release|Any CPU.ActiveCfg = Release|Any CPU
		{5114432F-7BBE-4AC0-98DF-89EC39D292EF}.Release|Any CPU.Build.0 = Release|Any CPU
		{5114432F-7BBE-4AC0-98DF-89EC39D292EF}.Release|x64.ActiveCfg = Release|Any CPU
		{5114432F-7BBE-4AC0-98DF-89EC39D292EF}.Release|x64.Build.0 = Release|Any CPU
		{5114432F-7BBE-4AC0-98DF-89EC39D292EF}.Release|x86.ActiveCfg = Release|Any CPU
		{5114432F-7BBE-4AC0-98DF-89EC39D292EF}.Release|x86.Build.0 = Release|Any CPU
		{D0806B8E-725F-4B7B-92A4-2137045C0355}.Debug|Any CPU.ActiveCfg = Debug|Any CPU
		{D0806B8E-725F-4B7B-92A4-2137045C0355}.Debug|Any CPU.Build.0 = Debug|Any CPU
		{D0806B8E-725F-4B7B-92A4-2137045C0355}.Debug|x64.ActiveCfg = Debug|Any CPU
		{D0806B8E-725F-4B7B-92A4-2137045C0355}.Debug|x64.Build.0 = Debug|Any CPU
		{D0806B8E-725F-4B7B-92A4-2137045C0355}.Debug|x86.ActiveCfg = Debug|Any CPU
		{D0806B8E-725F-4B7B-92A4-2137045C0355}.Debug|x86.Build.0 = Debug|Any CPU
		{D0806B8E-725F-4B7B-92A4-2137045C0355}.Release|Any CPU.ActiveCfg = Release|Any CPU
		{D0806B8E-725F-4B7B-92A4-2137045C0355}.Release|Any CPU.Build.0 = Release|Any CPU
		{D0806B8E-725F-4B7B-92A4-2137045C0355}.Release|x64.ActiveCfg = Release|Any CPU
		{D0806B8E-725F-4B7B-92A4-2137045C0355}.Release|x64.Build.0 = Release|Any CPU
		{D0806B8E-725F-4B7B-92A4-2137045C0355}.Release|x86.ActiveCfg = Release|Any CPU
		{D0806B8E-725F-4B7B-92A4-2137045C0355}.Release|x86.Build.0 = Release|Any CPU
		{147505B3-69EB-49EC-BD59-A1ADC261D3B3}.Debug|Any CPU.ActiveCfg = Debug|Any CPU
		{147505B3-69EB-49EC-BD59-A1ADC261D3B3}.Debug|Any CPU.Build.0 = Debug|Any CPU
		{147505B3-69EB-49EC-BD59-A1ADC261D3B3}.Debug|x64.ActiveCfg = Debug|Any CPU
		{147505B3-69EB-49EC-BD59-A1ADC261D3B3}.Debug|x64.Build.0 = Debug|Any CPU
		{147505B3-69EB-49EC-BD59-A1ADC261D3B3}.Debug|x86.ActiveCfg = Debug|Any CPU
		{147505B3-69EB-49EC-BD59-A1ADC261D3B3}.Debug|x86.Build.0 = Debug|Any CPU
		{147505B3-69EB-49EC-BD59-A1ADC261D3B3}.Release|Any CPU.ActiveCfg = Release|Any CPU
		{147505B3-69EB-49EC-BD59-A1ADC261D3B3}.Release|Any CPU.Build.0 = Release|Any CPU
		{147505B3-69EB-49EC-BD59-A1ADC261D3B3}.Release|x64.ActiveCfg = Release|Any CPU
		{147505B3-69EB-49EC-BD59-A1ADC261D3B3}.Release|x64.Build.0 = Release|Any CPU
		{147505B3-69EB-49EC-BD59-A1ADC261D3B3}.Release|x86.ActiveCfg = Release|Any CPU
		{147505B3-69EB-49EC-BD59-A1ADC261D3B3}.Release|x86.Build.0 = Release|Any CPU
		{72D0799F-D8A7-4A9B-9EF0-8739CCF762A8}.Debug|Any CPU.ActiveCfg = Debug|Any CPU
		{72D0799F-D8A7-4A9B-9EF0-8739CCF762A8}.Debug|Any CPU.Build.0 = Debug|Any CPU
		{72D0799F-D8A7-4A9B-9EF0-8739CCF762A8}.Debug|x64.ActiveCfg = Debug|Any CPU
		{72D0799F-D8A7-4A9B-9EF0-8739CCF762A8}.Debug|x64.Build.0 = Debug|Any CPU
		{72D0799F-D8A7-4A9B-9EF0-8739CCF762A8}.Debug|x86.ActiveCfg = Debug|Any CPU
		{72D0799F-D8A7-4A9B-9EF0-8739CCF762A8}.Debug|x86.Build.0 = Debug|Any CPU
		{72D0799F-D8A7-4A9B-9EF0-8739CCF762A8}.Release|Any CPU.ActiveCfg = Release|Any CPU
		{72D0799F-D8A7-4A9B-9EF0-8739CCF762A8}.Release|Any CPU.Build.0 = Release|Any CPU
		{72D0799F-D8A7-4A9B-9EF0-8739CCF762A8}.Release|x64.ActiveCfg = Release|Any CPU
		{72D0799F-D8A7-4A9B-9EF0-8739CCF762A8}.Release|x64.Build.0 = Release|Any CPU
		{72D0799F-D8A7-4A9B-9EF0-8739CCF762A8}.Release|x86.ActiveCfg = Release|Any CPU
		{72D0799F-D8A7-4A9B-9EF0-8739CCF762A8}.Release|x86.Build.0 = Release|Any CPU
		{3D21BF30-A9C3-4084-BFE3-F8C2B1455DF1}.Debug|Any CPU.ActiveCfg = Debug|Any CPU
		{3D21BF30-A9C3-4084-BFE3-F8C2B1455DF1}.Debug|Any CPU.Build.0 = Debug|Any CPU
		{3D21BF30-A9C3-4084-BFE3-F8C2B1455DF1}.Debug|x64.ActiveCfg = Debug|Any CPU
		{3D21BF30-A9C3-4084-BFE3-F8C2B1455DF1}.Debug|x64.Build.0 = Debug|Any CPU
		{3D21BF30-A9C3-4084-BFE3-F8C2B1455DF1}.Debug|x86.ActiveCfg = Debug|Any CPU
		{3D21BF30-A9C3-4084-BFE3-F8C2B1455DF1}.Debug|x86.Build.0 = Debug|Any CPU
		{3D21BF30-A9C3-4084-BFE3-F8C2B1455DF1}.Release|Any CPU.ActiveCfg = Release|Any CPU
		{3D21BF30-A9C3-4084-BFE3-F8C2B1455DF1}.Release|Any CPU.Build.0 = Release|Any CPU
		{3D21BF30-A9C3-4084-BFE3-F8C2B1455DF1}.Release|x64.ActiveCfg = Release|Any CPU
		{3D21BF30-A9C3-4084-BFE3-F8C2B1455DF1}.Release|x64.Build.0 = Release|Any CPU
		{3D21BF30-A9C3-4084-BFE3-F8C2B1455DF1}.Release|x86.ActiveCfg = Release|Any CPU
		{3D21BF30-A9C3-4084-BFE3-F8C2B1455DF1}.Release|x86.Build.0 = Release|Any CPU
		{4A36B2DA-70E0-4785-AF6F-71B6B30344E4}.Debug|Any CPU.ActiveCfg = Debug|Any CPU
		{4A36B2DA-70E0-4785-AF6F-71B6B30344E4}.Debug|Any CPU.Build.0 = Debug|Any CPU
		{4A36B2DA-70E0-4785-AF6F-71B6B30344E4}.Debug|x64.ActiveCfg = Debug|Any CPU
		{4A36B2DA-70E0-4785-AF6F-71B6B30344E4}.Debug|x64.Build.0 = Debug|Any CPU
		{4A36B2DA-70E0-4785-AF6F-71B6B30344E4}.Debug|x86.ActiveCfg = Debug|Any CPU
		{4A36B2DA-70E0-4785-AF6F-71B6B30344E4}.Debug|x86.Build.0 = Debug|Any CPU
		{4A36B2DA-70E0-4785-AF6F-71B6B30344E4}.Release|Any CPU.ActiveCfg = Release|Any CPU
		{4A36B2DA-70E0-4785-AF6F-71B6B30344E4}.Release|Any CPU.Build.0 = Release|Any CPU
		{4A36B2DA-70E0-4785-AF6F-71B6B30344E4}.Release|x64.ActiveCfg = Release|Any CPU
		{4A36B2DA-70E0-4785-AF6F-71B6B30344E4}.Release|x64.Build.0 = Release|Any CPU
		{4A36B2DA-70E0-4785-AF6F-71B6B30344E4}.Release|x86.ActiveCfg = Release|Any CPU
		{4A36B2DA-70E0-4785-AF6F-71B6B30344E4}.Release|x86.Build.0 = Release|Any CPU
		{376A0253-F371-4330-A415-3A4C1CD50408}.Debug|Any CPU.ActiveCfg = Debug|Any CPU
		{376A0253-F371-4330-A415-3A4C1CD50408}.Debug|Any CPU.Build.0 = Debug|Any CPU
		{376A0253-F371-4330-A415-3A4C1CD50408}.Debug|x64.ActiveCfg = Debug|Any CPU
		{376A0253-F371-4330-A415-3A4C1CD50408}.Debug|x64.Build.0 = Debug|Any CPU
		{376A0253-F371-4330-A415-3A4C1CD50408}.Debug|x86.ActiveCfg = Debug|Any CPU
		{376A0253-F371-4330-A415-3A4C1CD50408}.Debug|x86.Build.0 = Debug|Any CPU
		{376A0253-F371-4330-A415-3A4C1CD50408}.Release|Any CPU.ActiveCfg = Release|Any CPU
		{376A0253-F371-4330-A415-3A4C1CD50408}.Release|Any CPU.Build.0 = Release|Any CPU
		{376A0253-F371-4330-A415-3A4C1CD50408}.Release|x64.ActiveCfg = Release|Any CPU
		{376A0253-F371-4330-A415-3A4C1CD50408}.Release|x64.Build.0 = Release|Any CPU
		{376A0253-F371-4330-A415-3A4C1CD50408}.Release|x86.ActiveCfg = Release|Any CPU
		{376A0253-F371-4330-A415-3A4C1CD50408}.Release|x86.Build.0 = Release|Any CPU
		{5A05592F-5B35-4092-B047-882479CE18E2}.Debug|Any CPU.ActiveCfg = Debug|Any CPU
		{5A05592F-5B35-4092-B047-882479CE18E2}.Debug|Any CPU.Build.0 = Debug|Any CPU
		{5A05592F-5B35-4092-B047-882479CE18E2}.Debug|x64.ActiveCfg = Debug|Any CPU
		{5A05592F-5B35-4092-B047-882479CE18E2}.Debug|x64.Build.0 = Debug|Any CPU
		{5A05592F-5B35-4092-B047-882479CE18E2}.Debug|x86.ActiveCfg = Debug|Any CPU
		{5A05592F-5B35-4092-B047-882479CE18E2}.Debug|x86.Build.0 = Debug|Any CPU
		{5A05592F-5B35-4092-B047-882479CE18E2}.Release|Any CPU.ActiveCfg = Release|Any CPU
		{5A05592F-5B35-4092-B047-882479CE18E2}.Release|Any CPU.Build.0 = Release|Any CPU
		{5A05592F-5B35-4092-B047-882479CE18E2}.Release|x64.ActiveCfg = Release|Any CPU
		{5A05592F-5B35-4092-B047-882479CE18E2}.Release|x64.Build.0 = Release|Any CPU
		{5A05592F-5B35-4092-B047-882479CE18E2}.Release|x86.ActiveCfg = Release|Any CPU
		{5A05592F-5B35-4092-B047-882479CE18E2}.Release|x86.Build.0 = Release|Any CPU
		{C7AC64CC-1203-4C78-BD94-CCD18D064286}.Debug|Any CPU.ActiveCfg = Debug|Any CPU
		{C7AC64CC-1203-4C78-BD94-CCD18D064286}.Debug|Any CPU.Build.0 = Debug|Any CPU
		{C7AC64CC-1203-4C78-BD94-CCD18D064286}.Debug|x64.ActiveCfg = Debug|Any CPU
		{C7AC64CC-1203-4C78-BD94-CCD18D064286}.Debug|x64.Build.0 = Debug|Any CPU
		{C7AC64CC-1203-4C78-BD94-CCD18D064286}.Debug|x86.ActiveCfg = Debug|Any CPU
		{C7AC64CC-1203-4C78-BD94-CCD18D064286}.Debug|x86.Build.0 = Debug|Any CPU
		{C7AC64CC-1203-4C78-BD94-CCD18D064286}.Release|Any CPU.ActiveCfg = Release|Any CPU
		{C7AC64CC-1203-4C78-BD94-CCD18D064286}.Release|Any CPU.Build.0 = Release|Any CPU
		{C7AC64CC-1203-4C78-BD94-CCD18D064286}.Release|x64.ActiveCfg = Release|Any CPU
		{C7AC64CC-1203-4C78-BD94-CCD18D064286}.Release|x64.Build.0 = Release|Any CPU
		{C7AC64CC-1203-4C78-BD94-CCD18D064286}.Release|x86.ActiveCfg = Release|Any CPU
		{C7AC64CC-1203-4C78-BD94-CCD18D064286}.Release|x86.Build.0 = Release|Any CPU
		{6A489FF2-06A8-4497-9CDB-72DEB3284065}.Debug|Any CPU.ActiveCfg = Debug|Any CPU
		{6A489FF2-06A8-4497-9CDB-72DEB3284065}.Debug|Any CPU.Build.0 = Debug|Any CPU
		{6A489FF2-06A8-4497-9CDB-72DEB3284065}.Debug|x64.ActiveCfg = Debug|Any CPU
		{6A489FF2-06A8-4497-9CDB-72DEB3284065}.Debug|x64.Build.0 = Debug|Any CPU
		{6A489FF2-06A8-4497-9CDB-72DEB3284065}.Debug|x86.ActiveCfg = Debug|Any CPU
		{6A489FF2-06A8-4497-9CDB-72DEB3284065}.Debug|x86.Build.0 = Debug|Any CPU
		{6A489FF2-06A8-4497-9CDB-72DEB3284065}.Release|Any CPU.ActiveCfg = Release|Any CPU
		{6A489FF2-06A8-4497-9CDB-72DEB3284065}.Release|Any CPU.Build.0 = Release|Any CPU
		{6A489FF2-06A8-4497-9CDB-72DEB3284065}.Release|x64.ActiveCfg = Release|Any CPU
		{6A489FF2-06A8-4497-9CDB-72DEB3284065}.Release|x64.Build.0 = Release|Any CPU
		{6A489FF2-06A8-4497-9CDB-72DEB3284065}.Release|x86.ActiveCfg = Release|Any CPU
		{6A489FF2-06A8-4497-9CDB-72DEB3284065}.Release|x86.Build.0 = Release|Any CPU
		{5B295E7E-B9BD-48DE-B818-E82A8F2A1842}.Debug|Any CPU.ActiveCfg = Debug|Any CPU
		{5B295E7E-B9BD-48DE-B818-E82A8F2A1842}.Debug|Any CPU.Build.0 = Debug|Any CPU
		{5B295E7E-B9BD-48DE-B818-E82A8F2A1842}.Debug|x64.ActiveCfg = Debug|Any CPU
		{5B295E7E-B9BD-48DE-B818-E82A8F2A1842}.Debug|x64.Build.0 = Debug|Any CPU
		{5B295E7E-B9BD-48DE-B818-E82A8F2A1842}.Debug|x86.ActiveCfg = Debug|Any CPU
		{5B295E7E-B9BD-48DE-B818-E82A8F2A1842}.Debug|x86.Build.0 = Debug|Any CPU
		{5B295E7E-B9BD-48DE-B818-E82A8F2A1842}.Release|Any CPU.ActiveCfg = Release|Any CPU
		{5B295E7E-B9BD-48DE-B818-E82A8F2A1842}.Release|Any CPU.Build.0 = Release|Any CPU
		{5B295E7E-B9BD-48DE-B818-E82A8F2A1842}.Release|x64.ActiveCfg = Release|Any CPU
		{5B295E7E-B9BD-48DE-B818-E82A8F2A1842}.Release|x64.Build.0 = Release|Any CPU
		{5B295E7E-B9BD-48DE-B818-E82A8F2A1842}.Release|x86.ActiveCfg = Release|Any CPU
		{5B295E7E-B9BD-48DE-B818-E82A8F2A1842}.Release|x86.Build.0 = Release|Any CPU
	EndGlobalSection
	GlobalSection(SolutionProperties) = preSolution
		HideSolutionNode = FALSE
	EndGlobalSection
	GlobalSection(NestedProjects) = preSolution
		{363DF341-F5EF-29BB-E3BF-DCB43F352989} = {1AE8ACA6-933B-BF2A-3671-3E2EAC007D16}
		{552874BC-1278-41C3-A88E-A45340B1763E} = {363DF341-F5EF-29BB-E3BF-DCB43F352989}
		{D2E48C1D-888B-46D5-AAEF-1C9C53E6F0DC} = {363DF341-F5EF-29BB-E3BF-DCB43F352989}
		{5705FFE1-D904-C5D7-4D81-59ED1352653D} = {1AE8ACA6-933B-BF2A-3671-3E2EAC007D16}
		{EC0E2B82-EE12-4CE8-84D0-BE82A6EF99A2} = {5705FFE1-D904-C5D7-4D81-59ED1352653D}
		{F4F077B1-1CC8-437C-97D0-513E32512405} = {5705FFE1-D904-C5D7-4D81-59ED1352653D}
		{56638533-901F-4BD2-98AB-AC54BFEF8595} = {5705FFE1-D904-C5D7-4D81-59ED1352653D}
		{F0B6F3E2-B828-4EBF-AD90-8EDCEC6ECBC7} = {5705FFE1-D904-C5D7-4D81-59ED1352653D}
		{2C8C9199-AB11-4E53-9824-AF3C6685D7F9} = {5705FFE1-D904-C5D7-4D81-59ED1352653D}
		{EDDDC1D1-06D2-429C-93F5-217227E03FDD} = {5705FFE1-D904-C5D7-4D81-59ED1352653D}
		{8A317BAA-2AE7-40F8-AECB-5A1E24179000} = {5705FFE1-D904-C5D7-4D81-59ED1352653D}
		{A35567C8-DD9E-471D-BDDC-DB741446789F} = {5705FFE1-D904-C5D7-4D81-59ED1352653D}
		{1100D257-5B90-4FA9-9596-0B9375E8C271} = {5705FFE1-D904-C5D7-4D81-59ED1352653D}
		{5114432F-7BBE-4AC0-98DF-89EC39D292EF} = {5705FFE1-D904-C5D7-4D81-59ED1352653D}
		{D0806B8E-725F-4B7B-92A4-2137045C0355} = {5705FFE1-D904-C5D7-4D81-59ED1352653D}
		{147505B3-69EB-49EC-BD59-A1ADC261D3B3} = {5705FFE1-D904-C5D7-4D81-59ED1352653D}
		{72D0799F-D8A7-4A9B-9EF0-8739CCF762A8} = {5705FFE1-D904-C5D7-4D81-59ED1352653D}
		{3D21BF30-A9C3-4084-BFE3-F8C2B1455DF1} = {5705FFE1-D904-C5D7-4D81-59ED1352653D}
		{4A36B2DA-70E0-4785-AF6F-71B6B30344E4} = {5705FFE1-D904-C5D7-4D81-59ED1352653D}
		{376A0253-F371-4330-A415-3A4C1CD50408} = {5705FFE1-D904-C5D7-4D81-59ED1352653D}
		{5A05592F-5B35-4092-B047-882479CE18E2} = {5705FFE1-D904-C5D7-4D81-59ED1352653D}
		{C7AC64CC-1203-4C78-BD94-CCD18D064286} = {5705FFE1-D904-C5D7-4D81-59ED1352653D}
		{6A489FF2-06A8-4497-9CDB-72DEB3284065} = {5705FFE1-D904-C5D7-4D81-59ED1352653D}
		{5B295E7E-B9BD-48DE-B818-E82A8F2A1842} = {5705FFE1-D904-C5D7-4D81-59ED1352653D}
	EndGlobalSection
EndGlobal
